// !$*UTF8*$!
{
	archiveVersion = 1;
	classes = {
	};
	objectVersion = 46;
	objects = {

/* Begin PBXBuildFile section */
		0A011C1E1C3BB5B500DA6780 /* OTLostCodeViewController.m in Sources */ = {isa = PBXBuildFile; fileRef = 0A011C1D1C3BB5B400DA6780 /* OTLostCodeViewController.m */; };
		0A213C491BA0306300202D7B /* OTGuideViewController.m in Sources */ = {isa = PBXBuildFile; fileRef = 0A213C481BA0306300202D7B /* OTGuideViewController.m */; };
		0A35F2B81BFA3AC2002301C3 /* OTConfirmationViewController.m in Sources */ = {isa = PBXBuildFile; fileRef = 0A35F2B71BFA3AC2002301C3 /* OTConfirmationViewController.m */; };
		0A4769351BFB9F07006EA73A /* OTUserViewController.m in Sources */ = {isa = PBXBuildFile; fileRef = 0A4769341BFB9F07006EA73A /* OTUserViewController.m */; };
		0A4769381BFCC4EB006EA73A /* OTOrganization.m in Sources */ = {isa = PBXBuildFile; fileRef = 0A4769371BFCC4EB006EA73A /* OTOrganization.m */; };
		0A4D160A1C21B3AB0066394C /* OTMessageViewController.m in Sources */ = {isa = PBXBuildFile; fileRef = 0A4D16091C21B3AB0066394C /* OTMessageViewController.m */; };
		0A70FA181BFDD69C0080E8EC /* OTToursTableViewController.m in Sources */ = {isa = PBXBuildFile; fileRef = 0A70FA171BFDD69C0080E8EC /* OTToursTableViewController.m */; };
		0A70FA321BFF32AD0080E8EC /* OTTourViewController.m in Sources */ = {isa = PBXBuildFile; fileRef = 0A70FA311BFF32AD0080E8EC /* OTTourViewController.m */; };
		0A94B5001B8CC66100402AF3 /* OTTour.m in Sources */ = {isa = PBXBuildFile; fileRef = 0A94B4FF1B8CC66100402AF3 /* OTTour.m */; };
		0A94B53E1B8F194700402AF3 /* OTTourPoint.m in Sources */ = {isa = PBXBuildFile; fileRef = 0A94B53D1B8F194700402AF3 /* OTTourPoint.m */; };
		0A94B5B61B94811A00402AF3 /* OTTourService.m in Sources */ = {isa = PBXBuildFile; fileRef = 0A94B5B51B94811A00402AF3 /* OTTourService.m */; };
		0A9FEBC21C22B8A0009943D2 /* SpeechKit.framework in Frameworks */ = {isa = PBXBuildFile; fileRef = 0A9FEBC11C22B8A0009943D2 /* SpeechKit.framework */; };
		0AA4C04C1C119B8000DBBE11 /* AVFoundation.framework in Frameworks */ = {isa = PBXBuildFile; fileRef = 0AA4C04B1C119B8000DBBE11 /* AVFoundation.framework */; };
		0AA4C04E1C119B8E00DBBE11 /* AudioToolbox.framework in Frameworks */ = {isa = PBXBuildFile; fileRef = 0AA4C04D1C119B8E00DBBE11 /* AudioToolbox.framework */; };
		0AA4C0741C17283800DBBE11 /* OTAskMoreViewController.m in Sources */ = {isa = PBXBuildFile; fileRef = 0AA4C0731C17283800DBBE11 /* OTAskMoreViewController.m */; };
		0ABD5F8D1B9EFF960069750D /* OTEncounterService.m in Sources */ = {isa = PBXBuildFile; fileRef = 0ABD5F8C1B9EFF960069750D /* OTEncounterService.m */; };
		0AE855CB1C3D05A0001176B9 /* OTTutorialViewController.m in Sources */ = {isa = PBXBuildFile; fileRef = 0AE855CA1C3D05A0001176B9 /* OTTutorialViewController.m */; };
		191FE91619E9285800C56BCA /* InfoPlist.strings in Resources */ = {isa = PBXBuildFile; fileRef = 6B92CAAA19A7461C004E8C9B /* InfoPlist.strings */; };
		191FE92419E943D900C56BCA /* OTAuthService.m in Sources */ = {isa = PBXBuildFile; fileRef = 1D962C7019E9277D00547687 /* OTAuthService.m */; };
		191FE92819E945F200C56BCA /* OTEncounter.m in Sources */ = {isa = PBXBuildFile; fileRef = 191FE92719E945F200C56BCA /* OTEncounter.m */; };
		19BA509519E9587800342A36 /* OTEncounterAnnotation.m in Sources */ = {isa = PBXBuildFile; fileRef = 19BA509419E9587800342A36 /* OTEncounterAnnotation.m */; };
		1D3BD36C19E964FC001687F9 /* OTMeetingCalloutViewController.m in Sources */ = {isa = PBXBuildFile; fileRef = 1D3BD36B19E964FC001687F9 /* OTMeetingCalloutViewController.m */; };
		1D55D8D419E84E9B006A2184 /* OTUser.m in Sources */ = {isa = PBXBuildFile; fileRef = 1D55D8D319E84E9B006A2184 /* OTUser.m */; };
		1D55D8D819E8514E006A2184 /* NSDictionary+Parsing.m in Sources */ = {isa = PBXBuildFile; fileRef = 1D55D8D719E8514E006A2184 /* NSDictionary+Parsing.m */; };
		1D55D8D919E8514E006A2184 /* NSDictionary+Parsing.m in Sources */ = {isa = PBXBuildFile; fileRef = 1D55D8D719E8514E006A2184 /* NSDictionary+Parsing.m */; };
		1DA682E819E80BE7007BD4BC /* NSUserDefaults+OT.m in Sources */ = {isa = PBXBuildFile; fileRef = 1DA682E719E80BE7007BD4BC /* NSUserDefaults+OT.m */; };
		1DA682EC19E81483007BD4BC /* NSString+Validators.m in Sources */ = {isa = PBXBuildFile; fileRef = 1DA682EB19E81483007BD4BC /* NSString+Validators.m */; };
		1DA682F119E823C3007BD4BC /* OTSWRevealViewController.m in Sources */ = {isa = PBXBuildFile; fileRef = 1DA682F019E823C3007BD4BC /* OTSWRevealViewController.m */; };
		1DF661DB19E98AAD00045310 /* OTCreateMeetingViewController.m in Sources */ = {isa = PBXBuildFile; fileRef = 1DF661DA19E98AAD00045310 /* OTCreateMeetingViewController.m */; };
		3CE57D120A12410790CC58F0 /* libPods-entourage.a in Frameworks */ = {isa = PBXBuildFile; fileRef = 7B26FE3EE0C7470099733881 /* libPods-entourage.a */; };
		4508AE311C7F924B00EDAC1B /* OTTourOptionsViewController.m in Sources */ = {isa = PBXBuildFile; fileRef = 4508AE301C7F924B00EDAC1B /* OTTourOptionsViewController.m */; };
		452FA6301C6A50BF00D5D56D /* UIStoryboard+entourage.m in Sources */ = {isa = PBXBuildFile; fileRef = 452FA62F1C6A50BF00D5D56D /* UIStoryboard+entourage.m */; };
		452FA6331C6BCE8500D5D56D /* OTRightsViewController.m in Sources */ = {isa = PBXBuildFile; fileRef = 452FA6321C6BCE8500D5D56D /* OTRightsViewController.m */; };
		454C8F4D1C4D20EA001362B2 /* UIColor+entourage.m in Sources */ = {isa = PBXBuildFile; fileRef = 454C8F4C1C4D20EA001362B2 /* UIColor+entourage.m */; };
		454C8F501C4F4C45001362B2 /* UITextField+indentation.m in Sources */ = {isa = PBXBuildFile; fileRef = 454C8F4F1C4F4C45001362B2 /* UITextField+indentation.m */; };
		454C8F531C500FE2001362B2 /* OTStartupViewController.m in Sources */ = {isa = PBXBuildFile; fileRef = 454C8F521C500FE2001362B2 /* OTStartupViewController.m */; };
		454C8F581C501B31001362B2 /* UIView+entourage.m in Sources */ = {isa = PBXBuildFile; fileRef = 454C8F571C501B31001362B2 /* UIView+entourage.m */; };
		454C8F5B1C510304001362B2 /* UINavigationController+entourage.m in Sources */ = {isa = PBXBuildFile; fileRef = 454C8F5A1C510304001362B2 /* UINavigationController+entourage.m */; };
		455940551C5D2E220099A8EE /* OTJSONResponseSerializer.m in Sources */ = {isa = PBXBuildFile; fileRef = 455940541C5D2E220099A8EE /* OTJSONResponseSerializer.m */; };
		4559405E1C5F6D480099A8EE /* OTRequestOperationManager.m in Sources */ = {isa = PBXBuildFile; fileRef = 4559405D1C5F6D480099A8EE /* OTRequestOperationManager.m */; };
		45B3F8F61C74F40B00DCF2EC /* OTTourAuthor.m in Sources */ = {isa = PBXBuildFile; fileRef = 45B3F8F51C74F40A00DCF2EC /* OTTourAuthor.m */; };
		45CE5A561C5241AA00F68C24 /* Blokletters-Balpen.ttf in Resources */ = {isa = PBXBuildFile; fileRef = 45CE5A481C5241AA00F68C24 /* Blokletters-Balpen.ttf */; };
		45CE5A571C5241AA00F68C24 /* Calibri-Bold-Italic.ttf in Resources */ = {isa = PBXBuildFile; fileRef = 45CE5A491C5241AA00F68C24 /* Calibri-Bold-Italic.ttf */; };
		45CE5A581C5241AA00F68C24 /* Calibri-Bold.ttf in Resources */ = {isa = PBXBuildFile; fileRef = 45CE5A4A1C5241AA00F68C24 /* Calibri-Bold.ttf */; };
		45CE5A591C5241AA00F68C24 /* Calibri-Italic.ttf in Resources */ = {isa = PBXBuildFile; fileRef = 45CE5A4B1C5241AA00F68C24 /* Calibri-Italic.ttf */; };
		45CE5A5A1C5241AA00F68C24 /* Calibri.ttf in Resources */ = {isa = PBXBuildFile; fileRef = 45CE5A4C1C5241AA00F68C24 /* Calibri.ttf */; };
		45CE5A5B1C5241AA00F68C24 /* MankSans-Medium.ttf in Resources */ = {isa = PBXBuildFile; fileRef = 45CE5A4D1C5241AA00F68C24 /* MankSans-Medium.ttf */; };
		45CE5A5C1C5241AA00F68C24 /* MankSans-MediumOblique.ttf in Resources */ = {isa = PBXBuildFile; fileRef = 45CE5A4E1C5241AA00F68C24 /* MankSans-MediumOblique.ttf */; };
		45CE5A5D1C5241AA00F68C24 /* MankSans-Oblique.ttf in Resources */ = {isa = PBXBuildFile; fileRef = 45CE5A4F1C5241AA00F68C24 /* MankSans-Oblique.ttf */; };
		45CE5A5E1C5241AA00F68C24 /* MankSans.ttf in Resources */ = {isa = PBXBuildFile; fileRef = 45CE5A501C5241AA00F68C24 /* MankSans.ttf */; };
		45CE5A5F1C5241AA00F68C24 /* Sofia-Regular.otf in Resources */ = {isa = PBXBuildFile; fileRef = 45CE5A511C5241AA00F68C24 /* Sofia-Regular.otf */; };
		45CE5A601C5241AA00F68C24 /* Localizable.strings in Resources */ = {isa = PBXBuildFile; fileRef = 45CE5A531C5241AA00F68C24 /* Localizable.strings */; };
		45CE5A611C5241AA00F68C24 /* Images.xcassets in Resources */ = {isa = PBXBuildFile; fileRef = 45CE5A551C5241AA00F68C24 /* Images.xcassets */; };
		45CE5A661C5242FC00F68C24 /* Main.storyboard in Resources */ = {isa = PBXBuildFile; fileRef = 45CE5A631C5242FC00F68C24 /* Main.storyboard */; };
		45CE5A671C5242FC00F68C24 /* Launch Screen.storyboard in Resources */ = {isa = PBXBuildFile; fileRef = 45CE5A651C5242FC00F68C24 /* Launch Screen.storyboard */; };
		45CE5A721C56961500F68C24 /* Intro.storyboard in Resources */ = {isa = PBXBuildFile; fileRef = 45CE5A711C56961500F68C24 /* Intro.storyboard */; };
		45E267821C860239004D14EB /* OTTourJoinRequestViewController.m in Sources */ = {isa = PBXBuildFile; fileRef = 45E267811C860239004D14EB /* OTTourJoinRequestViewController.m */; };
		45E6BFCF1C8F46BE00DAC7F6 /* OTTourDetailsOptionsViewController.m in Sources */ = {isa = PBXBuildFile; fileRef = 45E6BFCE1C8F46BE00DAC7F6 /* OTTourDetailsOptionsViewController.m */; };
		45F443391C9080E900DDEBE1 /* OTTourJoiner.m in Sources */ = {isa = PBXBuildFile; fileRef = 45F443381C9080E900DDEBE1 /* OTTourJoiner.m */; };
		5C822C5BF4546B8E89D80939 /* libPods-entourageTests.a in Frameworks */ = {isa = PBXBuildFile; fileRef = 2E118F5FD1F403E5EE48B2C6 /* libPods-entourageTests.a */; };
		6B1A847119E811210020FB93 /* OTPoiService.m in Sources */ = {isa = PBXBuildFile; fileRef = 6B1A847019E811210020FB93 /* OTPoiService.m */; };
		6B1A847419E814460020FB93 /* NSDictionary+Parsing.m in Sources */ = {isa = PBXBuildFile; fileRef = 6B1A847319E814460020FB93 /* NSDictionary+Parsing.m */; };
		6B1A847919E822150020FB93 /* pois_categories_mock.json in Resources */ = {isa = PBXBuildFile; fileRef = 6B1A847819E822150020FB93 /* pois_categories_mock.json */; };
		6B4930BE19A769EB00DA7EE0 /* MapKit.framework in Frameworks */ = {isa = PBXBuildFile; fileRef = 6B4930BD19A769EB00DA7EE0 /* MapKit.framework */; };
		6B4930CD19A773C500DA7EE0 /* OTMapViewController.m in Sources */ = {isa = PBXBuildFile; fileRef = 6B4930C919A773C500DA7EE0 /* OTMapViewController.m */; };
		6B4930CE19A773C500DA7EE0 /* OTAppDelegate.m in Sources */ = {isa = PBXBuildFile; fileRef = 6B4930CB19A773C500DA7EE0 /* OTAppDelegate.m */; };
		6B4930DB19A779F200DA7EE0 /* poi_mock.json in Resources */ = {isa = PBXBuildFile; fileRef = 6B4930DA19A779F200DA7EE0 /* poi_mock.json */; };
		6B4930DF19A77C2F00DA7EE0 /* OTHTTPRequestManager.m in Sources */ = {isa = PBXBuildFile; fileRef = 6B4930DE19A77C2F00DA7EE0 /* OTHTTPRequestManager.m */; };
		6B4930E319A77E1D00DA7EE0 /* OTPoi.m in Sources */ = {isa = PBXBuildFile; fileRef = 6B4930E219A77E1D00DA7EE0 /* OTPoi.m */; };
		6B89EF9F19E7E8B6008F2600 /* poi_category_mock.json in Resources */ = {isa = PBXBuildFile; fileRef = 6B89EF9E19E7E8B6008F2600 /* poi_category_mock.json */; };
		6B92CAA219A7461C004E8C9B /* Foundation.framework in Frameworks */ = {isa = PBXBuildFile; fileRef = 6B92CAA119A7461C004E8C9B /* Foundation.framework */; };
		6B92CAA419A7461C004E8C9B /* CoreGraphics.framework in Frameworks */ = {isa = PBXBuildFile; fileRef = 6B92CAA319A7461C004E8C9B /* CoreGraphics.framework */; };
		6B92CAA619A7461C004E8C9B /* UIKit.framework in Frameworks */ = {isa = PBXBuildFile; fileRef = 6B92CAA519A7461C004E8C9B /* UIKit.framework */; };
		6B92CAAE19A7461C004E8C9B /* main.m in Sources */ = {isa = PBXBuildFile; fileRef = 6B92CAAD19A7461C004E8C9B /* main.m */; };
		6B92CAC119A7461C004E8C9B /* XCTest.framework in Frameworks */ = {isa = PBXBuildFile; fileRef = 6B92CAC019A7461C004E8C9B /* XCTest.framework */; };
		6B92CAC219A7461C004E8C9B /* Foundation.framework in Frameworks */ = {isa = PBXBuildFile; fileRef = 6B92CAA119A7461C004E8C9B /* Foundation.framework */; };
		6B92CAC319A7461C004E8C9B /* UIKit.framework in Frameworks */ = {isa = PBXBuildFile; fileRef = 6B92CAA519A7461C004E8C9B /* UIKit.framework */; };
		6B92CACB19A7461C004E8C9B /* InfoPlist.strings in Resources */ = {isa = PBXBuildFile; fileRef = 6B92CAC919A7461C004E8C9B /* InfoPlist.strings */; };
		6BFE639419E7E85400C661AB /* OTPoiCategory.m in Sources */ = {isa = PBXBuildFile; fileRef = 6BFE639319E7E85400C661AB /* OTPoiCategory.m */; };
		A809BAA519E97E2400A45AC9 /* libFlurry_5.4.0.a in Frameworks */ = {isa = PBXBuildFile; fileRef = A809BAA419E97E2400A45AC9 /* libFlurry_5.4.0.a */; };
		A809BAA719E9802400A45AC9 /* SystemConfiguration.framework in Frameworks */ = {isa = PBXBuildFile; fileRef = A809BAA619E9802400A45AC9 /* SystemConfiguration.framework */; };
		A809BAA919E9803700A45AC9 /* Security.framework in Frameworks */ = {isa = PBXBuildFile; fileRef = A809BAA819E9803700A45AC9 /* Security.framework */; };
		A87D6AF319E84683007ACA29 /* OTCustomAnnotation.m in Sources */ = {isa = PBXBuildFile; fileRef = A8E10FAD19E82A4800DF4A01 /* OTCustomAnnotation.m */; };
		A87D6AF619E8740E007ACA29 /* OTCalloutViewController.m in Sources */ = {isa = PBXBuildFile; fileRef = A87D6AF519E8740E007ACA29 /* OTCalloutViewController.m */; };
		A8B3825819E9466700CF7184 /* OTLoginViewController.m in Sources */ = {isa = PBXBuildFile; fileRef = 1DA682C819E7D097007BD4BC /* OTLoginViewController.m */; };
		DBBE8ACE19E857A800FA218E /* OTMenuItem.m in Sources */ = {isa = PBXBuildFile; fileRef = DBBE8ACD19E857A800FA218E /* OTMenuItem.m */; };
		DBBE8AD219E8580200FA218E /* OTMenuTableViewCell.m in Sources */ = {isa = PBXBuildFile; fileRef = DBBE8AD119E8580200FA218E /* OTMenuTableViewCell.m */; };
		DBBE8AD619E85EA400FA218E /* OTMyMeetingsViewController.m in Sources */ = {isa = PBXBuildFile; fileRef = DBBE8AD519E85EA400FA218E /* OTMyMeetingsViewController.m */; };
		DBE9EF2C19E7D73300031144 /* OTMenuViewController.m in Sources */ = {isa = PBXBuildFile; fileRef = DBE9EF2B19E7D73300031144 /* OTMenuViewController.m */; };
		DBE9EF3719E7DCCA00031144 /* UIViewController+menu.m in Sources */ = {isa = PBXBuildFile; fileRef = DBE9EF3619E7DCCA00031144 /* UIViewController+menu.m */; };
		DBE9EF5119E7EFA200031144 /* UIFont+entourage.m in Sources */ = {isa = PBXBuildFile; fileRef = DBE9EF5019E7EFA200031144 /* UIFont+entourage.m */; };
/* End PBXBuildFile section */

/* Begin PBXContainerItemProxy section */
		6B92CAC419A7461C004E8C9B /* PBXContainerItemProxy */ = {
			isa = PBXContainerItemProxy;
			containerPortal = 6B92CA9619A7461C004E8C9B /* Project object */;
			proxyType = 1;
			remoteGlobalIDString = 6B92CA9D19A7461C004E8C9B;
			remoteInfo = entourage;
		};
/* End PBXContainerItemProxy section */

/* Begin PBXFileReference section */
		0A011C1C1C3BB5B400DA6780 /* OTLostCodeViewController.h */ = {isa = PBXFileReference; fileEncoding = 4; lastKnownFileType = sourcecode.c.h; path = OTLostCodeViewController.h; sourceTree = "<group>"; };
		0A011C1D1C3BB5B400DA6780 /* OTLostCodeViewController.m */ = {isa = PBXFileReference; fileEncoding = 4; lastKnownFileType = sourcecode.c.objc; path = OTLostCodeViewController.m; sourceTree = "<group>"; };
		0A213C471BA0306300202D7B /* OTGuideViewController.h */ = {isa = PBXFileReference; fileEncoding = 4; lastKnownFileType = sourcecode.c.h; path = OTGuideViewController.h; sourceTree = "<group>"; };
		0A213C481BA0306300202D7B /* OTGuideViewController.m */ = {isa = PBXFileReference; fileEncoding = 4; lastKnownFileType = sourcecode.c.objc; path = OTGuideViewController.m; sourceTree = "<group>"; };
		0A35F2B61BFA3AC2002301C3 /* OTConfirmationViewController.h */ = {isa = PBXFileReference; fileEncoding = 4; lastKnownFileType = sourcecode.c.h; path = OTConfirmationViewController.h; sourceTree = "<group>"; };
		0A35F2B71BFA3AC2002301C3 /* OTConfirmationViewController.m */ = {isa = PBXFileReference; fileEncoding = 4; lastKnownFileType = sourcecode.c.objc; path = OTConfirmationViewController.m; sourceTree = "<group>"; };
		0A4769331BFB9F07006EA73A /* OTUserViewController.h */ = {isa = PBXFileReference; fileEncoding = 4; lastKnownFileType = sourcecode.c.h; path = OTUserViewController.h; sourceTree = "<group>"; };
		0A4769341BFB9F07006EA73A /* OTUserViewController.m */ = {isa = PBXFileReference; fileEncoding = 4; lastKnownFileType = sourcecode.c.objc; path = OTUserViewController.m; sourceTree = "<group>"; };
		0A4769361BFCC4B5006EA73A /* OTOrganization.h */ = {isa = PBXFileReference; fileEncoding = 4; lastKnownFileType = sourcecode.c.h; path = OTOrganization.h; sourceTree = "<group>"; };
		0A4769371BFCC4EB006EA73A /* OTOrganization.m */ = {isa = PBXFileReference; fileEncoding = 4; lastKnownFileType = sourcecode.c.objc; path = OTOrganization.m; sourceTree = "<group>"; };
		0A4D16081C21B3AB0066394C /* OTMessageViewController.h */ = {isa = PBXFileReference; fileEncoding = 4; lastKnownFileType = sourcecode.c.h; path = OTMessageViewController.h; sourceTree = "<group>"; };
		0A4D16091C21B3AB0066394C /* OTMessageViewController.m */ = {isa = PBXFileReference; fileEncoding = 4; lastKnownFileType = sourcecode.c.objc; path = OTMessageViewController.m; sourceTree = "<group>"; };
		0A70FA161BFDD69C0080E8EC /* OTToursTableViewController.h */ = {isa = PBXFileReference; fileEncoding = 4; lastKnownFileType = sourcecode.c.h; path = OTToursTableViewController.h; sourceTree = "<group>"; };
		0A70FA171BFDD69C0080E8EC /* OTToursTableViewController.m */ = {isa = PBXFileReference; fileEncoding = 4; lastKnownFileType = sourcecode.c.objc; path = OTToursTableViewController.m; sourceTree = "<group>"; };
		0A70FA301BFF32AD0080E8EC /* OTTourViewController.h */ = {isa = PBXFileReference; fileEncoding = 4; lastKnownFileType = sourcecode.c.h; path = OTTourViewController.h; sourceTree = "<group>"; };
		0A70FA311BFF32AD0080E8EC /* OTTourViewController.m */ = {isa = PBXFileReference; fileEncoding = 4; lastKnownFileType = sourcecode.c.objc; path = OTTourViewController.m; sourceTree = "<group>"; };
		0A94B4FE1B8CC64300402AF3 /* OTTour.h */ = {isa = PBXFileReference; fileEncoding = 4; lastKnownFileType = sourcecode.c.h; path = OTTour.h; sourceTree = "<group>"; };
		0A94B4FF1B8CC66100402AF3 /* OTTour.m */ = {isa = PBXFileReference; fileEncoding = 4; lastKnownFileType = sourcecode.c.objc; path = OTTour.m; sourceTree = "<group>"; };
		0A94B53C1B8F185500402AF3 /* OTTourPoint.h */ = {isa = PBXFileReference; fileEncoding = 4; lastKnownFileType = sourcecode.c.h; path = OTTourPoint.h; sourceTree = "<group>"; };
		0A94B53D1B8F194700402AF3 /* OTTourPoint.m */ = {isa = PBXFileReference; fileEncoding = 4; lastKnownFileType = sourcecode.c.objc; path = OTTourPoint.m; sourceTree = "<group>"; };
		0A94B5B41B94810800402AF3 /* OTTourService.h */ = {isa = PBXFileReference; fileEncoding = 4; lastKnownFileType = sourcecode.c.h; path = OTTourService.h; sourceTree = "<group>"; };
		0A94B5B51B94811A00402AF3 /* OTTourService.m */ = {isa = PBXFileReference; fileEncoding = 4; lastKnownFileType = sourcecode.c.objc; path = OTTourService.m; sourceTree = "<group>"; };
		0A9FEBC11C22B8A0009943D2 /* SpeechKit.framework */ = {isa = PBXFileReference; lastKnownFileType = wrapper.framework; path = SpeechKit.framework; sourceTree = "<group>"; };
		0AA4C04B1C119B8000DBBE11 /* AVFoundation.framework */ = {isa = PBXFileReference; lastKnownFileType = wrapper.framework; name = AVFoundation.framework; path = System/Library/Frameworks/AVFoundation.framework; sourceTree = SDKROOT; };
		0AA4C04D1C119B8E00DBBE11 /* AudioToolbox.framework */ = {isa = PBXFileReference; lastKnownFileType = wrapper.framework; name = AudioToolbox.framework; path = System/Library/Frameworks/AudioToolbox.framework; sourceTree = SDKROOT; };
		0AA4C0721C17283800DBBE11 /* OTAskMoreViewController.h */ = {isa = PBXFileReference; fileEncoding = 4; lastKnownFileType = sourcecode.c.h; path = OTAskMoreViewController.h; sourceTree = "<group>"; };
		0AA4C0731C17283800DBBE11 /* OTAskMoreViewController.m */ = {isa = PBXFileReference; fileEncoding = 4; lastKnownFileType = sourcecode.c.objc; path = OTAskMoreViewController.m; sourceTree = "<group>"; };
		0ABD5F8B1B9EFF7E0069750D /* OTEncounterService.h */ = {isa = PBXFileReference; fileEncoding = 4; lastKnownFileType = sourcecode.c.h; path = OTEncounterService.h; sourceTree = "<group>"; };
		0ABD5F8C1B9EFF960069750D /* OTEncounterService.m */ = {isa = PBXFileReference; fileEncoding = 4; lastKnownFileType = sourcecode.c.objc; path = OTEncounterService.m; sourceTree = "<group>"; };
		0AE855C91C3D05A0001176B9 /* OTTutorialViewController.h */ = {isa = PBXFileReference; fileEncoding = 4; lastKnownFileType = sourcecode.c.h; path = OTTutorialViewController.h; sourceTree = "<group>"; };
		0AE855CA1C3D05A0001176B9 /* OTTutorialViewController.m */ = {isa = PBXFileReference; fileEncoding = 4; lastKnownFileType = sourcecode.c.objc; path = OTTutorialViewController.m; sourceTree = "<group>"; };
		191FE92619E945F200C56BCA /* OTEncounter.h */ = {isa = PBXFileReference; fileEncoding = 4; lastKnownFileType = sourcecode.c.h; path = OTEncounter.h; sourceTree = "<group>"; };
		191FE92719E945F200C56BCA /* OTEncounter.m */ = {isa = PBXFileReference; fileEncoding = 4; lastKnownFileType = sourcecode.c.objc; path = OTEncounter.m; sourceTree = "<group>"; };
		19BA509319E9587800342A36 /* OTEncounterAnnotation.h */ = {isa = PBXFileReference; fileEncoding = 4; lastKnownFileType = sourcecode.c.h; path = OTEncounterAnnotation.h; sourceTree = "<group>"; };
		19BA509419E9587800342A36 /* OTEncounterAnnotation.m */ = {isa = PBXFileReference; fileEncoding = 4; lastKnownFileType = sourcecode.c.objc; path = OTEncounterAnnotation.m; sourceTree = "<group>"; };
		1D2CC3471A8BBC5400E42AE4 /* OTConsts.h */ = {isa = PBXFileReference; fileEncoding = 4; lastKnownFileType = sourcecode.c.h; path = OTConsts.h; sourceTree = "<group>"; };
		1D3BD36A19E964FC001687F9 /* OTMeetingCalloutViewController.h */ = {isa = PBXFileReference; fileEncoding = 4; lastKnownFileType = sourcecode.c.h; path = OTMeetingCalloutViewController.h; sourceTree = "<group>"; };
		1D3BD36B19E964FC001687F9 /* OTMeetingCalloutViewController.m */ = {isa = PBXFileReference; fileEncoding = 4; lastKnownFileType = sourcecode.c.objc; path = OTMeetingCalloutViewController.m; sourceTree = "<group>"; };
		1D55D8D219E84E9B006A2184 /* OTUser.h */ = {isa = PBXFileReference; fileEncoding = 4; lastKnownFileType = sourcecode.c.h; path = OTUser.h; sourceTree = "<group>"; };
		1D55D8D319E84E9B006A2184 /* OTUser.m */ = {isa = PBXFileReference; fileEncoding = 4; lastKnownFileType = sourcecode.c.objc; path = OTUser.m; sourceTree = "<group>"; };
		1D55D8D619E8514E006A2184 /* NSDictionary+Parsing.h */ = {isa = PBXFileReference; fileEncoding = 4; lastKnownFileType = sourcecode.c.h; name = "NSDictionary+Parsing.h"; path = "Helper/NSDictionary+Parsing.h"; sourceTree = "<group>"; };
		1D55D8D719E8514E006A2184 /* NSDictionary+Parsing.m */ = {isa = PBXFileReference; fileEncoding = 4; lastKnownFileType = sourcecode.c.objc; name = "NSDictionary+Parsing.m"; path = "Helper/NSDictionary+Parsing.m"; sourceTree = "<group>"; };
		1D962C6F19E9277D00547687 /* OTAuthService.h */ = {isa = PBXFileReference; fileEncoding = 4; lastKnownFileType = sourcecode.c.h; path = OTAuthService.h; sourceTree = "<group>"; };
		1D962C7019E9277D00547687 /* OTAuthService.m */ = {isa = PBXFileReference; fileEncoding = 4; lastKnownFileType = sourcecode.c.objc; path = OTAuthService.m; sourceTree = "<group>"; };
		1DA682C719E7D097007BD4BC /* OTLoginViewController.h */ = {isa = PBXFileReference; fileEncoding = 4; lastKnownFileType = sourcecode.c.h; path = OTLoginViewController.h; sourceTree = "<group>"; };
		1DA682C819E7D097007BD4BC /* OTLoginViewController.m */ = {isa = PBXFileReference; fileEncoding = 4; lastKnownFileType = sourcecode.c.objc; path = OTLoginViewController.m; sourceTree = "<group>"; };
		1DA682E619E80BE7007BD4BC /* NSUserDefaults+OT.h */ = {isa = PBXFileReference; fileEncoding = 4; lastKnownFileType = sourcecode.c.h; name = "NSUserDefaults+OT.h"; path = "Helper/NSUserDefaults+OT.h"; sourceTree = "<group>"; };
		1DA682E719E80BE7007BD4BC /* NSUserDefaults+OT.m */ = {isa = PBXFileReference; fileEncoding = 4; lastKnownFileType = sourcecode.c.objc; name = "NSUserDefaults+OT.m"; path = "Helper/NSUserDefaults+OT.m"; sourceTree = "<group>"; };
		1DA682EA19E81483007BD4BC /* NSString+Validators.h */ = {isa = PBXFileReference; fileEncoding = 4; lastKnownFileType = sourcecode.c.h; name = "NSString+Validators.h"; path = "Helper/NSString+Validators.h"; sourceTree = "<group>"; };
		1DA682EB19E81483007BD4BC /* NSString+Validators.m */ = {isa = PBXFileReference; fileEncoding = 4; lastKnownFileType = sourcecode.c.objc; name = "NSString+Validators.m"; path = "Helper/NSString+Validators.m"; sourceTree = "<group>"; };
		1DA682EF19E823C3007BD4BC /* OTSWRevealViewController.h */ = {isa = PBXFileReference; fileEncoding = 4; lastKnownFileType = sourcecode.c.h; path = OTSWRevealViewController.h; sourceTree = "<group>"; };
		1DA682F019E823C3007BD4BC /* OTSWRevealViewController.m */ = {isa = PBXFileReference; fileEncoding = 4; lastKnownFileType = sourcecode.c.objc; path = OTSWRevealViewController.m; sourceTree = "<group>"; };
		1DF661D919E98AAD00045310 /* OTCreateMeetingViewController.h */ = {isa = PBXFileReference; fileEncoding = 4; lastKnownFileType = sourcecode.c.h; path = OTCreateMeetingViewController.h; sourceTree = "<group>"; };
		1DF661DA19E98AAD00045310 /* OTCreateMeetingViewController.m */ = {isa = PBXFileReference; fileEncoding = 4; lastKnownFileType = sourcecode.c.objc; path = OTCreateMeetingViewController.m; sourceTree = "<group>"; };
		2E118F5FD1F403E5EE48B2C6 /* libPods-entourageTests.a */ = {isa = PBXFileReference; explicitFileType = archive.ar; includeInIndex = 0; path = "libPods-entourageTests.a"; sourceTree = BUILT_PRODUCTS_DIR; };
		4508AE2F1C7F924B00EDAC1B /* OTTourOptionsViewController.h */ = {isa = PBXFileReference; fileEncoding = 4; lastKnownFileType = sourcecode.c.h; path = OTTourOptionsViewController.h; sourceTree = "<group>"; };
		4508AE301C7F924B00EDAC1B /* OTTourOptionsViewController.m */ = {isa = PBXFileReference; fileEncoding = 4; lastKnownFileType = sourcecode.c.objc; path = OTTourOptionsViewController.m; sourceTree = "<group>"; };
		452FA62E1C6A50BF00D5D56D /* UIStoryboard+entourage.h */ = {isa = PBXFileReference; fileEncoding = 4; lastKnownFileType = sourcecode.c.h; path = "UIStoryboard+entourage.h"; sourceTree = "<group>"; };
		452FA62F1C6A50BF00D5D56D /* UIStoryboard+entourage.m */ = {isa = PBXFileReference; fileEncoding = 4; lastKnownFileType = sourcecode.c.objc; path = "UIStoryboard+entourage.m"; sourceTree = "<group>"; };
		452FA6311C6BCE8500D5D56D /* OTRightsViewController.h */ = {isa = PBXFileReference; fileEncoding = 4; lastKnownFileType = sourcecode.c.h; path = OTRightsViewController.h; sourceTree = "<group>"; };
		452FA6321C6BCE8500D5D56D /* OTRightsViewController.m */ = {isa = PBXFileReference; fileEncoding = 4; lastKnownFileType = sourcecode.c.objc; path = OTRightsViewController.m; sourceTree = "<group>"; };
		454C8F4B1C4D20EA001362B2 /* UIColor+entourage.h */ = {isa = PBXFileReference; fileEncoding = 4; lastKnownFileType = sourcecode.c.h; path = "UIColor+entourage.h"; sourceTree = "<group>"; };
		454C8F4C1C4D20EA001362B2 /* UIColor+entourage.m */ = {isa = PBXFileReference; fileEncoding = 4; lastKnownFileType = sourcecode.c.objc; path = "UIColor+entourage.m"; sourceTree = "<group>"; };
		454C8F4E1C4F4C45001362B2 /* UITextField+indentation.h */ = {isa = PBXFileReference; fileEncoding = 4; lastKnownFileType = sourcecode.c.h; path = "UITextField+indentation.h"; sourceTree = "<group>"; };
		454C8F4F1C4F4C45001362B2 /* UITextField+indentation.m */ = {isa = PBXFileReference; fileEncoding = 4; lastKnownFileType = sourcecode.c.objc; path = "UITextField+indentation.m"; sourceTree = "<group>"; };
		454C8F511C500FE2001362B2 /* OTStartupViewController.h */ = {isa = PBXFileReference; fileEncoding = 4; lastKnownFileType = sourcecode.c.h; path = OTStartupViewController.h; sourceTree = "<group>"; };
		454C8F521C500FE2001362B2 /* OTStartupViewController.m */ = {isa = PBXFileReference; fileEncoding = 4; lastKnownFileType = sourcecode.c.objc; path = OTStartupViewController.m; sourceTree = "<group>"; };
		454C8F561C501B31001362B2 /* UIView+entourage.h */ = {isa = PBXFileReference; fileEncoding = 4; lastKnownFileType = sourcecode.c.h; path = "UIView+entourage.h"; sourceTree = "<group>"; };
		454C8F571C501B31001362B2 /* UIView+entourage.m */ = {isa = PBXFileReference; fileEncoding = 4; lastKnownFileType = sourcecode.c.objc; path = "UIView+entourage.m"; sourceTree = "<group>"; };
		454C8F591C510304001362B2 /* UINavigationController+entourage.h */ = {isa = PBXFileReference; fileEncoding = 4; lastKnownFileType = sourcecode.c.h; name = "UINavigationController+entourage.h"; path = "Helper/UINavigationController+entourage.h"; sourceTree = "<group>"; };
		454C8F5A1C510304001362B2 /* UINavigationController+entourage.m */ = {isa = PBXFileReference; fileEncoding = 4; lastKnownFileType = sourcecode.c.objc; name = "UINavigationController+entourage.m"; path = "Helper/UINavigationController+entourage.m"; sourceTree = "<group>"; };
		455940531C5D2E220099A8EE /* OTJSONResponseSerializer.h */ = {isa = PBXFileReference; fileEncoding = 4; lastKnownFileType = sourcecode.c.h; path = OTJSONResponseSerializer.h; sourceTree = "<group>"; };
		455940541C5D2E220099A8EE /* OTJSONResponseSerializer.m */ = {isa = PBXFileReference; fileEncoding = 4; lastKnownFileType = sourcecode.c.objc; path = OTJSONResponseSerializer.m; sourceTree = "<group>"; };
		4559405C1C5F6D480099A8EE /* OTRequestOperationManager.h */ = {isa = PBXFileReference; fileEncoding = 4; lastKnownFileType = sourcecode.c.h; path = OTRequestOperationManager.h; sourceTree = "<group>"; };
		4559405D1C5F6D480099A8EE /* OTRequestOperationManager.m */ = {isa = PBXFileReference; fileEncoding = 4; lastKnownFileType = sourcecode.c.objc; path = OTRequestOperationManager.m; sourceTree = "<group>"; };
		45B3F8F41C74F40A00DCF2EC /* OTTourAuthor.h */ = {isa = PBXFileReference; fileEncoding = 4; lastKnownFileType = sourcecode.c.h; path = OTTourAuthor.h; sourceTree = "<group>"; };
		45B3F8F51C74F40A00DCF2EC /* OTTourAuthor.m */ = {isa = PBXFileReference; fileEncoding = 4; lastKnownFileType = sourcecode.c.objc; path = OTTourAuthor.m; sourceTree = "<group>"; };
		45CE5A481C5241AA00F68C24 /* Blokletters-Balpen.ttf */ = {isa = PBXFileReference; lastKnownFileType = file; path = "Blokletters-Balpen.ttf"; sourceTree = "<group>"; };
		45CE5A491C5241AA00F68C24 /* Calibri-Bold-Italic.ttf */ = {isa = PBXFileReference; lastKnownFileType = file; path = "Calibri-Bold-Italic.ttf"; sourceTree = "<group>"; };
		45CE5A4A1C5241AA00F68C24 /* Calibri-Bold.ttf */ = {isa = PBXFileReference; lastKnownFileType = file; path = "Calibri-Bold.ttf"; sourceTree = "<group>"; };
		45CE5A4B1C5241AA00F68C24 /* Calibri-Italic.ttf */ = {isa = PBXFileReference; lastKnownFileType = file; path = "Calibri-Italic.ttf"; sourceTree = "<group>"; };
		45CE5A4C1C5241AA00F68C24 /* Calibri.ttf */ = {isa = PBXFileReference; lastKnownFileType = file; path = Calibri.ttf; sourceTree = "<group>"; };
		45CE5A4D1C5241AA00F68C24 /* MankSans-Medium.ttf */ = {isa = PBXFileReference; lastKnownFileType = file; path = "MankSans-Medium.ttf"; sourceTree = "<group>"; };
		45CE5A4E1C5241AA00F68C24 /* MankSans-MediumOblique.ttf */ = {isa = PBXFileReference; lastKnownFileType = file; path = "MankSans-MediumOblique.ttf"; sourceTree = "<group>"; };
		45CE5A4F1C5241AA00F68C24 /* MankSans-Oblique.ttf */ = {isa = PBXFileReference; lastKnownFileType = file; path = "MankSans-Oblique.ttf"; sourceTree = "<group>"; };
		45CE5A501C5241AA00F68C24 /* MankSans.ttf */ = {isa = PBXFileReference; lastKnownFileType = file; path = MankSans.ttf; sourceTree = "<group>"; };
		45CE5A511C5241AA00F68C24 /* Sofia-Regular.otf */ = {isa = PBXFileReference; lastKnownFileType = file; path = "Sofia-Regular.otf"; sourceTree = "<group>"; };
		45CE5A531C5241AA00F68C24 /* Localizable.strings */ = {isa = PBXFileReference; fileEncoding = 4; lastKnownFileType = text.plist.strings; path = Localizable.strings; sourceTree = "<group>"; };
		45CE5A551C5241AA00F68C24 /* Images.xcassets */ = {isa = PBXFileReference; lastKnownFileType = folder.assetcatalog; path = Images.xcassets; sourceTree = "<group>"; };
		45CE5A641C5242FC00F68C24 /* Base */ = {isa = PBXFileReference; lastKnownFileType = file.storyboard; name = Base; path = Base.lproj/Main.storyboard; sourceTree = "<group>"; };
		45CE5A651C5242FC00F68C24 /* Launch Screen.storyboard */ = {isa = PBXFileReference; fileEncoding = 4; lastKnownFileType = file.storyboard; path = "Launch Screen.storyboard"; sourceTree = "<group>"; };
		45CE5A711C56961500F68C24 /* Intro.storyboard */ = {isa = PBXFileReference; fileEncoding = 4; lastKnownFileType = file.storyboard; path = Intro.storyboard; sourceTree = "<group>"; };
		45E267801C860239004D14EB /* OTTourJoinRequestViewController.h */ = {isa = PBXFileReference; fileEncoding = 4; lastKnownFileType = sourcecode.c.h; path = OTTourJoinRequestViewController.h; sourceTree = "<group>"; };
		45E267811C860239004D14EB /* OTTourJoinRequestViewController.m */ = {isa = PBXFileReference; fileEncoding = 4; lastKnownFileType = sourcecode.c.objc; path = OTTourJoinRequestViewController.m; sourceTree = "<group>"; };
		45E6BFCD1C8F46BE00DAC7F6 /* OTTourDetailsOptionsViewController.h */ = {isa = PBXFileReference; fileEncoding = 4; lastKnownFileType = sourcecode.c.h; path = OTTourDetailsOptionsViewController.h; sourceTree = "<group>"; };
		45E6BFCE1C8F46BE00DAC7F6 /* OTTourDetailsOptionsViewController.m */ = {isa = PBXFileReference; fileEncoding = 4; lastKnownFileType = sourcecode.c.objc; path = OTTourDetailsOptionsViewController.m; sourceTree = "<group>"; };
		45F443371C9080E900DDEBE1 /* OTTourJoiner.h */ = {isa = PBXFileReference; fileEncoding = 4; lastKnownFileType = sourcecode.c.h; path = OTTourJoiner.h; sourceTree = "<group>"; };
		45F443381C9080E900DDEBE1 /* OTTourJoiner.m */ = {isa = PBXFileReference; fileEncoding = 4; lastKnownFileType = sourcecode.c.objc; path = OTTourJoiner.m; sourceTree = "<group>"; };
		611EAAEE6FD7C40D2D6901E0 /* Pods-entourage.debug.xcconfig */ = {isa = PBXFileReference; includeInIndex = 1; lastKnownFileType = text.xcconfig; name = "Pods-entourage.debug.xcconfig"; path = "Pods/Target Support Files/Pods-entourage/Pods-entourage.debug.xcconfig"; sourceTree = "<group>"; };
		6B1A846F19E811210020FB93 /* OTPoiService.h */ = {isa = PBXFileReference; fileEncoding = 4; lastKnownFileType = sourcecode.c.h; path = OTPoiService.h; sourceTree = "<group>"; };
		6B1A847019E811210020FB93 /* OTPoiService.m */ = {isa = PBXFileReference; fileEncoding = 4; lastKnownFileType = sourcecode.c.objc; path = OTPoiService.m; sourceTree = "<group>"; };
		6B1A847219E8143F0020FB93 /* NSDictionary+Parsing.h */ = {isa = PBXFileReference; lastKnownFileType = sourcecode.c.h; path = "NSDictionary+Parsing.h"; sourceTree = "<group>"; };
		6B1A847319E814460020FB93 /* NSDictionary+Parsing.m */ = {isa = PBXFileReference; fileEncoding = 4; lastKnownFileType = sourcecode.c.objc; path = "NSDictionary+Parsing.m"; sourceTree = "<group>"; };
		6B1A847819E822150020FB93 /* pois_categories_mock.json */ = {isa = PBXFileReference; fileEncoding = 4; lastKnownFileType = text.json; path = pois_categories_mock.json; sourceTree = "<group>"; };
		6B4930BD19A769EB00DA7EE0 /* MapKit.framework */ = {isa = PBXFileReference; lastKnownFileType = wrapper.framework; name = MapKit.framework; path = System/Library/Frameworks/MapKit.framework; sourceTree = SDKROOT; };
		6B4930C819A773C500DA7EE0 /* OTMapViewController.h */ = {isa = PBXFileReference; fileEncoding = 4; lastKnownFileType = sourcecode.c.h; path = OTMapViewController.h; sourceTree = "<group>"; };
		6B4930C919A773C500DA7EE0 /* OTMapViewController.m */ = {isa = PBXFileReference; fileEncoding = 4; lastKnownFileType = sourcecode.c.objc; path = OTMapViewController.m; sourceTree = "<group>"; };
		6B4930CA19A773C500DA7EE0 /* OTAppDelegate.h */ = {isa = PBXFileReference; fileEncoding = 4; lastKnownFileType = sourcecode.c.h; path = OTAppDelegate.h; sourceTree = "<group>"; };
		6B4930CB19A773C500DA7EE0 /* OTAppDelegate.m */ = {isa = PBXFileReference; fileEncoding = 4; lastKnownFileType = sourcecode.c.objc; path = OTAppDelegate.m; sourceTree = "<group>"; };
		6B4930DA19A779F200DA7EE0 /* poi_mock.json */ = {isa = PBXFileReference; fileEncoding = 4; lastKnownFileType = text.json; path = poi_mock.json; sourceTree = "<group>"; };
		6B4930DD19A77C2F00DA7EE0 /* OTHTTPRequestManager.h */ = {isa = PBXFileReference; fileEncoding = 4; lastKnownFileType = sourcecode.c.h; path = OTHTTPRequestManager.h; sourceTree = "<group>"; };
		6B4930DE19A77C2F00DA7EE0 /* OTHTTPRequestManager.m */ = {isa = PBXFileReference; fileEncoding = 4; lastKnownFileType = sourcecode.c.objc; path = OTHTTPRequestManager.m; sourceTree = "<group>"; };
		6B4930E119A77E1D00DA7EE0 /* OTPoi.h */ = {isa = PBXFileReference; fileEncoding = 4; lastKnownFileType = sourcecode.c.h; path = OTPoi.h; sourceTree = "<group>"; };
		6B4930E219A77E1D00DA7EE0 /* OTPoi.m */ = {isa = PBXFileReference; fileEncoding = 4; lastKnownFileType = sourcecode.c.objc; path = OTPoi.m; sourceTree = "<group>"; };
		6B89EF9E19E7E8B6008F2600 /* poi_category_mock.json */ = {isa = PBXFileReference; fileEncoding = 4; lastKnownFileType = text.json; path = poi_category_mock.json; sourceTree = "<group>"; };
		6B92CA9E19A7461C004E8C9B /* entourage.app */ = {isa = PBXFileReference; explicitFileType = wrapper.application; includeInIndex = 0; path = entourage.app; sourceTree = BUILT_PRODUCTS_DIR; };
		6B92CAA119A7461C004E8C9B /* Foundation.framework */ = {isa = PBXFileReference; lastKnownFileType = wrapper.framework; name = Foundation.framework; path = System/Library/Frameworks/Foundation.framework; sourceTree = SDKROOT; };
		6B92CAA319A7461C004E8C9B /* CoreGraphics.framework */ = {isa = PBXFileReference; lastKnownFileType = wrapper.framework; name = CoreGraphics.framework; path = System/Library/Frameworks/CoreGraphics.framework; sourceTree = SDKROOT; };
		6B92CAA519A7461C004E8C9B /* UIKit.framework */ = {isa = PBXFileReference; lastKnownFileType = wrapper.framework; name = UIKit.framework; path = System/Library/Frameworks/UIKit.framework; sourceTree = SDKROOT; };
		6B92CAA919A7461C004E8C9B /* entourage-Info.plist */ = {isa = PBXFileReference; lastKnownFileType = text.plist.xml; path = "entourage-Info.plist"; sourceTree = "<group>"; };
		6B92CAAB19A7461C004E8C9B /* en */ = {isa = PBXFileReference; lastKnownFileType = text.plist.strings; name = en; path = en.lproj/InfoPlist.strings; sourceTree = "<group>"; };
		6B92CAAD19A7461C004E8C9B /* main.m */ = {isa = PBXFileReference; lastKnownFileType = sourcecode.c.objc; path = main.m; sourceTree = "<group>"; };
		6B92CAAF19A7461C004E8C9B /* entourage-Prefix.pch */ = {isa = PBXFileReference; lastKnownFileType = sourcecode.c.h; path = "entourage-Prefix.pch"; sourceTree = "<group>"; };
		6B92CABF19A7461C004E8C9B /* entourageTests.xctest */ = {isa = PBXFileReference; explicitFileType = wrapper.cfbundle; includeInIndex = 0; path = entourageTests.xctest; sourceTree = BUILT_PRODUCTS_DIR; };
		6B92CAC019A7461C004E8C9B /* XCTest.framework */ = {isa = PBXFileReference; lastKnownFileType = wrapper.framework; name = XCTest.framework; path = Library/Frameworks/XCTest.framework; sourceTree = DEVELOPER_DIR; };
		6B92CAC819A7461C004E8C9B /* entourageTests-Info.plist */ = {isa = PBXFileReference; lastKnownFileType = text.plist.xml; path = "entourageTests-Info.plist"; sourceTree = "<group>"; };
		6B92CACA19A7461C004E8C9B /* en */ = {isa = PBXFileReference; lastKnownFileType = text.plist.strings; name = en; path = en.lproj/InfoPlist.strings; sourceTree = "<group>"; };
		6BFE639219E7E85400C661AB /* OTPoiCategory.h */ = {isa = PBXFileReference; fileEncoding = 4; lastKnownFileType = sourcecode.c.h; path = OTPoiCategory.h; sourceTree = "<group>"; };
		6BFE639319E7E85400C661AB /* OTPoiCategory.m */ = {isa = PBXFileReference; fileEncoding = 4; lastKnownFileType = sourcecode.c.objc; path = OTPoiCategory.m; sourceTree = "<group>"; };
		7B26FE3EE0C7470099733881 /* libPods-entourage.a */ = {isa = PBXFileReference; explicitFileType = archive.ar; includeInIndex = 0; path = "libPods-entourage.a"; sourceTree = BUILT_PRODUCTS_DIR; };
		96211180E938D7D9F5B23AC5 /* Pods-entourageTests.debug.xcconfig */ = {isa = PBXFileReference; includeInIndex = 1; lastKnownFileType = text.xcconfig; name = "Pods-entourageTests.debug.xcconfig"; path = "Pods/Target Support Files/Pods-entourageTests/Pods-entourageTests.debug.xcconfig"; sourceTree = "<group>"; };
		A809BAA319E97E2400A45AC9 /* Flurry.h */ = {isa = PBXFileReference; fileEncoding = 4; lastKnownFileType = sourcecode.c.h; path = Flurry.h; sourceTree = "<group>"; };
		A809BAA419E97E2400A45AC9 /* libFlurry_5.4.0.a */ = {isa = PBXFileReference; lastKnownFileType = archive.ar; path = libFlurry_5.4.0.a; sourceTree = "<group>"; };
		A809BAA619E9802400A45AC9 /* SystemConfiguration.framework */ = {isa = PBXFileReference; lastKnownFileType = wrapper.framework; name = SystemConfiguration.framework; path = System/Library/Frameworks/SystemConfiguration.framework; sourceTree = SDKROOT; };
		A809BAA819E9803700A45AC9 /* Security.framework */ = {isa = PBXFileReference; lastKnownFileType = wrapper.framework; name = Security.framework; path = System/Library/Frameworks/Security.framework; sourceTree = SDKROOT; };
		A87D6AF419E8740E007ACA29 /* OTCalloutViewController.h */ = {isa = PBXFileReference; fileEncoding = 4; lastKnownFileType = sourcecode.c.h; path = OTCalloutViewController.h; sourceTree = "<group>"; };
		A87D6AF519E8740E007ACA29 /* OTCalloutViewController.m */ = {isa = PBXFileReference; fileEncoding = 4; lastKnownFileType = sourcecode.c.objc; path = OTCalloutViewController.m; sourceTree = "<group>"; };
		A8E10FAC19E82A4800DF4A01 /* OTCustomAnnotation.h */ = {isa = PBXFileReference; fileEncoding = 4; lastKnownFileType = sourcecode.c.h; path = OTCustomAnnotation.h; sourceTree = "<group>"; };
		A8E10FAD19E82A4800DF4A01 /* OTCustomAnnotation.m */ = {isa = PBXFileReference; fileEncoding = 4; lastKnownFileType = sourcecode.c.objc; path = OTCustomAnnotation.m; sourceTree = "<group>"; };
		C73A9D64DE47F808E1B2C0F4 /* Pods-entourage.release.xcconfig */ = {isa = PBXFileReference; includeInIndex = 1; lastKnownFileType = text.xcconfig; name = "Pods-entourage.release.xcconfig"; path = "Pods/Target Support Files/Pods-entourage/Pods-entourage.release.xcconfig"; sourceTree = "<group>"; };
		DBBE8ACC19E857A800FA218E /* OTMenuItem.h */ = {isa = PBXFileReference; fileEncoding = 4; lastKnownFileType = sourcecode.c.h; path = OTMenuItem.h; sourceTree = "<group>"; };
		DBBE8ACD19E857A800FA218E /* OTMenuItem.m */ = {isa = PBXFileReference; fileEncoding = 4; lastKnownFileType = sourcecode.c.objc; path = OTMenuItem.m; sourceTree = "<group>"; };
		DBBE8AD019E8580200FA218E /* OTMenuTableViewCell.h */ = {isa = PBXFileReference; fileEncoding = 4; lastKnownFileType = sourcecode.c.h; path = OTMenuTableViewCell.h; sourceTree = "<group>"; };
		DBBE8AD119E8580200FA218E /* OTMenuTableViewCell.m */ = {isa = PBXFileReference; fileEncoding = 4; lastKnownFileType = sourcecode.c.objc; path = OTMenuTableViewCell.m; sourceTree = "<group>"; };
		DBBE8AD419E85EA400FA218E /* OTMyMeetingsViewController.h */ = {isa = PBXFileReference; fileEncoding = 4; lastKnownFileType = sourcecode.c.h; path = OTMyMeetingsViewController.h; sourceTree = "<group>"; };
		DBBE8AD519E85EA400FA218E /* OTMyMeetingsViewController.m */ = {isa = PBXFileReference; fileEncoding = 4; lastKnownFileType = sourcecode.c.objc; path = OTMyMeetingsViewController.m; sourceTree = "<group>"; };
		DBE9EF2A19E7D73300031144 /* OTMenuViewController.h */ = {isa = PBXFileReference; fileEncoding = 4; lastKnownFileType = sourcecode.c.h; path = OTMenuViewController.h; sourceTree = "<group>"; };
		DBE9EF2B19E7D73300031144 /* OTMenuViewController.m */ = {isa = PBXFileReference; fileEncoding = 4; lastKnownFileType = sourcecode.c.objc; path = OTMenuViewController.m; sourceTree = "<group>"; };
		DBE9EF3519E7DCCA00031144 /* UIViewController+menu.h */ = {isa = PBXFileReference; fileEncoding = 4; lastKnownFileType = sourcecode.c.h; path = "UIViewController+menu.h"; sourceTree = "<group>"; };
		DBE9EF3619E7DCCA00031144 /* UIViewController+menu.m */ = {isa = PBXFileReference; fileEncoding = 4; lastKnownFileType = sourcecode.c.objc; path = "UIViewController+menu.m"; sourceTree = "<group>"; };
		DBE9EF4F19E7EFA200031144 /* UIFont+entourage.h */ = {isa = PBXFileReference; fileEncoding = 4; lastKnownFileType = sourcecode.c.h; path = "UIFont+entourage.h"; sourceTree = "<group>"; };
		DBE9EF5019E7EFA200031144 /* UIFont+entourage.m */ = {isa = PBXFileReference; fileEncoding = 4; lastKnownFileType = sourcecode.c.objc; path = "UIFont+entourage.m"; sourceTree = "<group>"; };
		E54D38E2663076C6388D22C9 /* Pods-entourageTests.release.xcconfig */ = {isa = PBXFileReference; includeInIndex = 1; lastKnownFileType = text.xcconfig; name = "Pods-entourageTests.release.xcconfig"; path = "Pods/Target Support Files/Pods-entourageTests/Pods-entourageTests.release.xcconfig"; sourceTree = "<group>"; };
/* End PBXFileReference section */

/* Begin PBXFrameworksBuildPhase section */
		6B92CA9B19A7461C004E8C9B /* Frameworks */ = {
			isa = PBXFrameworksBuildPhase;
			buildActionMask = 2147483647;
			files = (
				0AA4C04E1C119B8E00DBBE11 /* AudioToolbox.framework in Frameworks */,
				0AA4C04C1C119B8000DBBE11 /* AVFoundation.framework in Frameworks */,
				A809BAA919E9803700A45AC9 /* Security.framework in Frameworks */,
				A809BAA719E9802400A45AC9 /* SystemConfiguration.framework in Frameworks */,
				6B4930BE19A769EB00DA7EE0 /* MapKit.framework in Frameworks */,
				6B92CAA419A7461C004E8C9B /* CoreGraphics.framework in Frameworks */,
				0A9FEBC21C22B8A0009943D2 /* SpeechKit.framework in Frameworks */,
				6B92CAA619A7461C004E8C9B /* UIKit.framework in Frameworks */,
				6B92CAA219A7461C004E8C9B /* Foundation.framework in Frameworks */,
				3CE57D120A12410790CC58F0 /* libPods-entourage.a in Frameworks */,
				A809BAA519E97E2400A45AC9 /* libFlurry_5.4.0.a in Frameworks */,
			);
			runOnlyForDeploymentPostprocessing = 0;
		};
		6B92CABC19A7461C004E8C9B /* Frameworks */ = {
			isa = PBXFrameworksBuildPhase;
			buildActionMask = 2147483647;
			files = (
				6B92CAC119A7461C004E8C9B /* XCTest.framework in Frameworks */,
				6B92CAC319A7461C004E8C9B /* UIKit.framework in Frameworks */,
				6B92CAC219A7461C004E8C9B /* Foundation.framework in Frameworks */,
				5C822C5BF4546B8E89D80939 /* libPods-entourageTests.a in Frameworks */,
			);
			runOnlyForDeploymentPostprocessing = 0;
		};
/* End PBXFrameworksBuildPhase section */

/* Begin PBXGroup section */
		0A4D16071C21B3950066394C /* Message */ = {
			isa = PBXGroup;
			children = (
				0A4D16081C21B3AB0066394C /* OTMessageViewController.h */,
				0A4D16091C21B3AB0066394C /* OTMessageViewController.m */,
			);
			name = Message;
			sourceTree = "<group>";
		};
		0A70FA2F1BFF31E10080E8EC /* Tour */ = {
			isa = PBXGroup;
			children = (
				0A35F2B61BFA3AC2002301C3 /* OTConfirmationViewController.h */,
				0A35F2B71BFA3AC2002301C3 /* OTConfirmationViewController.m */,
				0A70FA161BFDD69C0080E8EC /* OTToursTableViewController.h */,
				0A70FA171BFDD69C0080E8EC /* OTToursTableViewController.m */,
				0A70FA301BFF32AD0080E8EC /* OTTourViewController.h */,
				0A70FA311BFF32AD0080E8EC /* OTTourViewController.m */,
				45E6BFCD1C8F46BE00DAC7F6 /* OTTourDetailsOptionsViewController.h */,
				45E6BFCE1C8F46BE00DAC7F6 /* OTTourDetailsOptionsViewController.m */,
			);
			name = Tour;
			sourceTree = "<group>";
		};
		1D962C7219E9280800547687 /* Login */ = {
			isa = PBXGroup;
			children = (
				454C8F511C500FE2001362B2 /* OTStartupViewController.h */,
				454C8F521C500FE2001362B2 /* OTStartupViewController.m */,
				1DA682C719E7D097007BD4BC /* OTLoginViewController.h */,
				1DA682C819E7D097007BD4BC /* OTLoginViewController.m */,
				0A4769331BFB9F07006EA73A /* OTUserViewController.h */,
				0A4769341BFB9F07006EA73A /* OTUserViewController.m */,
				0AA4C0721C17283800DBBE11 /* OTAskMoreViewController.h */,
				0AA4C0731C17283800DBBE11 /* OTAskMoreViewController.m */,
				0A011C1C1C3BB5B400DA6780 /* OTLostCodeViewController.h */,
				0A011C1D1C3BB5B400DA6780 /* OTLostCodeViewController.m */,
				0AE855C91C3D05A0001176B9 /* OTTutorialViewController.h */,
				0AE855CA1C3D05A0001176B9 /* OTTutorialViewController.m */,
				452FA6311C6BCE8500D5D56D /* OTRightsViewController.h */,
				452FA6321C6BCE8500D5D56D /* OTRightsViewController.m */,
			);
			name = Login;
			sourceTree = "<group>";
		};
		1DA682D519E7F130007BD4BC /* Helper */ = {
			isa = PBXGroup;
			children = (
				1D55D8D619E8514E006A2184 /* NSDictionary+Parsing.h */,
				1D55D8D719E8514E006A2184 /* NSDictionary+Parsing.m */,
				1DA682EA19E81483007BD4BC /* NSString+Validators.h */,
				1DA682EB19E81483007BD4BC /* NSString+Validators.m */,
				1DA682E619E80BE7007BD4BC /* NSUserDefaults+OT.h */,
				1DA682E719E80BE7007BD4BC /* NSUserDefaults+OT.m */,
				454C8F591C510304001362B2 /* UINavigationController+entourage.h */,
				454C8F5A1C510304001362B2 /* UINavigationController+entourage.m */,
			);
			name = Helper;
			sourceTree = "<group>";
		};
		3D6ACAA7335664BE2C3F900F /* Pods */ = {
			isa = PBXGroup;
			children = (
				611EAAEE6FD7C40D2D6901E0 /* Pods-entourage.debug.xcconfig */,
				C73A9D64DE47F808E1B2C0F4 /* Pods-entourage.release.xcconfig */,
				96211180E938D7D9F5B23AC5 /* Pods-entourageTests.debug.xcconfig */,
				E54D38E2663076C6388D22C9 /* Pods-entourageTests.release.xcconfig */,
			);
			name = Pods;
			sourceTree = "<group>";
		};
		45CE5A471C5241AA00F68C24 /* Fonts */ = {
			isa = PBXGroup;
			children = (
				45CE5A481C5241AA00F68C24 /* Blokletters-Balpen.ttf */,
				45CE5A491C5241AA00F68C24 /* Calibri-Bold-Italic.ttf */,
				45CE5A4A1C5241AA00F68C24 /* Calibri-Bold.ttf */,
				45CE5A4B1C5241AA00F68C24 /* Calibri-Italic.ttf */,
				45CE5A4C1C5241AA00F68C24 /* Calibri.ttf */,
				45CE5A4D1C5241AA00F68C24 /* MankSans-Medium.ttf */,
				45CE5A4E1C5241AA00F68C24 /* MankSans-MediumOblique.ttf */,
				45CE5A4F1C5241AA00F68C24 /* MankSans-Oblique.ttf */,
				45CE5A501C5241AA00F68C24 /* MankSans.ttf */,
				45CE5A511C5241AA00F68C24 /* Sofia-Regular.otf */,
			);
			path = Fonts;
			sourceTree = "<group>";
		};
		45CE5A521C5241AA00F68C24 /* Strings */ = {
			isa = PBXGroup;
			children = (
				45CE5A531C5241AA00F68C24 /* Localizable.strings */,
			);
			path = Strings;
			sourceTree = "<group>";
		};
		45CE5A541C5241AA00F68C24 /* XCAssets */ = {
			isa = PBXGroup;
			children = (
				45CE5A551C5241AA00F68C24 /* Images.xcassets */,
			);
			path = XCAssets;
			sourceTree = "<group>";
		};
		45CE5A621C5242FC00F68C24 /* Storyboards */ = {
			isa = PBXGroup;
			children = (
				45CE5A711C56961500F68C24 /* Intro.storyboard */,
				45CE5A631C5242FC00F68C24 /* Main.storyboard */,
				45CE5A651C5242FC00F68C24 /* Launch Screen.storyboard */,
			);
			path = Storyboards;
			sourceTree = "<group>";
		};
		6B1A846E19E8110B0020FB93 /* Service */ = {
			isa = PBXGroup;
			children = (
				1D962C6F19E9277D00547687 /* OTAuthService.h */,
				1D962C7019E9277D00547687 /* OTAuthService.m */,
				6B1A846F19E811210020FB93 /* OTPoiService.h */,
				6B1A847019E811210020FB93 /* OTPoiService.m */,
				0A94B5B41B94810800402AF3 /* OTTourService.h */,
				0A94B5B51B94811A00402AF3 /* OTTourService.m */,
				0ABD5F8B1B9EFF7E0069750D /* OTEncounterService.h */,
				0ABD5F8C1B9EFF960069750D /* OTEncounterService.m */,
			);
			path = Service;
			sourceTree = "<group>";
		};
		6B4930C319A773C500DA7EE0 /* Assets */ = {
			isa = PBXGroup;
			children = (
				45CE5A621C5242FC00F68C24 /* Storyboards */,
				45CE5A471C5241AA00F68C24 /* Fonts */,
				45CE5A521C5241AA00F68C24 /* Strings */,
				45CE5A541C5241AA00F68C24 /* XCAssets */,
			);
			path = Assets;
			sourceTree = "<group>";
		};
		6B4930C419A773C500DA7EE0 /* Classes */ = {
			isa = PBXGroup;
			children = (
				6B4930CA19A773C500DA7EE0 /* OTAppDelegate.h */,
				6B4930CB19A773C500DA7EE0 /* OTAppDelegate.m */,
				1D2CC3471A8BBC5400E42AE4 /* OTConsts.h */,
				6B4930E019A77DFE00DA7EE0 /* Model */,
				A8E10FAB19E82A1500DF4A01 /* View */,
				6B4930C719A773C500DA7EE0 /* Controller */,
				6B1A846E19E8110B0020FB93 /* Service */,
				6B4930DC19A77C2F00DA7EE0 /* Manager */,
				6BFE639519E7E85D00C661AB /* Utils */,
				1DA682D519E7F130007BD4BC /* Helper */,
			);
			path = Classes;
			sourceTree = "<group>";
		};
		6B4930C719A773C500DA7EE0 /* Controller */ = {
			isa = PBXGroup;
			children = (
				DBE9EF2919E7D71C00031144 /* Menu */,
				1D962C7219E9280800547687 /* Login */,
				0A70FA2F1BFF31E10080E8EC /* Tour */,
				DBBE8ACB19E83CCE00FA218E /* Map */,
				0A4D16071C21B3950066394C /* Message */,
				DBBE8AD319E85E9000FA218E /* MyMeetings */,
			);
			path = Controller;
			sourceTree = "<group>";
		};
		6B4930CF19A773EC00DA7EE0 /* Assets */ = {
			isa = PBXGroup;
			children = (
				6B4930DA19A779F200DA7EE0 /* poi_mock.json */,
				6B89EF9E19E7E8B6008F2600 /* poi_category_mock.json */,
				6B1A847819E822150020FB93 /* pois_categories_mock.json */,
			);
			path = Assets;
			sourceTree = "<group>";
		};
		6B4930D019A773EC00DA7EE0 /* Classes */ = {
			isa = PBXGroup;
			children = (
			);
			path = Classes;
			sourceTree = "<group>";
		};
		6B4930DC19A77C2F00DA7EE0 /* Manager */ = {
			isa = PBXGroup;
			children = (
				4559405C1C5F6D480099A8EE /* OTRequestOperationManager.h */,
				4559405D1C5F6D480099A8EE /* OTRequestOperationManager.m */,
				6B4930DD19A77C2F00DA7EE0 /* OTHTTPRequestManager.h */,
				6B4930DE19A77C2F00DA7EE0 /* OTHTTPRequestManager.m */,
				455940531C5D2E220099A8EE /* OTJSONResponseSerializer.h */,
				455940541C5D2E220099A8EE /* OTJSONResponseSerializer.m */,
			);
			path = Manager;
			sourceTree = "<group>";
		};
		6B4930E019A77DFE00DA7EE0 /* Model */ = {
			isa = PBXGroup;
			children = (
				DBBE8ADA19E8655B00FA218E /* Menu */,
				6B4930E119A77E1D00DA7EE0 /* OTPoi.h */,
				6B4930E219A77E1D00DA7EE0 /* OTPoi.m */,
				6BFE639219E7E85400C661AB /* OTPoiCategory.h */,
				6BFE639319E7E85400C661AB /* OTPoiCategory.m */,
				1D55D8D219E84E9B006A2184 /* OTUser.h */,
				1D55D8D319E84E9B006A2184 /* OTUser.m */,
				191FE92619E945F200C56BCA /* OTEncounter.h */,
				191FE92719E945F200C56BCA /* OTEncounter.m */,
				0A94B4FE1B8CC64300402AF3 /* OTTour.h */,
				0A94B4FF1B8CC66100402AF3 /* OTTour.m */,
				0A94B53C1B8F185500402AF3 /* OTTourPoint.h */,
				0A94B53D1B8F194700402AF3 /* OTTourPoint.m */,
				0A4769361BFCC4B5006EA73A /* OTOrganization.h */,
				0A4769371BFCC4EB006EA73A /* OTOrganization.m */,
				45B3F8F41C74F40A00DCF2EC /* OTTourAuthor.h */,
				45B3F8F51C74F40A00DCF2EC /* OTTourAuthor.m */,
				45F443371C9080E900DDEBE1 /* OTTourJoiner.h */,
				45F443381C9080E900DDEBE1 /* OTTourJoiner.m */,
			);
			path = Model;
			sourceTree = "<group>";
		};
		6B92CA9519A7461C004E8C9B = {
			isa = PBXGroup;
			children = (
				6B92CAA719A7461C004E8C9B /* entourage */,
				6B92CAC619A7461C004E8C9B /* entourageTests */,
				6B92CAA019A7461C004E8C9B /* Frameworks */,
				6B92CA9F19A7461C004E8C9B /* Products */,
				3D6ACAA7335664BE2C3F900F /* Pods */,
			);
			sourceTree = "<group>";
		};
		6B92CA9F19A7461C004E8C9B /* Products */ = {
			isa = PBXGroup;
			children = (
				6B92CA9E19A7461C004E8C9B /* entourage.app */,
				6B92CABF19A7461C004E8C9B /* entourageTests.xctest */,
			);
			name = Products;
			sourceTree = "<group>";
		};
		6B92CAA019A7461C004E8C9B /* Frameworks */ = {
			isa = PBXGroup;
			children = (
				0A9FEBC11C22B8A0009943D2 /* SpeechKit.framework */,
				0AA4C04D1C119B8E00DBBE11 /* AudioToolbox.framework */,
				0AA4C04B1C119B8000DBBE11 /* AVFoundation.framework */,
				A809BAA819E9803700A45AC9 /* Security.framework */,
				A809BAA619E9802400A45AC9 /* SystemConfiguration.framework */,
				A809BAA219E97E2400A45AC9 /* Flurry */,
				6B4930BD19A769EB00DA7EE0 /* MapKit.framework */,
				6B92CAA119A7461C004E8C9B /* Foundation.framework */,
				6B92CAA319A7461C004E8C9B /* CoreGraphics.framework */,
				6B92CAA519A7461C004E8C9B /* UIKit.framework */,
				6B92CAC019A7461C004E8C9B /* XCTest.framework */,
				7B26FE3EE0C7470099733881 /* libPods-entourage.a */,
				2E118F5FD1F403E5EE48B2C6 /* libPods-entourageTests.a */,
			);
			name = Frameworks;
			sourceTree = "<group>";
		};
		6B92CAA719A7461C004E8C9B /* entourage */ = {
			isa = PBXGroup;
			children = (
				6B4930C419A773C500DA7EE0 /* Classes */,
				6B4930C319A773C500DA7EE0 /* Assets */,
				6B92CAA819A7461C004E8C9B /* Supporting Files */,
			);
			path = entourage;
			sourceTree = "<group>";
		};
		6B92CAA819A7461C004E8C9B /* Supporting Files */ = {
			isa = PBXGroup;
			children = (
				6B92CAA919A7461C004E8C9B /* entourage-Info.plist */,
				6B92CAAA19A7461C004E8C9B /* InfoPlist.strings */,
				6B92CAAD19A7461C004E8C9B /* main.m */,
				6B92CAAF19A7461C004E8C9B /* entourage-Prefix.pch */,
			);
			name = "Supporting Files";
			sourceTree = "<group>";
		};
		6B92CAC619A7461C004E8C9B /* entourageTests */ = {
			isa = PBXGroup;
			children = (
				6B4930CF19A773EC00DA7EE0 /* Assets */,
				6B4930D019A773EC00DA7EE0 /* Classes */,
				6B92CAC719A7461C004E8C9B /* Supporting Files */,
			);
			path = entourageTests;
			sourceTree = "<group>";
		};
		6B92CAC719A7461C004E8C9B /* Supporting Files */ = {
			isa = PBXGroup;
			children = (
				6B92CAC819A7461C004E8C9B /* entourageTests-Info.plist */,
				6B92CAC919A7461C004E8C9B /* InfoPlist.strings */,
			);
			name = "Supporting Files";
			sourceTree = "<group>";
		};
		6BFE639519E7E85D00C661AB /* Utils */ = {
			isa = PBXGroup;
			children = (
				DBE9EF4F19E7EFA200031144 /* UIFont+entourage.h */,
				DBE9EF5019E7EFA200031144 /* UIFont+entourage.m */,
				6B1A847219E8143F0020FB93 /* NSDictionary+Parsing.h */,
				6B1A847319E814460020FB93 /* NSDictionary+Parsing.m */,
				454C8F4B1C4D20EA001362B2 /* UIColor+entourage.h */,
				454C8F4C1C4D20EA001362B2 /* UIColor+entourage.m */,
				454C8F4E1C4F4C45001362B2 /* UITextField+indentation.h */,
				454C8F4F1C4F4C45001362B2 /* UITextField+indentation.m */,
				454C8F561C501B31001362B2 /* UIView+entourage.h */,
				454C8F571C501B31001362B2 /* UIView+entourage.m */,
				452FA62E1C6A50BF00D5D56D /* UIStoryboard+entourage.h */,
				452FA62F1C6A50BF00D5D56D /* UIStoryboard+entourage.m */,
			);
			path = Utils;
			sourceTree = "<group>";
		};
		A809BAA219E97E2400A45AC9 /* Flurry */ = {
			isa = PBXGroup;
			children = (
				A809BAA319E97E2400A45AC9 /* Flurry.h */,
				A809BAA419E97E2400A45AC9 /* libFlurry_5.4.0.a */,
			);
			path = Flurry;
			sourceTree = "<group>";
		};
		A8E10FAB19E82A1500DF4A01 /* View */ = {
			isa = PBXGroup;
			children = (
				DBBE8ACF19E857F000FA218E /* Menu */,
				A8E10FAC19E82A4800DF4A01 /* OTCustomAnnotation.h */,
				A8E10FAD19E82A4800DF4A01 /* OTCustomAnnotation.m */,
				19BA509319E9587800342A36 /* OTEncounterAnnotation.h */,
				19BA509419E9587800342A36 /* OTEncounterAnnotation.m */,
			);
			path = View;
			sourceTree = "<group>";
		};
		DBBE8ACB19E83CCE00FA218E /* Map */ = {
			isa = PBXGroup;
			children = (
				6B4930C819A773C500DA7EE0 /* OTMapViewController.h */,
				6B4930C919A773C500DA7EE0 /* OTMapViewController.m */,
				A87D6AF419E8740E007ACA29 /* OTCalloutViewController.h */,
				A87D6AF519E8740E007ACA29 /* OTCalloutViewController.m */,
				1D3BD36A19E964FC001687F9 /* OTMeetingCalloutViewController.h */,
				1D3BD36B19E964FC001687F9 /* OTMeetingCalloutViewController.m */,
				1DF661D919E98AAD00045310 /* OTCreateMeetingViewController.h */,
				1DF661DA19E98AAD00045310 /* OTCreateMeetingViewController.m */,
				0A213C471BA0306300202D7B /* OTGuideViewController.h */,
				0A213C481BA0306300202D7B /* OTGuideViewController.m */,
				4508AE2F1C7F924B00EDAC1B /* OTTourOptionsViewController.h */,
				4508AE301C7F924B00EDAC1B /* OTTourOptionsViewController.m */,
				45E267801C860239004D14EB /* OTTourJoinRequestViewController.h */,
				45E267811C860239004D14EB /* OTTourJoinRequestViewController.m */,
			);
			name = Map;
			sourceTree = "<group>";
		};
		DBBE8ACF19E857F000FA218E /* Menu */ = {
			isa = PBXGroup;
			children = (
				DBBE8AD019E8580200FA218E /* OTMenuTableViewCell.h */,
				DBBE8AD119E8580200FA218E /* OTMenuTableViewCell.m */,
			);
			name = Menu;
			sourceTree = "<group>";
		};
		DBBE8AD319E85E9000FA218E /* MyMeetings */ = {
			isa = PBXGroup;
			children = (
				DBBE8AD419E85EA400FA218E /* OTMyMeetingsViewController.h */,
				DBBE8AD519E85EA400FA218E /* OTMyMeetingsViewController.m */,
			);
			name = MyMeetings;
			sourceTree = "<group>";
		};
		DBBE8ADA19E8655B00FA218E /* Menu */ = {
			isa = PBXGroup;
			children = (
				DBBE8ACC19E857A800FA218E /* OTMenuItem.h */,
				DBBE8ACD19E857A800FA218E /* OTMenuItem.m */,
			);
			name = Menu;
			sourceTree = "<group>";
		};
		DBE9EF2919E7D71C00031144 /* Menu */ = {
			isa = PBXGroup;
			children = (
				1DA682EF19E823C3007BD4BC /* OTSWRevealViewController.h */,
				1DA682F019E823C3007BD4BC /* OTSWRevealViewController.m */,
				DBE9EF3519E7DCCA00031144 /* UIViewController+menu.h */,
				DBE9EF3619E7DCCA00031144 /* UIViewController+menu.m */,
				DBE9EF2A19E7D73300031144 /* OTMenuViewController.h */,
				DBE9EF2B19E7D73300031144 /* OTMenuViewController.m */,
			);
			name = Menu;
			sourceTree = "<group>";
		};
/* End PBXGroup section */

/* Begin PBXNativeTarget section */
		6B92CA9D19A7461C004E8C9B /* entourage */ = {
			isa = PBXNativeTarget;
			buildConfigurationList = 6B92CAD019A7461C004E8C9B /* Build configuration list for PBXNativeTarget "entourage" */;
			buildPhases = (
				8447845D58724A5CA61AABA4 /* Check Pods Manifest.lock */,
				6B92CA9A19A7461C004E8C9B /* Sources */,
				6B92CA9B19A7461C004E8C9B /* Frameworks */,
				6B92CA9C19A7461C004E8C9B /* Resources */,
				9893A6C3CA40422E81C17B55 /* Copy Pods Resources */,
				0DD822C5A42F4D8C880DDA5C /* Embed Pods Frameworks */,
			);
			buildRules = (
			);
			dependencies = (
			);
			name = entourage;
			productName = entourage;
			productReference = 6B92CA9E19A7461C004E8C9B /* entourage.app */;
			productType = "com.apple.product-type.application";
		};
		6B92CABE19A7461C004E8C9B /* entourageTests */ = {
			isa = PBXNativeTarget;
			buildConfigurationList = 6B92CAD319A7461C004E8C9B /* Build configuration list for PBXNativeTarget "entourageTests" */;
			buildPhases = (
				EA2C8874247C3400CC05B210 /* Check Pods Manifest.lock */,
				6B92CABB19A7461C004E8C9B /* Sources */,
				6B92CABC19A7461C004E8C9B /* Frameworks */,
				6B92CABD19A7461C004E8C9B /* Resources */,
				F31EA7ACC34E7ECD786F016A /* Copy Pods Resources */,
				5F659DCB8F494A09AA8EA72A /* Embed Pods Frameworks */,
			);
			buildRules = (
			);
			dependencies = (
				6B92CAC519A7461C004E8C9B /* PBXTargetDependency */,
			);
			name = entourageTests;
			productName = entourageTests;
			productReference = 6B92CABF19A7461C004E8C9B /* entourageTests.xctest */;
			productType = "com.apple.product-type.bundle.unit-test";
		};
/* End PBXNativeTarget section */

/* Begin PBXProject section */
		6B92CA9619A7461C004E8C9B /* Project object */ = {
			isa = PBXProject;
			attributes = {
				CLASSPREFIX = OT;
				LastUpgradeCheck = 0700;
				ORGANIZATIONNAME = "OCTO Technology";
				TargetAttributes = {
					6B92CA9D19A7461C004E8C9B = {
						DevelopmentTeam = RT7X9LLTN6;
						SystemCapabilities = {
							com.apple.BackgroundModes = {
								enabled = 1;
							};
							com.apple.Push = {
								enabled = 1;
							};
						};
					};
					6B92CABE19A7461C004E8C9B = {
						TestTargetID = 6B92CA9D19A7461C004E8C9B;
					};
				};
			};
			buildConfigurationList = 6B92CA9919A7461C004E8C9B /* Build configuration list for PBXProject "entourage" */;
			compatibilityVersion = "Xcode 3.2";
			developmentRegion = English;
			hasScannedForEncodings = 0;
			knownRegions = (
				en,
				Base,
			);
			mainGroup = 6B92CA9519A7461C004E8C9B;
			productRefGroup = 6B92CA9F19A7461C004E8C9B /* Products */;
			projectDirPath = "";
			projectRoot = "";
			targets = (
				6B92CA9D19A7461C004E8C9B /* entourage */,
				6B92CABE19A7461C004E8C9B /* entourageTests */,
			);
		};
/* End PBXProject section */

/* Begin PBXResourcesBuildPhase section */
		6B92CA9C19A7461C004E8C9B /* Resources */ = {
			isa = PBXResourcesBuildPhase;
			buildActionMask = 2147483647;
			files = (
				45CE5A581C5241AA00F68C24 /* Calibri-Bold.ttf in Resources */,
				45CE5A5C1C5241AA00F68C24 /* MankSans-MediumOblique.ttf in Resources */,
				45CE5A591C5241AA00F68C24 /* Calibri-Italic.ttf in Resources */,
				45CE5A721C56961500F68C24 /* Intro.storyboard in Resources */,
				45CE5A601C5241AA00F68C24 /* Localizable.strings in Resources */,
				45CE5A5D1C5241AA00F68C24 /* MankSans-Oblique.ttf in Resources */,
				45CE5A5F1C5241AA00F68C24 /* Sofia-Regular.otf in Resources */,
				45CE5A661C5242FC00F68C24 /* Main.storyboard in Resources */,
				45CE5A611C5241AA00F68C24 /* Images.xcassets in Resources */,
				45CE5A5E1C5241AA00F68C24 /* MankSans.ttf in Resources */,
				45CE5A561C5241AA00F68C24 /* Blokletters-Balpen.ttf in Resources */,
				45CE5A671C5242FC00F68C24 /* Launch Screen.storyboard in Resources */,
				45CE5A5A1C5241AA00F68C24 /* Calibri.ttf in Resources */,
				45CE5A5B1C5241AA00F68C24 /* MankSans-Medium.ttf in Resources */,
				191FE91619E9285800C56BCA /* InfoPlist.strings in Resources */,
				45CE5A571C5241AA00F68C24 /* Calibri-Bold-Italic.ttf in Resources */,
			);
			runOnlyForDeploymentPostprocessing = 0;
		};
		6B92CABD19A7461C004E8C9B /* Resources */ = {
			isa = PBXResourcesBuildPhase;
			buildActionMask = 2147483647;
			files = (
				6B4930DB19A779F200DA7EE0 /* poi_mock.json in Resources */,
				6B89EF9F19E7E8B6008F2600 /* poi_category_mock.json in Resources */,
				6B1A847919E822150020FB93 /* pois_categories_mock.json in Resources */,
				6B92CACB19A7461C004E8C9B /* InfoPlist.strings in Resources */,
			);
			runOnlyForDeploymentPostprocessing = 0;
		};
/* End PBXResourcesBuildPhase section */

/* Begin PBXShellScriptBuildPhase section */
		0DD822C5A42F4D8C880DDA5C /* Embed Pods Frameworks */ = {
			isa = PBXShellScriptBuildPhase;
			buildActionMask = 2147483647;
			files = (
			);
			inputPaths = (
			);
			name = "Embed Pods Frameworks";
			outputPaths = (
			);
			runOnlyForDeploymentPostprocessing = 0;
			shellPath = /bin/sh;
			shellScript = "\"${SRCROOT}/Pods/Target Support Files/Pods-entourage/Pods-entourage-frameworks.sh\"\n";
			showEnvVarsInLog = 0;
		};
		5F659DCB8F494A09AA8EA72A /* Embed Pods Frameworks */ = {
			isa = PBXShellScriptBuildPhase;
			buildActionMask = 2147483647;
			files = (
			);
			inputPaths = (
			);
			name = "Embed Pods Frameworks";
			outputPaths = (
			);
			runOnlyForDeploymentPostprocessing = 0;
			shellPath = /bin/sh;
			shellScript = "\"${SRCROOT}/Pods/Target Support Files/Pods-entourageTests/Pods-entourageTests-frameworks.sh\"\n";
			showEnvVarsInLog = 0;
		};
		8447845D58724A5CA61AABA4 /* Check Pods Manifest.lock */ = {
			isa = PBXShellScriptBuildPhase;
			buildActionMask = 2147483647;
			files = (
			);
			inputPaths = (
			);
			name = "Check Pods Manifest.lock";
			outputPaths = (
			);
			runOnlyForDeploymentPostprocessing = 0;
			shellPath = /bin/sh;
			shellScript = "diff \"${PODS_ROOT}/../Podfile.lock\" \"${PODS_ROOT}/Manifest.lock\" > /dev/null\nif [[ $? != 0 ]] ; then\n    cat << EOM\nerror: The sandbox is not in sync with the Podfile.lock. Run 'pod install' or update your CocoaPods installation.\nEOM\n    exit 1\nfi\n";
			showEnvVarsInLog = 0;
		};
		9893A6C3CA40422E81C17B55 /* Copy Pods Resources */ = {
			isa = PBXShellScriptBuildPhase;
			buildActionMask = 2147483647;
			files = (
			);
			inputPaths = (
			);
			name = "Copy Pods Resources";
			outputPaths = (
			);
			runOnlyForDeploymentPostprocessing = 0;
			shellPath = /bin/sh;
			shellScript = "\"${SRCROOT}/Pods/Target Support Files/Pods-entourage/Pods-entourage-resources.sh\"\n";
			showEnvVarsInLog = 0;
		};
		EA2C8874247C3400CC05B210 /* Check Pods Manifest.lock */ = {
			isa = PBXShellScriptBuildPhase;
			buildActionMask = 2147483647;
			files = (
			);
			inputPaths = (
			);
			name = "Check Pods Manifest.lock";
			outputPaths = (
			);
			runOnlyForDeploymentPostprocessing = 0;
			shellPath = /bin/sh;
			shellScript = "diff \"${PODS_ROOT}/../Podfile.lock\" \"${PODS_ROOT}/Manifest.lock\" > /dev/null\nif [[ $? != 0 ]] ; then\n    cat << EOM\nerror: The sandbox is not in sync with the Podfile.lock. Run 'pod install' or update your CocoaPods installation.\nEOM\n    exit 1\nfi\n";
			showEnvVarsInLog = 0;
		};
		F31EA7ACC34E7ECD786F016A /* Copy Pods Resources */ = {
			isa = PBXShellScriptBuildPhase;
			buildActionMask = 2147483647;
			files = (
			);
			inputPaths = (
			);
			name = "Copy Pods Resources";
			outputPaths = (
			);
			runOnlyForDeploymentPostprocessing = 0;
			shellPath = /bin/sh;
			shellScript = "\"${SRCROOT}/Pods/Target Support Files/Pods-entourageTests/Pods-entourageTests-resources.sh\"\n";
			showEnvVarsInLog = 0;
		};
/* End PBXShellScriptBuildPhase section */

/* Begin PBXSourcesBuildPhase section */
		6B92CA9A19A7461C004E8C9B /* Sources */ = {
			isa = PBXSourcesBuildPhase;
			buildActionMask = 2147483647;
			files = (
				19BA509519E9587800342A36 /* OTEncounterAnnotation.m in Sources */,
				191FE92819E945F200C56BCA /* OTEncounter.m in Sources */,
				454C8F5B1C510304001362B2 /* UINavigationController+entourage.m in Sources */,
				191FE92419E943D900C56BCA /* OTAuthService.m in Sources */,
				A87D6AF319E84683007ACA29 /* OTCustomAnnotation.m in Sources */,
				6B4930DF19A77C2F00DA7EE0 /* OTHTTPRequestManager.m in Sources */,
				6B1A847119E811210020FB93 /* OTPoiService.m in Sources */,
				45E6BFCF1C8F46BE00DAC7F6 /* OTTourDetailsOptionsViewController.m in Sources */,
				DBBE8AD619E85EA400FA218E /* OTMyMeetingsViewController.m in Sources */,
				0A4D160A1C21B3AB0066394C /* OTMessageViewController.m in Sources */,
				DBBE8AD219E8580200FA218E /* OTMenuTableViewCell.m in Sources */,
				A8B3825819E9466700CF7184 /* OTLoginViewController.m in Sources */,
				0A94B5B61B94811A00402AF3 /* OTTourService.m in Sources */,
				0A70FA181BFDD69C0080E8EC /* OTToursTableViewController.m in Sources */,
				452FA6301C6A50BF00D5D56D /* UIStoryboard+entourage.m in Sources */,
				6B4930CD19A773C500DA7EE0 /* OTMapViewController.m in Sources */,
				0AE855CB1C3D05A0001176B9 /* OTTutorialViewController.m in Sources */,
				DBE9EF2C19E7D73300031144 /* OTMenuViewController.m in Sources */,
				6BFE639419E7E85400C661AB /* OTPoiCategory.m in Sources */,
				6B4930E319A77E1D00DA7EE0 /* OTPoi.m in Sources */,
				0A4769351BFB9F07006EA73A /* OTUserViewController.m in Sources */,
				0A70FA321BFF32AD0080E8EC /* OTTourViewController.m in Sources */,
				1D55D8D419E84E9B006A2184 /* OTUser.m in Sources */,
				0ABD5F8D1B9EFF960069750D /* OTEncounterService.m in Sources */,
				0A94B53E1B8F194700402AF3 /* OTTourPoint.m in Sources */,
				0A35F2B81BFA3AC2002301C3 /* OTConfirmationViewController.m in Sources */,
				0A94B5001B8CC66100402AF3 /* OTTour.m in Sources */,
				0A4769381BFCC4EB006EA73A /* OTOrganization.m in Sources */,
				454C8F531C500FE2001362B2 /* OTStartupViewController.m in Sources */,
				454C8F581C501B31001362B2 /* UIView+entourage.m in Sources */,
				DBE9EF5119E7EFA200031144 /* UIFont+entourage.m in Sources */,
				0AA4C0741C17283800DBBE11 /* OTAskMoreViewController.m in Sources */,
				6B1A847419E814460020FB93 /* NSDictionary+Parsing.m in Sources */,
				1DA682F119E823C3007BD4BC /* OTSWRevealViewController.m in Sources */,
				DBE9EF3719E7DCCA00031144 /* UIViewController+menu.m in Sources */,
				1D55D8D819E8514E006A2184 /* NSDictionary+Parsing.m in Sources */,
				455940551C5D2E220099A8EE /* OTJSONResponseSerializer.m in Sources */,
				45B3F8F61C74F40B00DCF2EC /* OTTourAuthor.m in Sources */,
				1DA682E819E80BE7007BD4BC /* NSUserDefaults+OT.m in Sources */,
				0A213C491BA0306300202D7B /* OTGuideViewController.m in Sources */,
				1DA682EC19E81483007BD4BC /* NSString+Validators.m in Sources */,
				A87D6AF619E8740E007ACA29 /* OTCalloutViewController.m in Sources */,
				452FA6331C6BCE8500D5D56D /* OTRightsViewController.m in Sources */,
				1D3BD36C19E964FC001687F9 /* OTMeetingCalloutViewController.m in Sources */,
				6B4930CE19A773C500DA7EE0 /* OTAppDelegate.m in Sources */,
				45E267821C860239004D14EB /* OTTourJoinRequestViewController.m in Sources */,
				0A011C1E1C3BB5B500DA6780 /* OTLostCodeViewController.m in Sources */,
				454C8F501C4F4C45001362B2 /* UITextField+indentation.m in Sources */,
				1DF661DB19E98AAD00045310 /* OTCreateMeetingViewController.m in Sources */,
				6B92CAAE19A7461C004E8C9B /* main.m in Sources */,
				4508AE311C7F924B00EDAC1B /* OTTourOptionsViewController.m in Sources */,
				454C8F4D1C4D20EA001362B2 /* UIColor+entourage.m in Sources */,
				45F443391C9080E900DDEBE1 /* OTTourJoiner.m in Sources */,
				4559405E1C5F6D480099A8EE /* OTRequestOperationManager.m in Sources */,
				DBBE8ACE19E857A800FA218E /* OTMenuItem.m in Sources */,
			);
			runOnlyForDeploymentPostprocessing = 0;
		};
		6B92CABB19A7461C004E8C9B /* Sources */ = {
			isa = PBXSourcesBuildPhase;
			buildActionMask = 2147483647;
			files = (
				1D55D8D919E8514E006A2184 /* NSDictionary+Parsing.m in Sources */,
			);
			runOnlyForDeploymentPostprocessing = 0;
		};
/* End PBXSourcesBuildPhase section */

/* Begin PBXTargetDependency section */
		6B92CAC519A7461C004E8C9B /* PBXTargetDependency */ = {
			isa = PBXTargetDependency;
			target = 6B92CA9D19A7461C004E8C9B /* entourage */;
			targetProxy = 6B92CAC419A7461C004E8C9B /* PBXContainerItemProxy */;
		};
/* End PBXTargetDependency section */

/* Begin PBXVariantGroup section */
		45CE5A631C5242FC00F68C24 /* Main.storyboard */ = {
			isa = PBXVariantGroup;
			children = (
				45CE5A641C5242FC00F68C24 /* Base */,
			);
			name = Main.storyboard;
			sourceTree = "<group>";
		};
		6B92CAAA19A7461C004E8C9B /* InfoPlist.strings */ = {
			isa = PBXVariantGroup;
			children = (
				6B92CAAB19A7461C004E8C9B /* en */,
			);
			name = InfoPlist.strings;
			sourceTree = "<group>";
		};
		6B92CAC919A7461C004E8C9B /* InfoPlist.strings */ = {
			isa = PBXVariantGroup;
			children = (
				6B92CACA19A7461C004E8C9B /* en */,
			);
			name = InfoPlist.strings;
			sourceTree = "<group>";
		};
/* End PBXVariantGroup section */

/* Begin XCBuildConfiguration section */
		6B92CACE19A7461C004E8C9B /* Debug */ = {
			isa = XCBuildConfiguration;
			buildSettings = {
				ALWAYS_SEARCH_USER_PATHS = NO;
				CLANG_CXX_LANGUAGE_STANDARD = "gnu++0x";
				CLANG_CXX_LIBRARY = "libc++";
				CLANG_ENABLE_MODULES = YES;
				CLANG_ENABLE_OBJC_ARC = YES;
				CLANG_WARN_BOOL_CONVERSION = YES;
				CLANG_WARN_CONSTANT_CONVERSION = YES;
				CLANG_WARN_DIRECT_OBJC_ISA_USAGE = YES_ERROR;
				CLANG_WARN_EMPTY_BODY = YES;
				CLANG_WARN_ENUM_CONVERSION = YES;
				CLANG_WARN_INT_CONVERSION = YES;
				CLANG_WARN_OBJC_ROOT_CLASS = YES_ERROR;
				CLANG_WARN__DUPLICATE_METHOD_MATCH = YES;
				"CODE_SIGN_IDENTITY[sdk=iphoneos*]" = "iPhone Developer";
				COPY_PHASE_STRIP = NO;
				ENABLE_BITCODE = NO;
				ENABLE_TESTABILITY = YES;
				GCC_C_LANGUAGE_STANDARD = gnu99;
				GCC_DYNAMIC_NO_PIC = NO;
				GCC_OPTIMIZATION_LEVEL = 0;
				GCC_PREPROCESSOR_DEFINITIONS = (
					"DEBUG=1",
					"$(inherited)",
				);
				GCC_SYMBOLS_PRIVATE_EXTERN = NO;
				GCC_WARN_64_TO_32_BIT_CONVERSION = YES;
				GCC_WARN_ABOUT_RETURN_TYPE = YES_ERROR;
				GCC_WARN_UNDECLARED_SELECTOR = YES;
				GCC_WARN_UNINITIALIZED_AUTOS = YES_AGGRESSIVE;
				GCC_WARN_UNUSED_FUNCTION = YES;
				GCC_WARN_UNUSED_VARIABLE = YES;
				IPHONEOS_DEPLOYMENT_TARGET = 7.1;
				ONLY_ACTIVE_ARCH = YES;
				SDKROOT = iphoneos;
			};
			name = Debug;
		};
		6B92CACF19A7461C004E8C9B /* Release */ = {
			isa = XCBuildConfiguration;
			buildSettings = {
				ALWAYS_SEARCH_USER_PATHS = NO;
				CLANG_CXX_LANGUAGE_STANDARD = "gnu++0x";
				CLANG_CXX_LIBRARY = "libc++";
				CLANG_ENABLE_MODULES = YES;
				CLANG_ENABLE_OBJC_ARC = YES;
				CLANG_WARN_BOOL_CONVERSION = YES;
				CLANG_WARN_CONSTANT_CONVERSION = YES;
				CLANG_WARN_DIRECT_OBJC_ISA_USAGE = YES_ERROR;
				CLANG_WARN_EMPTY_BODY = YES;
				CLANG_WARN_ENUM_CONVERSION = YES;
				CLANG_WARN_INT_CONVERSION = YES;
				CLANG_WARN_OBJC_ROOT_CLASS = YES_ERROR;
				CLANG_WARN__DUPLICATE_METHOD_MATCH = YES;
				"CODE_SIGN_IDENTITY[sdk=iphoneos*]" = "iPhone Developer";
				COPY_PHASE_STRIP = YES;
				ENABLE_BITCODE = NO;
				ENABLE_NS_ASSERTIONS = NO;
				GCC_C_LANGUAGE_STANDARD = gnu99;
				GCC_WARN_64_TO_32_BIT_CONVERSION = YES;
				GCC_WARN_ABOUT_RETURN_TYPE = YES_ERROR;
				GCC_WARN_UNDECLARED_SELECTOR = YES;
				GCC_WARN_UNINITIALIZED_AUTOS = YES_AGGRESSIVE;
				GCC_WARN_UNUSED_FUNCTION = YES;
				GCC_WARN_UNUSED_VARIABLE = YES;
				IPHONEOS_DEPLOYMENT_TARGET = 7.1;
				SDKROOT = iphoneos;
				VALIDATE_PRODUCT = YES;
			};
			name = Release;
		};
		6B92CAD119A7461C004E8C9B /* Debug */ = {
			isa = XCBuildConfiguration;
			baseConfigurationReference = 611EAAEE6FD7C40D2D6901E0 /* Pods-entourage.debug.xcconfig */;
			buildSettings = {
				ASSETCATALOG_COMPILER_APPICON_NAME = AppIcon;
				CODE_SIGN_IDENTITY = "iPhone Developer";
				"CODE_SIGN_IDENTITY[sdk=iphoneos*]" = "iPhone Developer";
				FRAMEWORK_SEARCH_PATHS = (
					"$(inherited)",
					"$(PROJECT_DIR)",
				);
				GCC_PRECOMPILE_PREFIX_HEADER = YES;
				GCC_PREFIX_HEADER = "entourage/entourage-Prefix.pch";
				INFOPLIST_FILE = "entourage/entourage-Info.plist";
				IPHONEOS_DEPLOYMENT_TARGET = 8.0;
				LIBRARY_SEARCH_PATHS = (
					"$(inherited)",
					"$(PROJECT_DIR)/Flurry",
				);
				PRODUCT_BUNDLE_IDENTIFIER = social.entourage.entourageios;
				PRODUCT_NAME = "$(TARGET_NAME)";
				PROVISIONING_PROFILE = "";
				USER_HEADER_SEARCH_PATHS = "\"${PROJECT_DIR}/Pods\"/**";
				WRAPPER_EXTENSION = app;
			};
			name = Debug;
		};
		6B92CAD219A7461C004E8C9B /* Release */ = {
			isa = XCBuildConfiguration;
			baseConfigurationReference = C73A9D64DE47F808E1B2C0F4 /* Pods-entourage.release.xcconfig */;
			buildSettings = {
				ASSETCATALOG_COMPILER_APPICON_NAME = AppIcon;
				CODE_SIGN_IDENTITY = "iPhone Distribution";
				"CODE_SIGN_IDENTITY[sdk=iphoneos*]" = "iPhone Distribution";
				FRAMEWORK_SEARCH_PATHS = (
					"$(inherited)",
					"$(PROJECT_DIR)",
				);
				GCC_PRECOMPILE_PREFIX_HEADER = YES;
				GCC_PREFIX_HEADER = "entourage/entourage-Prefix.pch";
				INFOPLIST_FILE = "entourage/entourage-Info.plist";
				IPHONEOS_DEPLOYMENT_TARGET = 8.0;
				LIBRARY_SEARCH_PATHS = (
					"$(inherited)",
					"$(PROJECT_DIR)/Flurry",
				);
				PRODUCT_BUNDLE_IDENTIFIER = social.entourage.entourageios;
				PRODUCT_NAME = "$(TARGET_NAME)";
				PROVISIONING_PROFILE = "";
				USER_HEADER_SEARCH_PATHS = "\"${PROJECT_DIR}/Pods\"/**";
				WRAPPER_EXTENSION = app;
			};
			name = Release;
		};
		6B92CAD419A7461C004E8C9B /* Debug */ = {
			isa = XCBuildConfiguration;
			baseConfigurationReference = 96211180E938D7D9F5B23AC5 /* Pods-entourageTests.debug.xcconfig */;
			buildSettings = {
				FRAMEWORK_SEARCH_PATHS = (
					"$(SDKROOT)/Developer/Library/Frameworks",
					"$(inherited)",
					"$(DEVELOPER_FRAMEWORKS_DIR)",
				);
				GCC_PRECOMPILE_PREFIX_HEADER = YES;
				GCC_PREFIX_HEADER = "entourage/entourage-Prefix.pch";
				GCC_PREPROCESSOR_DEFINITIONS = (
					"DEBUG=1",
					"$(inherited)",
				);
				INFOPLIST_FILE = "entourageTests/entourageTests-Info.plist";
				PRODUCT_BUNDLE_IDENTIFIER = "com.octo.${PRODUCT_NAME:rfc1034identifier}";
				PRODUCT_NAME = "$(TARGET_NAME)";
				TEST_HOST = "$(BUILT_PRODUCTS_DIR)/entourage.app/entourage";
				WRAPPER_EXTENSION = xctest;
			};
			name = Debug;
		};
		6B92CAD519A7461C004E8C9B /* Release */ = {
			isa = XCBuildConfiguration;
			baseConfigurationReference = E54D38E2663076C6388D22C9 /* Pods-entourageTests.release.xcconfig */;
			buildSettings = {
				FRAMEWORK_SEARCH_PATHS = (
					"$(SDKROOT)/Developer/Library/Frameworks",
					"$(inherited)",
					"$(DEVELOPER_FRAMEWORKS_DIR)",
				);
				GCC_PRECOMPILE_PREFIX_HEADER = YES;
				GCC_PREFIX_HEADER = "entourage/entourage-Prefix.pch";
				INFOPLIST_FILE = "entourageTests/entourageTests-Info.plist";
				PRODUCT_BUNDLE_IDENTIFIER = "com.octo.${PRODUCT_NAME:rfc1034identifier}";
				PRODUCT_NAME = "$(TARGET_NAME)";
				TEST_HOST = "$(BUILT_PRODUCTS_DIR)/entourage.app/entourage";
				WRAPPER_EXTENSION = xctest;
			};
			name = Release;
		};
/* End XCBuildConfiguration section */

/* Begin XCConfigurationList section */
		6B92CA9919A7461C004E8C9B /* Build configuration list for PBXProject "entourage" */ = {
			isa = XCConfigurationList;
			buildConfigurations = (
				6B92CACE19A7461C004E8C9B /* Debug */,
				6B92CACF19A7461C004E8C9B /* Release */,
			);
			defaultConfigurationIsVisible = 0;
			defaultConfigurationName = Release;
		};
		6B92CAD019A7461C004E8C9B /* Build configuration list for PBXNativeTarget "entourage" */ = {
			isa = XCConfigurationList;
			buildConfigurations = (
				6B92CAD119A7461C004E8C9B /* Debug */,
				6B92CAD219A7461C004E8C9B /* Release */,
			);
			defaultConfigurationIsVisible = 0;
			defaultConfigurationName = Release;
		};
		6B92CAD319A7461C004E8C9B /* Build configuration list for PBXNativeTarget "entourageTests" */ = {
			isa = XCConfigurationList;
			buildConfigurations = (
				6B92CAD419A7461C004E8C9B /* Debug */,
				6B92CAD519A7461C004E8C9B /* Release */,
			);
			defaultConfigurationIsVisible = 0;
			defaultConfigurationName = Release;
		};
/* End XCConfigurationList section */
	};
	rootObject = 6B92CA9619A7461C004E8C9B /* Project object */;
}
