<?xml version="1.0" encoding="UTF-8"?>
<!DOCTYPE plist PUBLIC "-//Apple//DTD PLIST 1.0//EN" "http://www.apple.com/DTDs/PropertyList-1.0.dtd">
<plist version="1.0">
<dict>
	<key>archiveVersion</key>
	<string>1</string>
	<key>classes</key>
	<dict/>
	<key>objectVersion</key>
	<string>46</string>
	<key>objects</key>
	<dict>
		<key>2E118F5FD1F403E5EE48B2C6</key>
		<dict>
			<key>explicitFileType</key>
			<string>archive.ar</string>
			<key>includeInIndex</key>
			<string>0</string>
			<key>isa</key>
			<string>PBXFileReference</string>
			<key>path</key>
			<string>libPods-entourageTests.a</string>
			<key>sourceTree</key>
			<string>BUILT_PRODUCTS_DIR</string>
		</dict>
		<key>3CE57D120A12410790CC58F0</key>
		<dict>
			<key>fileRef</key>
			<string>7B26FE3EE0C7470099733881</string>
			<key>isa</key>
			<string>PBXBuildFile</string>
		</dict>
		<key>3D6ACAA7335664BE2C3F900F</key>
		<dict>
			<key>children</key>
			<array>
				<string>611EAAEE6FD7C40D2D6901E0</string>
				<string>C73A9D64DE47F808E1B2C0F4</string>
				<string>96211180E938D7D9F5B23AC5</string>
				<string>E54D38E2663076C6388D22C9</string>
			</array>
			<key>isa</key>
			<string>PBXGroup</string>
			<key>name</key>
			<string>Pods</string>
			<key>sourceTree</key>
			<string>&lt;group&gt;</string>
		</dict>
		<key>5C822C5BF4546B8E89D80939</key>
		<dict>
			<key>fileRef</key>
			<string>2E118F5FD1F403E5EE48B2C6</string>
			<key>isa</key>
			<string>PBXBuildFile</string>
		</dict>
		<key>611EAAEE6FD7C40D2D6901E0</key>
		<dict>
			<key>includeInIndex</key>
			<string>1</string>
			<key>isa</key>
			<string>PBXFileReference</string>
			<key>lastKnownFileType</key>
			<string>text.xcconfig</string>
			<key>name</key>
			<string>Pods-entourage.debug.xcconfig</string>
			<key>path</key>
			<string>Pods/Target Support Files/Pods-entourage/Pods-entourage.debug.xcconfig</string>
			<key>sourceTree</key>
			<string>&lt;group&gt;</string>
		</dict>
		<key>6B4930BD19A769EB00DA7EE0</key>
		<dict>
			<key>isa</key>
			<string>PBXFileReference</string>
			<key>lastKnownFileType</key>
			<string>wrapper.framework</string>
			<key>name</key>
			<string>MapKit.framework</string>
			<key>path</key>
			<string>System/Library/Frameworks/MapKit.framework</string>
			<key>sourceTree</key>
			<string>SDKROOT</string>
		</dict>
		<key>6B4930BE19A769EB00DA7EE0</key>
		<dict>
			<key>fileRef</key>
			<string>6B4930BD19A769EB00DA7EE0</string>
			<key>isa</key>
			<string>PBXBuildFile</string>
		</dict>
		<key>6B4930C319A773C500DA7EE0</key>
		<dict>
			<key>children</key>
			<array>
				<string>DBE9EF3019E7DB5800031144</string>
			</array>
			<key>isa</key>
			<string>PBXGroup</string>
			<key>path</key>
			<string>Assets</string>
			<key>sourceTree</key>
			<string>&lt;group&gt;</string>
		</dict>
		<key>6B4930C419A773C500DA7EE0</key>
		<dict>
			<key>children</key>
			<array>
				<string>6B4930E019A77DFE00DA7EE0</string>
				<string>6B4930C719A773C500DA7EE0</string>
				<string>6B4930DC19A77C2F00DA7EE0</string>
				<string>6B4930C519A773C500DA7EE0</string>
				<string>6B4930CA19A773C500DA7EE0</string>
				<string>6B4930CB19A773C500DA7EE0</string>
			</array>
			<key>isa</key>
			<string>PBXGroup</string>
			<key>path</key>
			<string>Classes</string>
			<key>sourceTree</key>
			<string>&lt;group&gt;</string>
		</dict>
		<key>6B4930C519A773C500DA7EE0</key>
		<dict>
			<key>children</key>
			<array>
				<string>6B4930C619A773C500DA7EE0</string>
			</array>
			<key>isa</key>
			<string>PBXVariantGroup</string>
			<key>name</key>
			<string>Main.storyboard</string>
			<key>sourceTree</key>
			<string>&lt;group&gt;</string>
		</dict>
		<key>6B4930C619A773C500DA7EE0</key>
		<dict>
			<key>isa</key>
			<string>PBXFileReference</string>
			<key>lastKnownFileType</key>
			<string>file.storyboard</string>
			<key>name</key>
			<string>Base</string>
			<key>path</key>
			<string>Base.lproj/Main.storyboard</string>
			<key>sourceTree</key>
			<string>&lt;group&gt;</string>
		</dict>
		<key>6B4930C719A773C500DA7EE0</key>
		<dict>
			<key>children</key>
			<array>
				<string>DBE9EF2919E7D71C00031144</string>
				<string>6B4930C819A773C500DA7EE0</string>
				<string>6B4930C919A773C500DA7EE0</string>
			</array>
			<key>isa</key>
			<string>PBXGroup</string>
			<key>path</key>
			<string>Controller</string>
			<key>sourceTree</key>
			<string>&lt;group&gt;</string>
		</dict>
		<key>6B4930C819A773C500DA7EE0</key>
		<dict>
			<key>fileEncoding</key>
			<string>4</string>
			<key>isa</key>
			<string>PBXFileReference</string>
			<key>lastKnownFileType</key>
			<string>sourcecode.c.h</string>
			<key>path</key>
			<string>OTMapViewController.h</string>
			<key>sourceTree</key>
			<string>&lt;group&gt;</string>
		</dict>
		<key>6B4930C919A773C500DA7EE0</key>
		<dict>
			<key>fileEncoding</key>
			<string>4</string>
			<key>isa</key>
			<string>PBXFileReference</string>
			<key>lastKnownFileType</key>
			<string>sourcecode.c.objc</string>
			<key>path</key>
			<string>OTMapViewController.m</string>
			<key>sourceTree</key>
			<string>&lt;group&gt;</string>
		</dict>
		<key>6B4930CA19A773C500DA7EE0</key>
		<dict>
			<key>fileEncoding</key>
			<string>4</string>
			<key>isa</key>
			<string>PBXFileReference</string>
			<key>lastKnownFileType</key>
			<string>sourcecode.c.h</string>
			<key>path</key>
			<string>OTAppDelegate.h</string>
			<key>sourceTree</key>
			<string>&lt;group&gt;</string>
		</dict>
		<key>6B4930CB19A773C500DA7EE0</key>
		<dict>
			<key>fileEncoding</key>
			<string>4</string>
			<key>isa</key>
			<string>PBXFileReference</string>
			<key>lastKnownFileType</key>
			<string>sourcecode.c.objc</string>
			<key>path</key>
			<string>OTAppDelegate.m</string>
			<key>sourceTree</key>
			<string>&lt;group&gt;</string>
		</dict>
		<key>6B4930CC19A773C500DA7EE0</key>
		<dict>
			<key>fileRef</key>
			<string>6B4930C519A773C500DA7EE0</string>
			<key>isa</key>
			<string>PBXBuildFile</string>
		</dict>
		<key>6B4930CD19A773C500DA7EE0</key>
		<dict>
			<key>fileRef</key>
			<string>6B4930C919A773C500DA7EE0</string>
			<key>isa</key>
			<string>PBXBuildFile</string>
		</dict>
		<key>6B4930CE19A773C500DA7EE0</key>
		<dict>
			<key>fileRef</key>
			<string>6B4930CB19A773C500DA7EE0</string>
			<key>isa</key>
			<string>PBXBuildFile</string>
		</dict>
		<key>6B4930CF19A773EC00DA7EE0</key>
		<dict>
			<key>children</key>
			<array>
				<string>6B4930DA19A779F200DA7EE0</string>
			</array>
			<key>isa</key>
			<string>PBXGroup</string>
			<key>path</key>
			<string>Assets</string>
			<key>sourceTree</key>
			<string>&lt;group&gt;</string>
		</dict>
		<key>6B4930D019A773EC00DA7EE0</key>
		<dict>
			<key>children</key>
			<array>
				<string>DBE9EF3819E7DFCD00031144</string>
				<string>6B4930D119A773EC00DA7EE0</string>
				<string>6B4930D219A773EC00DA7EE0</string>
			</array>
			<key>isa</key>
			<string>PBXGroup</string>
			<key>path</key>
			<string>Classes</string>
			<key>sourceTree</key>
			<string>&lt;group&gt;</string>
		</dict>
		<key>6B4930D119A773EC00DA7EE0</key>
		<dict>
			<key>children</key>
			<array>
				<string>6B4930D719A7793200DA7EE0</string>
				<string>6B4930D819A7793200DA7EE0</string>
			</array>
			<key>isa</key>
			<string>PBXGroup</string>
			<key>path</key>
			<string>Helper</string>
			<key>sourceTree</key>
			<string>&lt;group&gt;</string>
		</dict>
		<key>6B4930D219A773EC00DA7EE0</key>
		<dict>
			<key>children</key>
			<array>
				<string>6B4930D319A773EC00DA7EE0</string>
			</array>
			<key>isa</key>
			<string>PBXGroup</string>
			<key>path</key>
			<string>Model</string>
			<key>sourceTree</key>
			<string>&lt;group&gt;</string>
		</dict>
		<key>6B4930D319A773EC00DA7EE0</key>
		<dict>
			<key>fileEncoding</key>
			<string>4</string>
			<key>isa</key>
			<string>PBXFileReference</string>
			<key>lastKnownFileType</key>
			<string>sourcecode.c.objc</string>
			<key>path</key>
			<string>OTPoiTest.m</string>
			<key>sourceTree</key>
			<string>&lt;group&gt;</string>
		</dict>
		<key>6B4930D419A773EC00DA7EE0</key>
		<dict>
			<key>fileRef</key>
			<string>6B4930D319A773EC00DA7EE0</string>
			<key>isa</key>
			<string>PBXBuildFile</string>
		</dict>
		<key>6B4930D719A7793200DA7EE0</key>
		<dict>
			<key>fileEncoding</key>
			<string>4</string>
			<key>isa</key>
			<string>PBXFileReference</string>
			<key>lastKnownFileType</key>
			<string>sourcecode.c.h</string>
			<key>path</key>
			<string>OTTestHelper.h</string>
			<key>sourceTree</key>
			<string>&lt;group&gt;</string>
		</dict>
		<key>6B4930D819A7793200DA7EE0</key>
		<dict>
			<key>fileEncoding</key>
			<string>4</string>
			<key>isa</key>
			<string>PBXFileReference</string>
			<key>lastKnownFileType</key>
			<string>sourcecode.c.objc</string>
			<key>path</key>
			<string>OTTestHelper.m</string>
			<key>sourceTree</key>
			<string>&lt;group&gt;</string>
		</dict>
		<key>6B4930D919A7793200DA7EE0</key>
		<dict>
			<key>fileRef</key>
			<string>6B4930D819A7793200DA7EE0</string>
			<key>isa</key>
			<string>PBXBuildFile</string>
		</dict>
		<key>6B4930DA19A779F200DA7EE0</key>
		<dict>
			<key>fileEncoding</key>
			<string>4</string>
			<key>isa</key>
			<string>PBXFileReference</string>
			<key>lastKnownFileType</key>
			<string>text.json</string>
			<key>path</key>
			<string>poi_mock.json</string>
			<key>sourceTree</key>
			<string>&lt;group&gt;</string>
		</dict>
		<key>6B4930DB19A779F200DA7EE0</key>
		<dict>
			<key>fileRef</key>
			<string>6B4930DA19A779F200DA7EE0</string>
			<key>isa</key>
			<string>PBXBuildFile</string>
		</dict>
		<key>6B4930DC19A77C2F00DA7EE0</key>
		<dict>
			<key>children</key>
			<array>
				<string>6B4930DD19A77C2F00DA7EE0</string>
				<string>6B4930DE19A77C2F00DA7EE0</string>
			</array>
			<key>isa</key>
			<string>PBXGroup</string>
			<key>path</key>
			<string>Manager</string>
			<key>sourceTree</key>
			<string>&lt;group&gt;</string>
		</dict>
		<key>6B4930DD19A77C2F00DA7EE0</key>
		<dict>
			<key>fileEncoding</key>
			<string>4</string>
			<key>isa</key>
			<string>PBXFileReference</string>
			<key>lastKnownFileType</key>
			<string>sourcecode.c.h</string>
			<key>path</key>
			<string>OTHTTPRequestManager.h</string>
			<key>sourceTree</key>
			<string>&lt;group&gt;</string>
		</dict>
		<key>6B4930DE19A77C2F00DA7EE0</key>
		<dict>
			<key>fileEncoding</key>
			<string>4</string>
			<key>isa</key>
			<string>PBXFileReference</string>
			<key>lastKnownFileType</key>
			<string>sourcecode.c.objc</string>
			<key>path</key>
			<string>OTHTTPRequestManager.m</string>
			<key>sourceTree</key>
			<string>&lt;group&gt;</string>
		</dict>
		<key>6B4930DF19A77C2F00DA7EE0</key>
		<dict>
			<key>fileRef</key>
			<string>6B4930DE19A77C2F00DA7EE0</string>
			<key>isa</key>
			<string>PBXBuildFile</string>
		</dict>
		<key>6B4930E019A77DFE00DA7EE0</key>
		<dict>
			<key>children</key>
			<array>
				<string>6B4930E119A77E1D00DA7EE0</string>
				<string>6B4930E219A77E1D00DA7EE0</string>
			</array>
			<key>isa</key>
			<string>PBXGroup</string>
			<key>path</key>
			<string>Model</string>
			<key>sourceTree</key>
			<string>&lt;group&gt;</string>
		</dict>
		<key>6B4930E119A77E1D00DA7EE0</key>
		<dict>
			<key>fileEncoding</key>
			<string>4</string>
			<key>isa</key>
			<string>PBXFileReference</string>
			<key>lastKnownFileType</key>
			<string>sourcecode.c.h</string>
			<key>path</key>
			<string>OTPoi.h</string>
			<key>sourceTree</key>
			<string>&lt;group&gt;</string>
		</dict>
		<key>6B4930E219A77E1D00DA7EE0</key>
		<dict>
			<key>fileEncoding</key>
			<string>4</string>
			<key>isa</key>
			<string>PBXFileReference</string>
			<key>lastKnownFileType</key>
			<string>sourcecode.c.objc</string>
			<key>path</key>
			<string>OTPoi.m</string>
			<key>sourceTree</key>
			<string>&lt;group&gt;</string>
		</dict>
		<key>6B4930E319A77E1D00DA7EE0</key>
		<dict>
			<key>fileRef</key>
			<string>6B4930E219A77E1D00DA7EE0</string>
			<key>isa</key>
			<string>PBXBuildFile</string>
		</dict>
		<key>6B92CA9519A7461C004E8C9B</key>
		<dict>
			<key>children</key>
			<array>
				<string>6B92CAA719A7461C004E8C9B</string>
				<string>6B92CAC619A7461C004E8C9B</string>
				<string>6B92CAA019A7461C004E8C9B</string>
				<string>6B92CA9F19A7461C004E8C9B</string>
				<string>3D6ACAA7335664BE2C3F900F</string>
			</array>
			<key>isa</key>
			<string>PBXGroup</string>
			<key>sourceTree</key>
			<string>&lt;group&gt;</string>
		</dict>
		<key>6B92CA9619A7461C004E8C9B</key>
		<dict>
			<key>attributes</key>
			<dict>
				<key>CLASSPREFIX</key>
				<string>OT</string>
				<key>LastUpgradeCheck</key>
				<string>0510</string>
				<key>ORGANIZATIONNAME</key>
				<string>OCTO Technology</string>
				<key>TargetAttributes</key>
				<dict>
					<key>6B92CA9D19A7461C004E8C9B</key>
					<dict>
						<key>DevelopmentTeam</key>
						<string>7MA98J2NRQ</string>
					</dict>
					<key>6B92CABE19A7461C004E8C9B</key>
					<dict>
						<key>TestTargetID</key>
						<string>6B92CA9D19A7461C004E8C9B</string>
					</dict>
				</dict>
			</dict>
			<key>buildConfigurationList</key>
			<string>6B92CA9919A7461C004E8C9B</string>
			<key>compatibilityVersion</key>
			<string>Xcode 3.2</string>
			<key>developmentRegion</key>
			<string>English</string>
			<key>hasScannedForEncodings</key>
			<string>0</string>
			<key>isa</key>
			<string>PBXProject</string>
			<key>knownRegions</key>
			<array>
				<string>en</string>
				<string>Base</string>
			</array>
			<key>mainGroup</key>
			<string>6B92CA9519A7461C004E8C9B</string>
			<key>productRefGroup</key>
			<string>6B92CA9F19A7461C004E8C9B</string>
			<key>projectDirPath</key>
			<string></string>
			<key>projectReferences</key>
			<array/>
			<key>projectRoot</key>
			<string></string>
			<key>targets</key>
			<array>
				<string>6B92CA9D19A7461C004E8C9B</string>
				<string>6B92CABE19A7461C004E8C9B</string>
			</array>
		</dict>
		<key>6B92CA9919A7461C004E8C9B</key>
		<dict>
			<key>buildConfigurations</key>
			<array>
				<string>6B92CACE19A7461C004E8C9B</string>
				<string>6B92CACF19A7461C004E8C9B</string>
			</array>
			<key>defaultConfigurationIsVisible</key>
			<string>0</string>
			<key>defaultConfigurationName</key>
			<string>Release</string>
			<key>isa</key>
			<string>XCConfigurationList</string>
		</dict>
		<key>6B92CA9A19A7461C004E8C9B</key>
		<dict>
			<key>buildActionMask</key>
			<string>2147483647</string>
			<key>files</key>
			<array>
				<string>6B4930DF19A77C2F00DA7EE0</string>
				<string>6B4930CD19A773C500DA7EE0</string>
				<string>DBE9EF2C19E7D73300031144</string>
				<string>6B4930E319A77E1D00DA7EE0</string>
				<string>DBE9EF3719E7DCCA00031144</string>
				<string>6B4930CE19A773C500DA7EE0</string>
				<string>6B92CAAE19A7461C004E8C9B</string>
			</array>
			<key>isa</key>
			<string>PBXSourcesBuildPhase</string>
			<key>runOnlyForDeploymentPostprocessing</key>
			<string>0</string>
		</dict>
		<key>6B92CA9B19A7461C004E8C9B</key>
		<dict>
			<key>buildActionMask</key>
			<string>2147483647</string>
			<key>files</key>
			<array>
				<string>6B4930BE19A769EB00DA7EE0</string>
				<string>6B92CAA419A7461C004E8C9B</string>
				<string>6B92CAA619A7461C004E8C9B</string>
				<string>6B92CAA219A7461C004E8C9B</string>
				<string>3CE57D120A12410790CC58F0</string>
			</array>
			<key>isa</key>
			<string>PBXFrameworksBuildPhase</string>
			<key>runOnlyForDeploymentPostprocessing</key>
			<string>0</string>
		</dict>
		<key>6B92CA9C19A7461C004E8C9B</key>
		<dict>
			<key>buildActionMask</key>
			<string>2147483647</string>
			<key>files</key>
			<array>
				<string>6B4930CC19A773C500DA7EE0</string>
				<string>6B92CABA19A7461C004E8C9B</string>
				<string>DBE9EF3319E7DBDE00031144</string>
				<string>6B92CAAC19A7461C004E8C9B</string>
				<string>DBE9EF3419E7DBDE00031144</string>
			</array>
			<key>isa</key>
			<string>PBXResourcesBuildPhase</string>
			<key>runOnlyForDeploymentPostprocessing</key>
			<string>0</string>
		</dict>
		<key>6B92CA9D19A7461C004E8C9B</key>
		<dict>
			<key>buildConfigurationList</key>
			<string>6B92CAD019A7461C004E8C9B</string>
			<key>buildPhases</key>
			<array>
				<string>8447845D58724A5CA61AABA4</string>
				<string>6B92CA9A19A7461C004E8C9B</string>
				<string>6B92CA9B19A7461C004E8C9B</string>
				<string>6B92CA9C19A7461C004E8C9B</string>
				<string>9893A6C3CA40422E81C17B55</string>
			</array>
			<key>buildRules</key>
			<array/>
			<key>dependencies</key>
			<array/>
			<key>isa</key>
			<string>PBXNativeTarget</string>
			<key>name</key>
			<string>entourage</string>
			<key>productName</key>
			<string>entourage</string>
			<key>productReference</key>
			<string>6B92CA9E19A7461C004E8C9B</string>
			<key>productType</key>
			<string>com.apple.product-type.application</string>
		</dict>
		<key>6B92CA9E19A7461C004E8C9B</key>
		<dict>
			<key>explicitFileType</key>
			<string>wrapper.application</string>
			<key>includeInIndex</key>
			<string>0</string>
			<key>isa</key>
			<string>PBXFileReference</string>
			<key>path</key>
			<string>entourage.app</string>
			<key>sourceTree</key>
			<string>BUILT_PRODUCTS_DIR</string>
		</dict>
		<key>6B92CA9F19A7461C004E8C9B</key>
		<dict>
			<key>children</key>
			<array>
				<string>6B92CA9E19A7461C004E8C9B</string>
				<string>6B92CABF19A7461C004E8C9B</string>
			</array>
			<key>isa</key>
			<string>PBXGroup</string>
			<key>name</key>
			<string>Products</string>
			<key>sourceTree</key>
			<string>&lt;group&gt;</string>
		</dict>
		<key>6B92CAA019A7461C004E8C9B</key>
		<dict>
			<key>children</key>
			<array>
				<string>6B4930BD19A769EB00DA7EE0</string>
				<string>6B92CAA119A7461C004E8C9B</string>
				<string>6B92CAA319A7461C004E8C9B</string>
				<string>6B92CAA519A7461C004E8C9B</string>
				<string>6B92CAC019A7461C004E8C9B</string>
				<string>7B26FE3EE0C7470099733881</string>
				<string>2E118F5FD1F403E5EE48B2C6</string>
			</array>
			<key>isa</key>
			<string>PBXGroup</string>
			<key>name</key>
			<string>Frameworks</string>
			<key>sourceTree</key>
			<string>&lt;group&gt;</string>
		</dict>
		<key>6B92CAA119A7461C004E8C9B</key>
		<dict>
			<key>isa</key>
			<string>PBXFileReference</string>
			<key>lastKnownFileType</key>
			<string>wrapper.framework</string>
			<key>name</key>
			<string>Foundation.framework</string>
			<key>path</key>
			<string>System/Library/Frameworks/Foundation.framework</string>
			<key>sourceTree</key>
			<string>SDKROOT</string>
		</dict>
		<key>6B92CAA219A7461C004E8C9B</key>
		<dict>
			<key>fileRef</key>
			<string>6B92CAA119A7461C004E8C9B</string>
			<key>isa</key>
			<string>PBXBuildFile</string>
		</dict>
		<key>6B92CAA319A7461C004E8C9B</key>
		<dict>
			<key>isa</key>
			<string>PBXFileReference</string>
			<key>lastKnownFileType</key>
			<string>wrapper.framework</string>
			<key>name</key>
			<string>CoreGraphics.framework</string>
			<key>path</key>
			<string>System/Library/Frameworks/CoreGraphics.framework</string>
			<key>sourceTree</key>
			<string>SDKROOT</string>
		</dict>
		<key>6B92CAA419A7461C004E8C9B</key>
		<dict>
			<key>fileRef</key>
			<string>6B92CAA319A7461C004E8C9B</string>
			<key>isa</key>
			<string>PBXBuildFile</string>
		</dict>
		<key>6B92CAA519A7461C004E8C9B</key>
		<dict>
			<key>isa</key>
			<string>PBXFileReference</string>
			<key>lastKnownFileType</key>
			<string>wrapper.framework</string>
			<key>name</key>
			<string>UIKit.framework</string>
			<key>path</key>
			<string>System/Library/Frameworks/UIKit.framework</string>
			<key>sourceTree</key>
			<string>SDKROOT</string>
		</dict>
		<key>6B92CAA619A7461C004E8C9B</key>
		<dict>
			<key>fileRef</key>
			<string>6B92CAA519A7461C004E8C9B</string>
			<key>isa</key>
			<string>PBXBuildFile</string>
		</dict>
		<key>6B92CAA719A7461C004E8C9B</key>
		<dict>
			<key>children</key>
			<array>
				<string>6B4930C319A773C500DA7EE0</string>
				<string>6B4930C419A773C500DA7EE0</string>
				<string>6B92CAB919A7461C004E8C9B</string>
				<string>6B92CAA819A7461C004E8C9B</string>
			</array>
			<key>isa</key>
			<string>PBXGroup</string>
			<key>path</key>
			<string>entourage</string>
			<key>sourceTree</key>
			<string>&lt;group&gt;</string>
		</dict>
		<key>6B92CAA819A7461C004E8C9B</key>
		<dict>
			<key>children</key>
			<array>
				<string>6B92CAA919A7461C004E8C9B</string>
				<string>6B92CAAA19A7461C004E8C9B</string>
				<string>6B92CAAD19A7461C004E8C9B</string>
				<string>6B92CAAF19A7461C004E8C9B</string>
			</array>
			<key>isa</key>
			<string>PBXGroup</string>
			<key>name</key>
			<string>Supporting Files</string>
			<key>sourceTree</key>
			<string>&lt;group&gt;</string>
		</dict>
		<key>6B92CAA919A7461C004E8C9B</key>
		<dict>
			<key>isa</key>
			<string>PBXFileReference</string>
			<key>lastKnownFileType</key>
			<string>text.plist.xml</string>
			<key>path</key>
			<string>entourage-Info.plist</string>
			<key>sourceTree</key>
			<string>&lt;group&gt;</string>
		</dict>
		<key>6B92CAAA19A7461C004E8C9B</key>
		<dict>
			<key>children</key>
			<array>
				<string>6B92CAAB19A7461C004E8C9B</string>
			</array>
			<key>isa</key>
			<string>PBXVariantGroup</string>
			<key>name</key>
			<string>InfoPlist.strings</string>
			<key>sourceTree</key>
			<string>&lt;group&gt;</string>
		</dict>
		<key>6B92CAAB19A7461C004E8C9B</key>
		<dict>
			<key>isa</key>
			<string>PBXFileReference</string>
			<key>lastKnownFileType</key>
			<string>text.plist.strings</string>
			<key>name</key>
			<string>en</string>
			<key>path</key>
			<string>en.lproj/InfoPlist.strings</string>
			<key>sourceTree</key>
			<string>&lt;group&gt;</string>
		</dict>
		<key>6B92CAAC19A7461C004E8C9B</key>
		<dict>
			<key>fileRef</key>
			<string>6B92CAAA19A7461C004E8C9B</string>
			<key>isa</key>
			<string>PBXBuildFile</string>
		</dict>
		<key>6B92CAAD19A7461C004E8C9B</key>
		<dict>
			<key>isa</key>
			<string>PBXFileReference</string>
			<key>lastKnownFileType</key>
			<string>sourcecode.c.objc</string>
			<key>path</key>
			<string>main.m</string>
			<key>sourceTree</key>
			<string>&lt;group&gt;</string>
		</dict>
		<key>6B92CAAE19A7461C004E8C9B</key>
		<dict>
			<key>fileRef</key>
			<string>6B92CAAD19A7461C004E8C9B</string>
			<key>isa</key>
			<string>PBXBuildFile</string>
		</dict>
		<key>6B92CAAF19A7461C004E8C9B</key>
		<dict>
			<key>isa</key>
			<string>PBXFileReference</string>
			<key>lastKnownFileType</key>
			<string>sourcecode.c.h</string>
			<key>path</key>
			<string>entourage-Prefix.pch</string>
			<key>sourceTree</key>
			<string>&lt;group&gt;</string>
		</dict>
		<key>6B92CAB919A7461C004E8C9B</key>
		<dict>
			<key>isa</key>
			<string>PBXFileReference</string>
			<key>lastKnownFileType</key>
			<string>folder.assetcatalog</string>
			<key>path</key>
			<string>Images.xcassets</string>
			<key>sourceTree</key>
			<string>&lt;group&gt;</string>
		</dict>
		<key>6B92CABA19A7461C004E8C9B</key>
		<dict>
			<key>fileRef</key>
			<string>6B92CAB919A7461C004E8C9B</string>
			<key>isa</key>
			<string>PBXBuildFile</string>
		</dict>
		<key>6B92CABB19A7461C004E8C9B</key>
		<dict>
			<key>buildActionMask</key>
			<string>2147483647</string>
			<key>files</key>
			<array>
				<string>6B4930D919A7793200DA7EE0</string>
				<string>6B4930D419A773EC00DA7EE0</string>
			</array>
			<key>isa</key>
			<string>PBXSourcesBuildPhase</string>
			<key>runOnlyForDeploymentPostprocessing</key>
			<string>0</string>
		</dict>
		<key>6B92CABC19A7461C004E8C9B</key>
		<dict>
			<key>buildActionMask</key>
			<string>2147483647</string>
			<key>files</key>
			<array>
				<string>6B92CAC119A7461C004E8C9B</string>
				<string>6B92CAC319A7461C004E8C9B</string>
				<string>6B92CAC219A7461C004E8C9B</string>
				<string>5C822C5BF4546B8E89D80939</string>
			</array>
			<key>isa</key>
			<string>PBXFrameworksBuildPhase</string>
			<key>runOnlyForDeploymentPostprocessing</key>
			<string>0</string>
		</dict>
		<key>6B92CABD19A7461C004E8C9B</key>
		<dict>
			<key>buildActionMask</key>
			<string>2147483647</string>
			<key>files</key>
			<array>
				<string>6B4930DB19A779F200DA7EE0</string>
				<string>6B92CACB19A7461C004E8C9B</string>
			</array>
			<key>isa</key>
			<string>PBXResourcesBuildPhase</string>
			<key>runOnlyForDeploymentPostprocessing</key>
			<string>0</string>
		</dict>
		<key>6B92CABE19A7461C004E8C9B</key>
		<dict>
			<key>buildConfigurationList</key>
			<string>6B92CAD319A7461C004E8C9B</string>
			<key>buildPhases</key>
			<array>
				<string>EA2C8874247C3400CC05B210</string>
				<string>6B92CABB19A7461C004E8C9B</string>
				<string>6B92CABC19A7461C004E8C9B</string>
				<string>6B92CABD19A7461C004E8C9B</string>
				<string>F31EA7ACC34E7ECD786F016A</string>
			</array>
			<key>buildRules</key>
			<array/>
			<key>dependencies</key>
			<array>
				<string>6B92CAC519A7461C004E8C9B</string>
			</array>
			<key>isa</key>
			<string>PBXNativeTarget</string>
			<key>name</key>
			<string>entourageTests</string>
			<key>productName</key>
			<string>entourageTests</string>
			<key>productReference</key>
			<string>6B92CABF19A7461C004E8C9B</string>
			<key>productType</key>
			<string>com.apple.product-type.bundle.unit-test</string>
		</dict>
		<key>6B92CABF19A7461C004E8C9B</key>
		<dict>
			<key>explicitFileType</key>
			<string>wrapper.cfbundle</string>
			<key>includeInIndex</key>
			<string>0</string>
			<key>isa</key>
			<string>PBXFileReference</string>
			<key>path</key>
			<string>entourageTests.xctest</string>
			<key>sourceTree</key>
			<string>BUILT_PRODUCTS_DIR</string>
		</dict>
		<key>6B92CAC019A7461C004E8C9B</key>
		<dict>
			<key>isa</key>
			<string>PBXFileReference</string>
			<key>lastKnownFileType</key>
			<string>wrapper.framework</string>
			<key>name</key>
			<string>XCTest.framework</string>
			<key>path</key>
			<string>Library/Frameworks/XCTest.framework</string>
			<key>sourceTree</key>
			<string>DEVELOPER_DIR</string>
		</dict>
		<key>6B92CAC119A7461C004E8C9B</key>
		<dict>
			<key>fileRef</key>
			<string>6B92CAC019A7461C004E8C9B</string>
			<key>isa</key>
			<string>PBXBuildFile</string>
		</dict>
		<key>6B92CAC219A7461C004E8C9B</key>
		<dict>
			<key>fileRef</key>
			<string>6B92CAA119A7461C004E8C9B</string>
			<key>isa</key>
			<string>PBXBuildFile</string>
		</dict>
		<key>6B92CAC319A7461C004E8C9B</key>
		<dict>
			<key>fileRef</key>
			<string>6B92CAA519A7461C004E8C9B</string>
			<key>isa</key>
			<string>PBXBuildFile</string>
		</dict>
		<key>6B92CAC419A7461C004E8C9B</key>
		<dict>
			<key>containerPortal</key>
			<string>6B92CA9619A7461C004E8C9B</string>
			<key>isa</key>
			<string>PBXContainerItemProxy</string>
			<key>proxyType</key>
			<string>1</string>
			<key>remoteGlobalIDString</key>
			<string>6B92CA9D19A7461C004E8C9B</string>
			<key>remoteInfo</key>
			<string>entourage</string>
		</dict>
		<key>6B92CAC519A7461C004E8C9B</key>
		<dict>
			<key>isa</key>
			<string>PBXTargetDependency</string>
			<key>target</key>
			<string>6B92CA9D19A7461C004E8C9B</string>
			<key>targetProxy</key>
			<string>6B92CAC419A7461C004E8C9B</string>
		</dict>
		<key>6B92CAC619A7461C004E8C9B</key>
		<dict>
			<key>children</key>
			<array>
				<string>6B4930CF19A773EC00DA7EE0</string>
				<string>6B4930D019A773EC00DA7EE0</string>
				<string>6B92CAC719A7461C004E8C9B</string>
			</array>
			<key>isa</key>
			<string>PBXGroup</string>
			<key>path</key>
			<string>entourageTests</string>
			<key>sourceTree</key>
			<string>&lt;group&gt;</string>
		</dict>
		<key>6B92CAC719A7461C004E8C9B</key>
		<dict>
			<key>children</key>
			<array>
				<string>6B92CAC819A7461C004E8C9B</string>
				<string>6B92CAC919A7461C004E8C9B</string>
			</array>
			<key>isa</key>
			<string>PBXGroup</string>
			<key>name</key>
			<string>Supporting Files</string>
			<key>sourceTree</key>
			<string>&lt;group&gt;</string>
		</dict>
		<key>6B92CAC819A7461C004E8C9B</key>
		<dict>
			<key>isa</key>
			<string>PBXFileReference</string>
			<key>lastKnownFileType</key>
			<string>text.plist.xml</string>
			<key>path</key>
			<string>entourageTests-Info.plist</string>
			<key>sourceTree</key>
			<string>&lt;group&gt;</string>
		</dict>
		<key>6B92CAC919A7461C004E8C9B</key>
		<dict>
			<key>children</key>
			<array>
				<string>6B92CACA19A7461C004E8C9B</string>
			</array>
			<key>isa</key>
			<string>PBXVariantGroup</string>
			<key>name</key>
			<string>InfoPlist.strings</string>
			<key>sourceTree</key>
			<string>&lt;group&gt;</string>
		</dict>
		<key>6B92CACA19A7461C004E8C9B</key>
		<dict>
			<key>isa</key>
			<string>PBXFileReference</string>
			<key>lastKnownFileType</key>
			<string>text.plist.strings</string>
			<key>name</key>
			<string>en</string>
			<key>path</key>
			<string>en.lproj/InfoPlist.strings</string>
			<key>sourceTree</key>
			<string>&lt;group&gt;</string>
		</dict>
		<key>6B92CACB19A7461C004E8C9B</key>
		<dict>
			<key>fileRef</key>
			<string>6B92CAC919A7461C004E8C9B</string>
			<key>isa</key>
			<string>PBXBuildFile</string>
		</dict>
		<key>6B92CACE19A7461C004E8C9B</key>
		<dict>
			<key>buildSettings</key>
			<dict>
				<key>ALWAYS_SEARCH_USER_PATHS</key>
				<string>NO</string>
				<key>CLANG_CXX_LANGUAGE_STANDARD</key>
				<string>gnu++0x</string>
				<key>CLANG_CXX_LIBRARY</key>
				<string>libc++</string>
				<key>CLANG_ENABLE_MODULES</key>
				<string>YES</string>
				<key>CLANG_ENABLE_OBJC_ARC</key>
				<string>YES</string>
				<key>CLANG_WARN_BOOL_CONVERSION</key>
				<string>YES</string>
				<key>CLANG_WARN_CONSTANT_CONVERSION</key>
				<string>YES</string>
				<key>CLANG_WARN_DIRECT_OBJC_ISA_USAGE</key>
				<string>YES_ERROR</string>
				<key>CLANG_WARN_EMPTY_BODY</key>
				<string>YES</string>
				<key>CLANG_WARN_ENUM_CONVERSION</key>
				<string>YES</string>
				<key>CLANG_WARN_INT_CONVERSION</key>
				<string>YES</string>
				<key>CLANG_WARN_OBJC_ROOT_CLASS</key>
				<string>YES_ERROR</string>
				<key>CLANG_WARN__DUPLICATE_METHOD_MATCH</key>
				<string>YES</string>
				<key>CODE_SIGN_IDENTITY[sdk=iphoneos*]</key>
				<string>iPhone Developer</string>
				<key>COPY_PHASE_STRIP</key>
				<string>NO</string>
				<key>GCC_C_LANGUAGE_STANDARD</key>
				<string>gnu99</string>
				<key>GCC_DYNAMIC_NO_PIC</key>
				<string>NO</string>
				<key>GCC_OPTIMIZATION_LEVEL</key>
				<string>0</string>
				<key>GCC_PREPROCESSOR_DEFINITIONS</key>
				<array>
					<string>DEBUG=1</string>
					<string>$(inherited)</string>
				</array>
				<key>GCC_SYMBOLS_PRIVATE_EXTERN</key>
				<string>NO</string>
				<key>GCC_WARN_64_TO_32_BIT_CONVERSION</key>
				<string>YES</string>
				<key>GCC_WARN_ABOUT_RETURN_TYPE</key>
				<string>YES_ERROR</string>
				<key>GCC_WARN_UNDECLARED_SELECTOR</key>
				<string>YES</string>
				<key>GCC_WARN_UNINITIALIZED_AUTOS</key>
				<string>YES_AGGRESSIVE</string>
				<key>GCC_WARN_UNUSED_FUNCTION</key>
				<string>YES</string>
				<key>GCC_WARN_UNUSED_VARIABLE</key>
				<string>YES</string>
				<key>IPHONEOS_DEPLOYMENT_TARGET</key>
				<string>7.1</string>
				<key>ONLY_ACTIVE_ARCH</key>
				<string>YES</string>
				<key>SDKROOT</key>
				<string>iphoneos</string>
			</dict>
			<key>isa</key>
			<string>XCBuildConfiguration</string>
			<key>name</key>
			<string>Debug</string>
		</dict>
		<key>6B92CACF19A7461C004E8C9B</key>
		<dict>
			<key>buildSettings</key>
			<dict>
				<key>ALWAYS_SEARCH_USER_PATHS</key>
				<string>NO</string>
				<key>CLANG_CXX_LANGUAGE_STANDARD</key>
				<string>gnu++0x</string>
				<key>CLANG_CXX_LIBRARY</key>
				<string>libc++</string>
				<key>CLANG_ENABLE_MODULES</key>
				<string>YES</string>
				<key>CLANG_ENABLE_OBJC_ARC</key>
				<string>YES</string>
				<key>CLANG_WARN_BOOL_CONVERSION</key>
				<string>YES</string>
				<key>CLANG_WARN_CONSTANT_CONVERSION</key>
				<string>YES</string>
				<key>CLANG_WARN_DIRECT_OBJC_ISA_USAGE</key>
				<string>YES_ERROR</string>
				<key>CLANG_WARN_EMPTY_BODY</key>
				<string>YES</string>
				<key>CLANG_WARN_ENUM_CONVERSION</key>
				<string>YES</string>
				<key>CLANG_WARN_INT_CONVERSION</key>
				<string>YES</string>
				<key>CLANG_WARN_OBJC_ROOT_CLASS</key>
				<string>YES_ERROR</string>
				<key>CLANG_WARN__DUPLICATE_METHOD_MATCH</key>
				<string>YES</string>
				<key>CODE_SIGN_IDENTITY[sdk=iphoneos*]</key>
				<string>iPhone Developer</string>
				<key>COPY_PHASE_STRIP</key>
				<string>YES</string>
				<key>ENABLE_NS_ASSERTIONS</key>
				<string>NO</string>
				<key>GCC_C_LANGUAGE_STANDARD</key>
				<string>gnu99</string>
				<key>GCC_WARN_64_TO_32_BIT_CONVERSION</key>
				<string>YES</string>
				<key>GCC_WARN_ABOUT_RETURN_TYPE</key>
				<string>YES_ERROR</string>
				<key>GCC_WARN_UNDECLARED_SELECTOR</key>
				<string>YES</string>
				<key>GCC_WARN_UNINITIALIZED_AUTOS</key>
				<string>YES_AGGRESSIVE</string>
				<key>GCC_WARN_UNUSED_FUNCTION</key>
				<string>YES</string>
				<key>GCC_WARN_UNUSED_VARIABLE</key>
				<string>YES</string>
				<key>IPHONEOS_DEPLOYMENT_TARGET</key>
				<string>7.1</string>
				<key>SDKROOT</key>
				<string>iphoneos</string>
				<key>VALIDATE_PRODUCT</key>
				<string>YES</string>
			</dict>
			<key>isa</key>
			<string>XCBuildConfiguration</string>
			<key>name</key>
			<string>Release</string>
		</dict>
		<key>6B92CAD019A7461C004E8C9B</key>
		<dict>
			<key>buildConfigurations</key>
			<array>
				<string>6B92CAD119A7461C004E8C9B</string>
				<string>6B92CAD219A7461C004E8C9B</string>
			</array>
			<key>defaultConfigurationIsVisible</key>
			<string>0</string>
			<key>defaultConfigurationName</key>
			<string>Release</string>
			<key>isa</key>
			<string>XCConfigurationList</string>
		</dict>
		<key>6B92CAD119A7461C004E8C9B</key>
		<dict>
			<key>baseConfigurationReference</key>
			<string>611EAAEE6FD7C40D2D6901E0</string>
			<key>buildSettings</key>
			<dict>
				<key>ASSETCATALOG_COMPILER_APPICON_NAME</key>
				<string>AppIcon</string>
				<key>ASSETCATALOG_COMPILER_LAUNCHIMAGE_NAME</key>
				<string>LaunchImage</string>
				<key>CODE_SIGN_IDENTITY</key>
				<string>iPhone Developer</string>
				<key>GCC_PRECOMPILE_PREFIX_HEADER</key>
				<string>YES</string>
				<key>GCC_PREFIX_HEADER</key>
				<string>entourage/entourage-Prefix.pch</string>
				<key>INFOPLIST_FILE</key>
				<string>entourage/entourage-Info.plist</string>
				<key>IPHONEOS_DEPLOYMENT_TARGET</key>
				<string>7.0</string>
				<key>PRODUCT_NAME</key>
				<string>$(TARGET_NAME)</string>
				<key>WRAPPER_EXTENSION</key>
				<string>app</string>
			</dict>
			<key>isa</key>
			<string>XCBuildConfiguration</string>
			<key>name</key>
			<string>Debug</string>
		</dict>
		<key>6B92CAD219A7461C004E8C9B</key>
		<dict>
			<key>baseConfigurationReference</key>
			<string>C73A9D64DE47F808E1B2C0F4</string>
			<key>buildSettings</key>
			<dict>
				<key>ASSETCATALOG_COMPILER_APPICON_NAME</key>
				<string>AppIcon</string>
				<key>ASSETCATALOG_COMPILER_LAUNCHIMAGE_NAME</key>
				<string>LaunchImage</string>
				<key>CODE_SIGN_IDENTITY</key>
				<string>iPhone Developer</string>
				<key>GCC_PRECOMPILE_PREFIX_HEADER</key>
				<string>YES</string>
				<key>GCC_PREFIX_HEADER</key>
				<string>entourage/entourage-Prefix.pch</string>
				<key>INFOPLIST_FILE</key>
				<string>entourage/entourage-Info.plist</string>
				<key>IPHONEOS_DEPLOYMENT_TARGET</key>
				<string>7.0</string>
				<key>PRODUCT_NAME</key>
				<string>$(TARGET_NAME)</string>
				<key>WRAPPER_EXTENSION</key>
				<string>app</string>
			</dict>
			<key>isa</key>
			<string>XCBuildConfiguration</string>
			<key>name</key>
			<string>Release</string>
		</dict>
		<key>6B92CAD319A7461C004E8C9B</key>
		<dict>
			<key>buildConfigurations</key>
			<array>
				<string>6B92CAD419A7461C004E8C9B</string>
				<string>6B92CAD519A7461C004E8C9B</string>
			</array>
			<key>defaultConfigurationIsVisible</key>
			<string>0</string>
			<key>defaultConfigurationName</key>
			<string>Release</string>
			<key>isa</key>
			<string>XCConfigurationList</string>
		</dict>
		<key>6B92CAD419A7461C004E8C9B</key>
		<dict>
			<key>baseConfigurationReference</key>
			<string>96211180E938D7D9F5B23AC5</string>
			<key>buildSettings</key>
			<dict>
				<key>BUNDLE_LOADER</key>
				<string>$(BUILT_PRODUCTS_DIR)/entourage.app/entourage</string>
				<key>FRAMEWORK_SEARCH_PATHS</key>
				<array>
					<string>$(SDKROOT)/Developer/Library/Frameworks</string>
					<string>$(inherited)</string>
					<string>$(DEVELOPER_FRAMEWORKS_DIR)</string>
				</array>
				<key>GCC_PRECOMPILE_PREFIX_HEADER</key>
				<string>YES</string>
				<key>GCC_PREFIX_HEADER</key>
				<string>entourage/entourage-Prefix.pch</string>
				<key>GCC_PREPROCESSOR_DEFINITIONS</key>
				<array>
					<string>DEBUG=1</string>
					<string>$(inherited)</string>
				</array>
				<key>INFOPLIST_FILE</key>
				<string>entourageTests/entourageTests-Info.plist</string>
				<key>PRODUCT_NAME</key>
				<string>$(TARGET_NAME)</string>
				<key>TEST_HOST</key>
				<string>$(BUNDLE_LOADER)</string>
				<key>WRAPPER_EXTENSION</key>
				<string>xctest</string>
			</dict>
			<key>isa</key>
			<string>XCBuildConfiguration</string>
			<key>name</key>
			<string>Debug</string>
		</dict>
		<key>6B92CAD519A7461C004E8C9B</key>
		<dict>
			<key>baseConfigurationReference</key>
			<string>E54D38E2663076C6388D22C9</string>
			<key>buildSettings</key>
			<dict>
				<key>BUNDLE_LOADER</key>
				<string>$(BUILT_PRODUCTS_DIR)/entourage.app/entourage</string>
				<key>FRAMEWORK_SEARCH_PATHS</key>
				<array>
					<string>$(SDKROOT)/Developer/Library/Frameworks</string>
					<string>$(inherited)</string>
					<string>$(DEVELOPER_FRAMEWORKS_DIR)</string>
				</array>
				<key>GCC_PRECOMPILE_PREFIX_HEADER</key>
				<string>YES</string>
				<key>GCC_PREFIX_HEADER</key>
				<string>entourage/entourage-Prefix.pch</string>
				<key>INFOPLIST_FILE</key>
				<string>entourageTests/entourageTests-Info.plist</string>
				<key>PRODUCT_NAME</key>
				<string>$(TARGET_NAME)</string>
				<key>TEST_HOST</key>
				<string>$(BUNDLE_LOADER)</string>
				<key>WRAPPER_EXTENSION</key>
				<string>xctest</string>
			</dict>
			<key>isa</key>
			<string>XCBuildConfiguration</string>
			<key>name</key>
			<string>Release</string>
		</dict>
		<key>7B26FE3EE0C7470099733881</key>
		<dict>
			<key>explicitFileType</key>
			<string>archive.ar</string>
			<key>includeInIndex</key>
			<string>0</string>
			<key>isa</key>
			<string>PBXFileReference</string>
			<key>path</key>
			<string>libPods-entourage.a</string>
			<key>sourceTree</key>
			<string>BUILT_PRODUCTS_DIR</string>
		</dict>
		<key>8447845D58724A5CA61AABA4</key>
		<dict>
			<key>buildActionMask</key>
			<string>2147483647</string>
			<key>files</key>
			<array/>
			<key>inputPaths</key>
			<array/>
			<key>isa</key>
			<string>PBXShellScriptBuildPhase</string>
			<key>name</key>
			<string>Check Pods Manifest.lock</string>
			<key>outputPaths</key>
			<array/>
			<key>runOnlyForDeploymentPostprocessing</key>
			<string>0</string>
			<key>shellPath</key>
			<string>/bin/sh</string>
			<key>shellScript</key>
			<string>diff "${PODS_ROOT}/../Podfile.lock" "${PODS_ROOT}/Manifest.lock" &gt; /dev/null
if [[ $? != 0 ]] ; then
    cat &lt;&lt; EOM
error: The sandbox is not in sync with the Podfile.lock. Run 'pod install' or update your CocoaPods installation.
EOM
    exit 1
fi
</string>
			<key>showEnvVarsInLog</key>
			<string>0</string>
		</dict>
		<key>96211180E938D7D9F5B23AC5</key>
		<dict>
			<key>includeInIndex</key>
			<string>1</string>
			<key>isa</key>
			<string>PBXFileReference</string>
			<key>lastKnownFileType</key>
			<string>text.xcconfig</string>
			<key>name</key>
			<string>Pods-entourageTests.debug.xcconfig</string>
			<key>path</key>
			<string>Pods/Target Support Files/Pods-entourageTests/Pods-entourageTests.debug.xcconfig</string>
			<key>sourceTree</key>
			<string>&lt;group&gt;</string>
		</dict>
		<key>9893A6C3CA40422E81C17B55</key>
		<dict>
			<key>buildActionMask</key>
			<string>2147483647</string>
			<key>files</key>
			<array/>
			<key>inputPaths</key>
			<array/>
			<key>isa</key>
			<string>PBXShellScriptBuildPhase</string>
			<key>name</key>
			<string>Copy Pods Resources</string>
			<key>outputPaths</key>
			<array/>
			<key>runOnlyForDeploymentPostprocessing</key>
			<string>0</string>
			<key>shellPath</key>
			<string>/bin/sh</string>
			<key>shellScript</key>
			<string>"${SRCROOT}/Pods/Target Support Files/Pods-entourage/Pods-entourage-resources.sh"
</string>
			<key>showEnvVarsInLog</key>
			<string>0</string>
		</dict>
		<key>C73A9D64DE47F808E1B2C0F4</key>
		<dict>
			<key>includeInIndex</key>
			<string>1</string>
			<key>isa</key>
			<string>PBXFileReference</string>
			<key>lastKnownFileType</key>
			<string>text.xcconfig</string>
			<key>name</key>
			<string>Pods-entourage.release.xcconfig</string>
			<key>path</key>
			<string>Pods/Target Support Files/Pods-entourage/Pods-entourage.release.xcconfig</string>
			<key>sourceTree</key>
			<string>&lt;group&gt;</string>
		</dict>
		<key>DBE9EF2919E7D71C00031144</key>
		<dict>
			<key>children</key>
			<array>
				<string>DBE9EF2A19E7D73300031144</string>
				<string>DBE9EF2B19E7D73300031144</string>
				<string>DBE9EF3519E7DCCA00031144</string>
				<string>DBE9EF3619E7DCCA00031144</string>
			</array>
			<key>isa</key>
			<string>PBXGroup</string>
			<key>name</key>
			<string>Menu</string>
			<key>sourceTree</key>
			<string>&lt;group&gt;</string>
		</dict>
		<key>DBE9EF2A19E7D73300031144</key>
		<dict>
			<key>fileEncoding</key>
			<string>4</string>
			<key>isa</key>
			<string>PBXFileReference</string>
			<key>lastKnownFileType</key>
			<string>sourcecode.c.h</string>
			<key>path</key>
			<string>OTMenuViewController.h</string>
			<key>sourceTree</key>
			<string>&lt;group&gt;</string>
		</dict>
		<key>DBE9EF2B19E7D73300031144</key>
		<dict>
			<key>fileEncoding</key>
			<string>4</string>
			<key>isa</key>
			<string>PBXFileReference</string>
			<key>lastKnownFileType</key>
			<string>sourcecode.c.objc</string>
			<key>path</key>
			<string>OTMenuViewController.m</string>
			<key>sourceTree</key>
			<string>&lt;group&gt;</string>
		</dict>
		<key>DBE9EF2C19E7D73300031144</key>
		<dict>
			<key>fileRef</key>
			<string>DBE9EF2B19E7D73300031144</string>
			<key>isa</key>
			<string>PBXBuildFile</string>
		</dict>
		<key>DBE9EF3019E7DB5800031144</key>
		<dict>
			<key>children</key>
			<array>
				<string>DBE9EF3119E7DBDE00031144</string>
				<string>DBE9EF3219E7DBDE00031144</string>
			</array>
			<key>isa</key>
			<string>PBXGroup</string>
			<key>name</key>
			<string>Menu</string>
			<key>sourceTree</key>
			<string>&lt;group&gt;</string>
		</dict>
		<key>DBE9EF3119E7DBDE00031144</key>
		<dict>
			<key>isa</key>
			<string>PBXFileReference</string>
			<key>lastKnownFileType</key>
			<string>image.png</string>
			<key>path</key>
			<string>ic_menu.png</string>
			<key>sourceTree</key>
			<string>SOURCE_ROOT</string>
		</dict>
		<key>DBE9EF3219E7DBDE00031144</key>
		<dict>
			<key>isa</key>
			<string>PBXFileReference</string>
			<key>lastKnownFileType</key>
			<string>image.png</string>
			<key>path</key>
			<string>ic_menu@2x.png</string>
			<key>sourceTree</key>
			<string>SOURCE_ROOT</string>
		</dict>
		<key>DBE9EF3319E7DBDE00031144</key>
		<dict>
			<key>fileRef</key>
			<string>DBE9EF3119E7DBDE00031144</string>
			<key>isa</key>
			<string>PBXBuildFile</string>
		</dict>
		<key>DBE9EF3419E7DBDE00031144</key>
		<dict>
			<key>fileRef</key>
			<string>DBE9EF3219E7DBDE00031144</string>
			<key>isa</key>
			<string>PBXBuildFile</string>
		</dict>
		<key>DBE9EF3519E7DCCA00031144</key>
		<dict>
			<key>fileEncoding</key>
			<string>4</string>
			<key>isa</key>
			<string>PBXFileReference</string>
			<key>lastKnownFileType</key>
			<string>sourcecode.c.h</string>
			<key>path</key>
			<string>UIViewController+menu.h</string>
			<key>sourceTree</key>
			<string>&lt;group&gt;</string>
		</dict>
		<key>DBE9EF3619E7DCCA00031144</key>
		<dict>
			<key>fileEncoding</key>
			<string>4</string>
			<key>isa</key>
			<string>PBXFileReference</string>
			<key>lastKnownFileType</key>
			<string>sourcecode.c.objc</string>
			<key>path</key>
			<string>UIViewController+menu.m</string>
			<key>sourceTree</key>
			<string>&lt;group&gt;</string>
		</dict>
		<key>DBE9EF3719E7DCCA00031144</key>
		<dict>
			<key>fileRef</key>
			<string>DBE9EF3619E7DCCA00031144</string>
			<key>isa</key>
			<string>PBXBuildFile</string>
		</dict>
		<key>DBE9EF3819E7DFCD00031144</key>
		<dict>
			<key>children</key>
			<array/>
			<key>isa</key>
			<string>PBXGroup</string>
			<key>name</key>
			<string>Controller</string>
			<key>sourceTree</key>
			<string>&lt;group&gt;</string>
		</dict>
		<key>E54D38E2663076C6388D22C9</key>
		<dict>
			<key>includeInIndex</key>
			<string>1</string>
			<key>isa</key>
			<string>PBXFileReference</string>
			<key>lastKnownFileType</key>
			<string>text.xcconfig</string>
			<key>name</key>
			<string>Pods-entourageTests.release.xcconfig</string>
			<key>path</key>
			<string>Pods/Target Support Files/Pods-entourageTests/Pods-entourageTests.release.xcconfig</string>
			<key>sourceTree</key>
			<string>&lt;group&gt;</string>
		</dict>
		<key>EA2C8874247C3400CC05B210</key>
		<dict>
			<key>buildActionMask</key>
			<string>2147483647</string>
			<key>files</key>
			<array/>
			<key>inputPaths</key>
			<array/>
			<key>isa</key>
			<string>PBXShellScriptBuildPhase</string>
			<key>name</key>
			<string>Check Pods Manifest.lock</string>
			<key>outputPaths</key>
			<array/>
			<key>runOnlyForDeploymentPostprocessing</key>
			<string>0</string>
			<key>shellPath</key>
			<string>/bin/sh</string>
			<key>shellScript</key>
			<string>diff "${PODS_ROOT}/../Podfile.lock" "${PODS_ROOT}/Manifest.lock" &gt; /dev/null
if [[ $? != 0 ]] ; then
    cat &lt;&lt; EOM
error: The sandbox is not in sync with the Podfile.lock. Run 'pod install' or update your CocoaPods installation.
EOM
    exit 1
fi
</string>
			<key>showEnvVarsInLog</key>
			<string>0</string>
		</dict>
		<key>F31EA7ACC34E7ECD786F016A</key>
		<dict>
			<key>buildActionMask</key>
			<string>2147483647</string>
			<key>files</key>
			<array/>
			<key>inputPaths</key>
			<array/>
			<key>isa</key>
			<string>PBXShellScriptBuildPhase</string>
			<key>name</key>
			<string>Copy Pods Resources</string>
			<key>outputPaths</key>
			<array/>
			<key>runOnlyForDeploymentPostprocessing</key>
			<string>0</string>
			<key>shellPath</key>
			<string>/bin/sh</string>
			<key>shellScript</key>
			<string>"${SRCROOT}/Pods/Target Support Files/Pods-entourageTests/Pods-entourageTests-resources.sh"
</string>
			<key>showEnvVarsInLog</key>
			<string>0</string>
		</dict>
	</dict>
	<key>rootObject</key>
	<string>6B92CA9619A7461C004E8C9B</string>
</dict>
</plist>
