// !$*UTF8*$!
{
	archiveVersion = 1;
	classes = {
	};
	objectVersion = 46;
	objects = {

/* Begin PBXBuildFile section */
		191FE91619E9285800C56BCA /* InfoPlist.strings in Resources */ = {isa = PBXBuildFile; fileRef = 6B92CAAA19A7461C004E8C9B /* InfoPlist.strings */; };
		191FE91919E935F000C56BCA /* OTNotImplementedViewController.m in Sources */ = {isa = PBXBuildFile; fileRef = 191FE91819E935F000C56BCA /* OTNotImplementedViewController.m */; };
		191FE91D19E93B8C00C56BCA /* OTForumViewController.m in Sources */ = {isa = PBXBuildFile; fileRef = 191FE91C19E93B8C00C56BCA /* OTForumViewController.m */; };
		1D55D8D119E82B6C006A2184 /* Main.storyboard in Resources */ = {isa = PBXBuildFile; fileRef = 1D55D8CF19E82B6C006A2184 /* Main.storyboard */; };
		1D55D8D419E84E9B006A2184 /* OTUser.m in Sources */ = {isa = PBXBuildFile; fileRef = 1D55D8D319E84E9B006A2184 /* OTUser.m */; };
		1D55D8D519E84E9B006A2184 /* OTUser.m in Sources */ = {isa = PBXBuildFile; fileRef = 1D55D8D319E84E9B006A2184 /* OTUser.m */; };
		1D55D8D819E8514E006A2184 /* NSDictionary+Parsing.m in Sources */ = {isa = PBXBuildFile; fileRef = 1D55D8D719E8514E006A2184 /* NSDictionary+Parsing.m */; };
		1D55D8D919E8514E006A2184 /* NSDictionary+Parsing.m in Sources */ = {isa = PBXBuildFile; fileRef = 1D55D8D719E8514E006A2184 /* NSDictionary+Parsing.m */; };
		1D962C7119E9277D00547687 /* OTAuthService.m in Sources */ = {isa = PBXBuildFile; fileRef = 1D962C7019E9277D00547687 /* OTAuthService.m */; };
		1DA2911319E92F260098C01E /* logo.png in Resources */ = {isa = PBXBuildFile; fileRef = 1DA2911219E92F260098C01E /* logo.png */; };
		1DA2911519E937760098C01E /* background-button.png in Resources */ = {isa = PBXBuildFile; fileRef = 1DA2911419E937760098C01E /* background-button.png */; };
		1DA682E119E7F1F4007BD4BC /* OTAuthService.m in Sources */ = {isa = PBXBuildFile; fileRef = 1DA682DF19E7F1F4007BD4BC /* OTAuthService.m */; };
		1DA682E819E80BE7007BD4BC /* NSUserDefaults+OT.m in Sources */ = {isa = PBXBuildFile; fileRef = 1DA682E719E80BE7007BD4BC /* NSUserDefaults+OT.m */; };
		1DA682E919E80BE7007BD4BC /* NSUserDefaults+OT.m in Sources */ = {isa = PBXBuildFile; fileRef = 1DA682E719E80BE7007BD4BC /* NSUserDefaults+OT.m */; };
		1DA682EC19E81483007BD4BC /* NSString+Validators.m in Sources */ = {isa = PBXBuildFile; fileRef = 1DA682EB19E81483007BD4BC /* NSString+Validators.m */; };
		1DA682ED19E81483007BD4BC /* NSString+Validators.m in Sources */ = {isa = PBXBuildFile; fileRef = 1DA682EB19E81483007BD4BC /* NSString+Validators.m */; };
		1DA682EE19E81C65007BD4BC /* InfoPlist.strings in Resources */ = {isa = PBXBuildFile; fileRef = 6B92CAAA19A7461C004E8C9B /* InfoPlist.strings */; };
		1DA682F119E823C3007BD4BC /* OTSWRevealViewController.m in Sources */ = {isa = PBXBuildFile; fileRef = 1DA682F019E823C3007BD4BC /* OTSWRevealViewController.m */; };
		1DA682F219E823C3007BD4BC /* OTSWRevealViewController.m in Sources */ = {isa = PBXBuildFile; fileRef = 1DA682F019E823C3007BD4BC /* OTSWRevealViewController.m */; };
		3CE57D120A12410790CC58F0 /* libPods-entourage.a in Frameworks */ = {isa = PBXBuildFile; fileRef = 7B26FE3EE0C7470099733881 /* libPods-entourage.a */; };
		5C822C5BF4546B8E89D80939 /* libPods-entourageTests.a in Frameworks */ = {isa = PBXBuildFile; fileRef = 2E118F5FD1F403E5EE48B2C6 /* libPods-entourageTests.a */; };
		6B1A847119E811210020FB93 /* OTPoiService.m in Sources */ = {isa = PBXBuildFile; fileRef = 6B1A847019E811210020FB93 /* OTPoiService.m */; };
		6B1A847419E814460020FB93 /* NSDictionary+Parsing.m in Sources */ = {isa = PBXBuildFile; fileRef = 6B1A847319E814460020FB93 /* NSDictionary+Parsing.m */; };
		6B1A847719E81F8E0020FB93 /* OTPoiServiceTest.m in Sources */ = {isa = PBXBuildFile; fileRef = 6B1A847619E81F8E0020FB93 /* OTPoiServiceTest.m */; };
		6B1A847919E822150020FB93 /* pois_categories_mock.json in Resources */ = {isa = PBXBuildFile; fileRef = 6B1A847819E822150020FB93 /* pois_categories_mock.json */; };
		6B4930BE19A769EB00DA7EE0 /* MapKit.framework in Frameworks */ = {isa = PBXBuildFile; fileRef = 6B4930BD19A769EB00DA7EE0 /* MapKit.framework */; };
		6B4930CD19A773C500DA7EE0 /* OTMapViewController.m in Sources */ = {isa = PBXBuildFile; fileRef = 6B4930C919A773C500DA7EE0 /* OTMapViewController.m */; };
		6B4930CE19A773C500DA7EE0 /* OTAppDelegate.m in Sources */ = {isa = PBXBuildFile; fileRef = 6B4930CB19A773C500DA7EE0 /* OTAppDelegate.m */; };
		6B4930D419A773EC00DA7EE0 /* OTPoiTest.m in Sources */ = {isa = PBXBuildFile; fileRef = 6B4930D319A773EC00DA7EE0 /* OTPoiTest.m */; };
		6B4930D919A7793200DA7EE0 /* OTTestHelper.m in Sources */ = {isa = PBXBuildFile; fileRef = 6B4930D819A7793200DA7EE0 /* OTTestHelper.m */; };
		6B4930DB19A779F200DA7EE0 /* poi_mock.json in Resources */ = {isa = PBXBuildFile; fileRef = 6B4930DA19A779F200DA7EE0 /* poi_mock.json */; };
		6B4930DF19A77C2F00DA7EE0 /* OTHTTPRequestManager.m in Sources */ = {isa = PBXBuildFile; fileRef = 6B4930DE19A77C2F00DA7EE0 /* OTHTTPRequestManager.m */; };
		6B4930E319A77E1D00DA7EE0 /* OTPoi.m in Sources */ = {isa = PBXBuildFile; fileRef = 6B4930E219A77E1D00DA7EE0 /* OTPoi.m */; };
		6B89EF9F19E7E8B6008F2600 /* poi_category_mock.json in Resources */ = {isa = PBXBuildFile; fileRef = 6B89EF9E19E7E8B6008F2600 /* poi_category_mock.json */; };
		6B89EFA119E7E8BE008F2600 /* OTPoiCategoryTest.m in Sources */ = {isa = PBXBuildFile; fileRef = 6B89EFA019E7E8BE008F2600 /* OTPoiCategoryTest.m */; };
		6B92CAA219A7461C004E8C9B /* Foundation.framework in Frameworks */ = {isa = PBXBuildFile; fileRef = 6B92CAA119A7461C004E8C9B /* Foundation.framework */; };
		6B92CAA419A7461C004E8C9B /* CoreGraphics.framework in Frameworks */ = {isa = PBXBuildFile; fileRef = 6B92CAA319A7461C004E8C9B /* CoreGraphics.framework */; };
		6B92CAA619A7461C004E8C9B /* UIKit.framework in Frameworks */ = {isa = PBXBuildFile; fileRef = 6B92CAA519A7461C004E8C9B /* UIKit.framework */; };
		6B92CAAE19A7461C004E8C9B /* main.m in Sources */ = {isa = PBXBuildFile; fileRef = 6B92CAAD19A7461C004E8C9B /* main.m */; };
		6B92CABA19A7461C004E8C9B /* Images.xcassets in Resources */ = {isa = PBXBuildFile; fileRef = 6B92CAB919A7461C004E8C9B /* Images.xcassets */; };
		6B92CAC119A7461C004E8C9B /* XCTest.framework in Frameworks */ = {isa = PBXBuildFile; fileRef = 6B92CAC019A7461C004E8C9B /* XCTest.framework */; };
		6B92CAC219A7461C004E8C9B /* Foundation.framework in Frameworks */ = {isa = PBXBuildFile; fileRef = 6B92CAA119A7461C004E8C9B /* Foundation.framework */; };
		6B92CAC319A7461C004E8C9B /* UIKit.framework in Frameworks */ = {isa = PBXBuildFile; fileRef = 6B92CAA519A7461C004E8C9B /* UIKit.framework */; };
		6B92CACB19A7461C004E8C9B /* InfoPlist.strings in Resources */ = {isa = PBXBuildFile; fileRef = 6B92CAC919A7461C004E8C9B /* InfoPlist.strings */; };
		6BFE639419E7E85400C661AB /* OTPoiCategory.m in Sources */ = {isa = PBXBuildFile; fileRef = 6BFE639319E7E85400C661AB /* OTPoiCategory.m */; };
		A816F83619E80D3C003EEF86 /* Localizable.strings in Resources */ = {isa = PBXBuildFile; fileRef = A816F83519E80D3C003EEF86 /* Localizable.strings */; };
		A87D6AF319E84683007ACA29 /* OTCustomAnnotation.m in Sources */ = {isa = PBXBuildFile; fileRef = A8E10FAD19E82A4800DF4A01 /* OTCustomAnnotation.m */; };
		A87D6AF619E8740E007ACA29 /* OTCalloutViewController.m in Sources */ = {isa = PBXBuildFile; fileRef = A87D6AF519E8740E007ACA29 /* OTCalloutViewController.m */; };
		A8B3825819E9466700CF7184 /* OTLoginViewController.m in Sources */ = {isa = PBXBuildFile; fileRef = 1DA682C819E7D097007BD4BC /* OTLoginViewController.m */; };
		DBBE8A9619E81AF600FA218E /* Calibri-Bold-Italic.ttf in Resources */ = {isa = PBXBuildFile; fileRef = DBE9EF5219E7F2A800031144 /* Calibri-Bold-Italic.ttf */; };
		DBBE8A9719E81AF600FA218E /* Calibri-Bold.ttf in Resources */ = {isa = PBXBuildFile; fileRef = DBE9EF5319E7F2A800031144 /* Calibri-Bold.ttf */; };
		DBBE8A9819E81AF600FA218E /* Calibri-Italic.ttf in Resources */ = {isa = PBXBuildFile; fileRef = DBE9EF5419E7F2A800031144 /* Calibri-Italic.ttf */; };
		DBBE8A9919E81AF600FA218E /* Calibri.ttf in Resources */ = {isa = PBXBuildFile; fileRef = DBE9EF5519E7F2A800031144 /* Calibri.ttf */; };
		DBBE8AB919E83CB600FA218E /* bg-top-header.png in Resources */ = {isa = PBXBuildFile; fileRef = DBBE8AA519E83CB600FA218E /* bg-top-header.png */; };
		DBBE8ABA19E83CB600FA218E /* bg-top-header@2x.png in Resources */ = {isa = PBXBuildFile; fileRef = DBBE8AA619E83CB600FA218E /* bg-top-header@2x.png */; };
		DBBE8ABB19E83CB600FA218E /* ic_menu.png in Resources */ = {isa = PBXBuildFile; fileRef = DBBE8AA819E83CB600FA218E /* ic_menu.png */; };
		DBBE8ABC19E83CB600FA218E /* ic_menu@2x.png in Resources */ = {isa = PBXBuildFile; fileRef = DBBE8AA919E83CB600FA218E /* ic_menu@2x.png */; };
		DBBE8ABD19E83CB600FA218E /* menu_background.png in Resources */ = {isa = PBXBuildFile; fileRef = DBBE8AAA19E83CB600FA218E /* menu_background.png */; };
		DBBE8ABE19E83CB600FA218E /* menu_background@2x.png in Resources */ = {isa = PBXBuildFile; fileRef = DBBE8AAB19E83CB600FA218E /* menu_background@2x.png */; };
		DBBE8ABF19E83CB600FA218E /* poi_category-1.png in Resources */ = {isa = PBXBuildFile; fileRef = DBBE8AAD19E83CB600FA218E /* poi_category-1.png */; };
		DBBE8AC019E83CB600FA218E /* poi_category-1@2x.png in Resources */ = {isa = PBXBuildFile; fileRef = DBBE8AAE19E83CB600FA218E /* poi_category-1@2x.png */; };
		DBBE8AC119E83CB600FA218E /* poi_category-2.png in Resources */ = {isa = PBXBuildFile; fileRef = DBBE8AAF19E83CB600FA218E /* poi_category-2.png */; };
		DBBE8AC219E83CB600FA218E /* poi_category-2@2x.png in Resources */ = {isa = PBXBuildFile; fileRef = DBBE8AB019E83CB600FA218E /* poi_category-2@2x.png */; };
		DBBE8AC319E83CB600FA218E /* poi_category-3.png in Resources */ = {isa = PBXBuildFile; fileRef = DBBE8AB119E83CB600FA218E /* poi_category-3.png */; };
		DBBE8AC419E83CB600FA218E /* poi_category-3@2x.png in Resources */ = {isa = PBXBuildFile; fileRef = DBBE8AB219E83CB600FA218E /* poi_category-3@2x.png */; };
		DBBE8AC519E83CB600FA218E /* poi_category-4.png in Resources */ = {isa = PBXBuildFile; fileRef = DBBE8AB319E83CB600FA218E /* poi_category-4.png */; };
		DBBE8AC619E83CB600FA218E /* poi_category-4@2x.png in Resources */ = {isa = PBXBuildFile; fileRef = DBBE8AB419E83CB600FA218E /* poi_category-4@2x.png */; };
		DBBE8AC719E83CB600FA218E /* poi_category-5.png in Resources */ = {isa = PBXBuildFile; fileRef = DBBE8AB519E83CB600FA218E /* poi_category-5.png */; };
		DBBE8AC819E83CB600FA218E /* poi_category-5@2x.png in Resources */ = {isa = PBXBuildFile; fileRef = DBBE8AB619E83CB600FA218E /* poi_category-5@2x.png */; };
		DBBE8AC919E83CB600FA218E /* poi_category-6.png in Resources */ = {isa = PBXBuildFile; fileRef = DBBE8AB719E83CB600FA218E /* poi_category-6.png */; };
		DBBE8ACA19E83CB600FA218E /* poi_category-6@2x.png in Resources */ = {isa = PBXBuildFile; fileRef = DBBE8AB819E83CB600FA218E /* poi_category-6@2x.png */; };
		DBBE8ACE19E857A800FA218E /* OTMenuItem.m in Sources */ = {isa = PBXBuildFile; fileRef = DBBE8ACD19E857A800FA218E /* OTMenuItem.m */; };
		DBBE8AD219E8580200FA218E /* OTMenuTableViewCell.m in Sources */ = {isa = PBXBuildFile; fileRef = DBBE8AD119E8580200FA218E /* OTMenuTableViewCell.m */; };
		DBBE8AD619E85EA400FA218E /* OTMyMeetingsViewController.m in Sources */ = {isa = PBXBuildFile; fileRef = DBBE8AD519E85EA400FA218E /* OTMyMeetingsViewController.m */; };
		DBBE8AD919E8652B00FA218E /* OTMenuItemTests.m in Sources */ = {isa = PBXBuildFile; fileRef = DBBE8AD819E8652B00FA218E /* OTMenuItemTests.m */; };
		DBBE8AE019E8723700FA218E /* OTAppDelegateTests.m in Sources */ = {isa = PBXBuildFile; fileRef = DBBE8ADF19E8723700FA218E /* OTAppDelegateTests.m */; };
		DBBE8AE619E873C500FA218E /* OTMapViewControllerTests.m in Sources */ = {isa = PBXBuildFile; fileRef = DBBE8AE219E873C500FA218E /* OTMapViewControllerTests.m */; };
		DBBE8AE719E873C500FA218E /* OTMenuViewControllerTests.m in Sources */ = {isa = PBXBuildFile; fileRef = DBBE8AE319E873C500FA218E /* OTMenuViewControllerTests.m */; };
		DBBE8AE819E873C500FA218E /* OTMenuTableViewCellTests.m in Sources */ = {isa = PBXBuildFile; fileRef = DBBE8AE519E873C500FA218E /* OTMenuTableViewCellTests.m */; };
		DBE9EF2C19E7D73300031144 /* OTMenuViewController.m in Sources */ = {isa = PBXBuildFile; fileRef = DBE9EF2B19E7D73300031144 /* OTMenuViewController.m */; };
		DBE9EF3719E7DCCA00031144 /* UIViewController+menu.m in Sources */ = {isa = PBXBuildFile; fileRef = DBE9EF3619E7DCCA00031144 /* UIViewController+menu.m */; };
		DBE9EF4E19E7EE5700031144 /* Sofia-Regular.otf in Resources */ = {isa = PBXBuildFile; fileRef = DBE9EF4919E7EE5700031144 /* Sofia-Regular.otf */; };
		DBE9EF5119E7EFA200031144 /* UIFont+entourage.m in Sources */ = {isa = PBXBuildFile; fileRef = DBE9EF5019E7EFA200031144 /* UIFont+entourage.m */; };
/* End PBXBuildFile section */

/* Begin PBXContainerItemProxy section */
		6B92CAC419A7461C004E8C9B /* PBXContainerItemProxy */ = {
			isa = PBXContainerItemProxy;
			containerPortal = 6B92CA9619A7461C004E8C9B /* Project object */;
			proxyType = 1;
			remoteGlobalIDString = 6B92CA9D19A7461C004E8C9B;
			remoteInfo = entourage;
		};
/* End PBXContainerItemProxy section */

/* Begin PBXFileReference section */
		191FE91719E935F000C56BCA /* OTNotImplementedViewController.h */ = {isa = PBXFileReference; fileEncoding = 4; lastKnownFileType = sourcecode.c.h; path = OTNotImplementedViewController.h; sourceTree = "<group>"; };
		191FE91819E935F000C56BCA /* OTNotImplementedViewController.m */ = {isa = PBXFileReference; fileEncoding = 4; lastKnownFileType = sourcecode.c.objc; path = OTNotImplementedViewController.m; sourceTree = "<group>"; };
		191FE91B19E93B8C00C56BCA /* OTForumViewController.h */ = {isa = PBXFileReference; fileEncoding = 4; lastKnownFileType = sourcecode.c.h; path = OTForumViewController.h; sourceTree = "<group>"; };
		191FE91C19E93B8C00C56BCA /* OTForumViewController.m */ = {isa = PBXFileReference; fileEncoding = 4; lastKnownFileType = sourcecode.c.objc; path = OTForumViewController.m; sourceTree = "<group>"; };
		1D55D8D019E82B6C006A2184 /* Base */ = {isa = PBXFileReference; lastKnownFileType = file.storyboard; name = Base; path = Base.lproj/Main.storyboard; sourceTree = "<group>"; };
		1D55D8D219E84E9B006A2184 /* OTUser.h */ = {isa = PBXFileReference; fileEncoding = 4; lastKnownFileType = sourcecode.c.h; path = OTUser.h; sourceTree = "<group>"; };
		1D55D8D319E84E9B006A2184 /* OTUser.m */ = {isa = PBXFileReference; fileEncoding = 4; lastKnownFileType = sourcecode.c.objc; path = OTUser.m; sourceTree = "<group>"; };
		1D55D8D619E8514E006A2184 /* NSDictionary+Parsing.h */ = {isa = PBXFileReference; fileEncoding = 4; lastKnownFileType = sourcecode.c.h; name = "NSDictionary+Parsing.h"; path = "Helper/NSDictionary+Parsing.h"; sourceTree = "<group>"; };
		1D55D8D719E8514E006A2184 /* NSDictionary+Parsing.m */ = {isa = PBXFileReference; fileEncoding = 4; lastKnownFileType = sourcecode.c.objc; name = "NSDictionary+Parsing.m"; path = "Helper/NSDictionary+Parsing.m"; sourceTree = "<group>"; };
		1D962C6F19E9277D00547687 /* OTAuthService.h */ = {isa = PBXFileReference; fileEncoding = 4; lastKnownFileType = sourcecode.c.h; path = OTAuthService.h; sourceTree = "<group>"; };
		1D962C7019E9277D00547687 /* OTAuthService.m */ = {isa = PBXFileReference; fileEncoding = 4; lastKnownFileType = sourcecode.c.objc; path = OTAuthService.m; sourceTree = "<group>"; };
		1DA2911219E92F260098C01E /* logo.png */ = {isa = PBXFileReference; lastKnownFileType = image.png; path = logo.png; sourceTree = "<group>"; };
		1DA2911419E937760098C01E /* background-button.png */ = {isa = PBXFileReference; lastKnownFileType = image.png; path = "background-button.png"; sourceTree = "<group>"; };
		1DA682C719E7D097007BD4BC /* OTLoginViewController.h */ = {isa = PBXFileReference; fileEncoding = 4; lastKnownFileType = sourcecode.c.h; path = OTLoginViewController.h; sourceTree = "<group>"; };
		1DA682C819E7D097007BD4BC /* OTLoginViewController.m */ = {isa = PBXFileReference; fileEncoding = 4; lastKnownFileType = sourcecode.c.objc; path = OTLoginViewController.m; sourceTree = "<group>"; };
		1DA682DF19E7F1F4007BD4BC /* OTAuthService.m */ = {isa = PBXFileReference; fileEncoding = 4; lastKnownFileType = sourcecode.c.objc; name = OTAuthService.m; path = Service/OTAuthService.m; sourceTree = "<group>"; };
		1DA682E619E80BE7007BD4BC /* NSUserDefaults+OT.h */ = {isa = PBXFileReference; fileEncoding = 4; lastKnownFileType = sourcecode.c.h; name = "NSUserDefaults+OT.h"; path = "Helper/NSUserDefaults+OT.h"; sourceTree = "<group>"; };
		1DA682E719E80BE7007BD4BC /* NSUserDefaults+OT.m */ = {isa = PBXFileReference; fileEncoding = 4; lastKnownFileType = sourcecode.c.objc; name = "NSUserDefaults+OT.m"; path = "Helper/NSUserDefaults+OT.m"; sourceTree = "<group>"; };
		1DA682EA19E81483007BD4BC /* NSString+Validators.h */ = {isa = PBXFileReference; fileEncoding = 4; lastKnownFileType = sourcecode.c.h; name = "NSString+Validators.h"; path = "Helper/NSString+Validators.h"; sourceTree = "<group>"; };
		1DA682EB19E81483007BD4BC /* NSString+Validators.m */ = {isa = PBXFileReference; fileEncoding = 4; lastKnownFileType = sourcecode.c.objc; name = "NSString+Validators.m"; path = "Helper/NSString+Validators.m"; sourceTree = "<group>"; };
		1DA682EF19E823C3007BD4BC /* OTSWRevealViewController.h */ = {isa = PBXFileReference; fileEncoding = 4; lastKnownFileType = sourcecode.c.h; path = OTSWRevealViewController.h; sourceTree = "<group>"; };
		1DA682F019E823C3007BD4BC /* OTSWRevealViewController.m */ = {isa = PBXFileReference; fileEncoding = 4; lastKnownFileType = sourcecode.c.objc; path = OTSWRevealViewController.m; sourceTree = "<group>"; };
		2E118F5FD1F403E5EE48B2C6 /* libPods-entourageTests.a */ = {isa = PBXFileReference; explicitFileType = archive.ar; includeInIndex = 0; path = "libPods-entourageTests.a"; sourceTree = BUILT_PRODUCTS_DIR; };
		611EAAEE6FD7C40D2D6901E0 /* Pods-entourage.debug.xcconfig */ = {isa = PBXFileReference; includeInIndex = 1; lastKnownFileType = text.xcconfig; name = "Pods-entourage.debug.xcconfig"; path = "Pods/Target Support Files/Pods-entourage/Pods-entourage.debug.xcconfig"; sourceTree = "<group>"; };
		6B1A846F19E811210020FB93 /* OTPoiService.h */ = {isa = PBXFileReference; fileEncoding = 4; lastKnownFileType = sourcecode.c.h; path = OTPoiService.h; sourceTree = "<group>"; };
		6B1A847019E811210020FB93 /* OTPoiService.m */ = {isa = PBXFileReference; fileEncoding = 4; lastKnownFileType = sourcecode.c.objc; path = OTPoiService.m; sourceTree = "<group>"; };
		6B1A847219E8143F0020FB93 /* NSDictionary+Parsing.h */ = {isa = PBXFileReference; lastKnownFileType = sourcecode.c.h; path = "NSDictionary+Parsing.h"; sourceTree = "<group>"; };
		6B1A847319E814460020FB93 /* NSDictionary+Parsing.m */ = {isa = PBXFileReference; fileEncoding = 4; lastKnownFileType = sourcecode.c.objc; path = "NSDictionary+Parsing.m"; sourceTree = "<group>"; };
		6B1A847619E81F8E0020FB93 /* OTPoiServiceTest.m */ = {isa = PBXFileReference; fileEncoding = 4; lastKnownFileType = sourcecode.c.objc; path = OTPoiServiceTest.m; sourceTree = "<group>"; };
		6B1A847819E822150020FB93 /* pois_categories_mock.json */ = {isa = PBXFileReference; fileEncoding = 4; lastKnownFileType = text.json; path = pois_categories_mock.json; sourceTree = "<group>"; };
		6B4930BD19A769EB00DA7EE0 /* MapKit.framework */ = {isa = PBXFileReference; lastKnownFileType = wrapper.framework; name = MapKit.framework; path = System/Library/Frameworks/MapKit.framework; sourceTree = SDKROOT; };
		6B4930C819A773C500DA7EE0 /* OTMapViewController.h */ = {isa = PBXFileReference; fileEncoding = 4; lastKnownFileType = sourcecode.c.h; path = OTMapViewController.h; sourceTree = "<group>"; };
		6B4930C919A773C500DA7EE0 /* OTMapViewController.m */ = {isa = PBXFileReference; fileEncoding = 4; lastKnownFileType = sourcecode.c.objc; path = OTMapViewController.m; sourceTree = "<group>"; };
		6B4930CA19A773C500DA7EE0 /* OTAppDelegate.h */ = {isa = PBXFileReference; fileEncoding = 4; lastKnownFileType = sourcecode.c.h; path = OTAppDelegate.h; sourceTree = "<group>"; };
		6B4930CB19A773C500DA7EE0 /* OTAppDelegate.m */ = {isa = PBXFileReference; fileEncoding = 4; lastKnownFileType = sourcecode.c.objc; path = OTAppDelegate.m; sourceTree = "<group>"; };
		6B4930D319A773EC00DA7EE0 /* OTPoiTest.m */ = {isa = PBXFileReference; fileEncoding = 4; lastKnownFileType = sourcecode.c.objc; path = OTPoiTest.m; sourceTree = "<group>"; };
		6B4930D719A7793200DA7EE0 /* OTTestHelper.h */ = {isa = PBXFileReference; fileEncoding = 4; lastKnownFileType = sourcecode.c.h; path = OTTestHelper.h; sourceTree = "<group>"; };
		6B4930D819A7793200DA7EE0 /* OTTestHelper.m */ = {isa = PBXFileReference; fileEncoding = 4; lastKnownFileType = sourcecode.c.objc; path = OTTestHelper.m; sourceTree = "<group>"; };
		6B4930DA19A779F200DA7EE0 /* poi_mock.json */ = {isa = PBXFileReference; fileEncoding = 4; lastKnownFileType = text.json; path = poi_mock.json; sourceTree = "<group>"; };
		6B4930DD19A77C2F00DA7EE0 /* OTHTTPRequestManager.h */ = {isa = PBXFileReference; fileEncoding = 4; lastKnownFileType = sourcecode.c.h; path = OTHTTPRequestManager.h; sourceTree = "<group>"; };
		6B4930DE19A77C2F00DA7EE0 /* OTHTTPRequestManager.m */ = {isa = PBXFileReference; fileEncoding = 4; lastKnownFileType = sourcecode.c.objc; path = OTHTTPRequestManager.m; sourceTree = "<group>"; };
		6B4930E119A77E1D00DA7EE0 /* OTPoi.h */ = {isa = PBXFileReference; fileEncoding = 4; lastKnownFileType = sourcecode.c.h; path = OTPoi.h; sourceTree = "<group>"; };
		6B4930E219A77E1D00DA7EE0 /* OTPoi.m */ = {isa = PBXFileReference; fileEncoding = 4; lastKnownFileType = sourcecode.c.objc; path = OTPoi.m; sourceTree = "<group>"; };
		6B89EF9E19E7E8B6008F2600 /* poi_category_mock.json */ = {isa = PBXFileReference; fileEncoding = 4; lastKnownFileType = text.json; path = poi_category_mock.json; sourceTree = "<group>"; };
		6B89EFA019E7E8BE008F2600 /* OTPoiCategoryTest.m */ = {isa = PBXFileReference; fileEncoding = 4; lastKnownFileType = sourcecode.c.objc; path = OTPoiCategoryTest.m; sourceTree = "<group>"; };
		6B92CA9E19A7461C004E8C9B /* entourage.app */ = {isa = PBXFileReference; explicitFileType = wrapper.application; includeInIndex = 0; path = entourage.app; sourceTree = BUILT_PRODUCTS_DIR; };
		6B92CAA119A7461C004E8C9B /* Foundation.framework */ = {isa = PBXFileReference; lastKnownFileType = wrapper.framework; name = Foundation.framework; path = System/Library/Frameworks/Foundation.framework; sourceTree = SDKROOT; };
		6B92CAA319A7461C004E8C9B /* CoreGraphics.framework */ = {isa = PBXFileReference; lastKnownFileType = wrapper.framework; name = CoreGraphics.framework; path = System/Library/Frameworks/CoreGraphics.framework; sourceTree = SDKROOT; };
		6B92CAA519A7461C004E8C9B /* UIKit.framework */ = {isa = PBXFileReference; lastKnownFileType = wrapper.framework; name = UIKit.framework; path = System/Library/Frameworks/UIKit.framework; sourceTree = SDKROOT; };
		6B92CAA919A7461C004E8C9B /* entourage-Info.plist */ = {isa = PBXFileReference; lastKnownFileType = text.plist.xml; path = "entourage-Info.plist"; sourceTree = "<group>"; };
		6B92CAAB19A7461C004E8C9B /* en */ = {isa = PBXFileReference; lastKnownFileType = text.plist.strings; name = en; path = en.lproj/InfoPlist.strings; sourceTree = "<group>"; };
		6B92CAAD19A7461C004E8C9B /* main.m */ = {isa = PBXFileReference; lastKnownFileType = sourcecode.c.objc; path = main.m; sourceTree = "<group>"; };
		6B92CAAF19A7461C004E8C9B /* entourage-Prefix.pch */ = {isa = PBXFileReference; lastKnownFileType = sourcecode.c.h; path = "entourage-Prefix.pch"; sourceTree = "<group>"; };
		6B92CAB919A7461C004E8C9B /* Images.xcassets */ = {isa = PBXFileReference; lastKnownFileType = folder.assetcatalog; path = Images.xcassets; sourceTree = "<group>"; };
		6B92CABF19A7461C004E8C9B /* entourageTests.xctest */ = {isa = PBXFileReference; explicitFileType = wrapper.cfbundle; includeInIndex = 0; path = entourageTests.xctest; sourceTree = BUILT_PRODUCTS_DIR; };
		6B92CAC019A7461C004E8C9B /* XCTest.framework */ = {isa = PBXFileReference; lastKnownFileType = wrapper.framework; name = XCTest.framework; path = Library/Frameworks/XCTest.framework; sourceTree = DEVELOPER_DIR; };
		6B92CAC819A7461C004E8C9B /* entourageTests-Info.plist */ = {isa = PBXFileReference; lastKnownFileType = text.plist.xml; path = "entourageTests-Info.plist"; sourceTree = "<group>"; };
		6B92CACA19A7461C004E8C9B /* en */ = {isa = PBXFileReference; lastKnownFileType = text.plist.strings; name = en; path = en.lproj/InfoPlist.strings; sourceTree = "<group>"; };
		6BFE639219E7E85400C661AB /* OTPoiCategory.h */ = {isa = PBXFileReference; fileEncoding = 4; lastKnownFileType = sourcecode.c.h; path = OTPoiCategory.h; sourceTree = "<group>"; };
		6BFE639319E7E85400C661AB /* OTPoiCategory.m */ = {isa = PBXFileReference; fileEncoding = 4; lastKnownFileType = sourcecode.c.objc; path = OTPoiCategory.m; sourceTree = "<group>"; };
		7B26FE3EE0C7470099733881 /* libPods-entourage.a */ = {isa = PBXFileReference; explicitFileType = archive.ar; includeInIndex = 0; path = "libPods-entourage.a"; sourceTree = BUILT_PRODUCTS_DIR; };
		96211180E938D7D9F5B23AC5 /* Pods-entourageTests.debug.xcconfig */ = {isa = PBXFileReference; includeInIndex = 1; lastKnownFileType = text.xcconfig; name = "Pods-entourageTests.debug.xcconfig"; path = "Pods/Target Support Files/Pods-entourageTests/Pods-entourageTests.debug.xcconfig"; sourceTree = "<group>"; };
		A816F83519E80D3C003EEF86 /* Localizable.strings */ = {isa = PBXFileReference; fileEncoding = 4; lastKnownFileType = text.plist.strings; path = Localizable.strings; sourceTree = "<group>"; };
		A87D6AF419E8740E007ACA29 /* OTCalloutViewController.h */ = {isa = PBXFileReference; fileEncoding = 4; lastKnownFileType = sourcecode.c.h; path = OTCalloutViewController.h; sourceTree = "<group>"; };
		A87D6AF519E8740E007ACA29 /* OTCalloutViewController.m */ = {isa = PBXFileReference; fileEncoding = 4; lastKnownFileType = sourcecode.c.objc; path = OTCalloutViewController.m; sourceTree = "<group>"; };
		A8E10FAC19E82A4800DF4A01 /* OTCustomAnnotation.h */ = {isa = PBXFileReference; fileEncoding = 4; lastKnownFileType = sourcecode.c.h; path = OTCustomAnnotation.h; sourceTree = "<group>"; };
		A8E10FAD19E82A4800DF4A01 /* OTCustomAnnotation.m */ = {isa = PBXFileReference; fileEncoding = 4; lastKnownFileType = sourcecode.c.objc; path = OTCustomAnnotation.m; sourceTree = "<group>"; };
		C73A9D64DE47F808E1B2C0F4 /* Pods-entourage.release.xcconfig */ = {isa = PBXFileReference; includeInIndex = 1; lastKnownFileType = text.xcconfig; name = "Pods-entourage.release.xcconfig"; path = "Pods/Target Support Files/Pods-entourage/Pods-entourage.release.xcconfig"; sourceTree = "<group>"; };
		DBBE8AA519E83CB600FA218E /* bg-top-header.png */ = {isa = PBXFileReference; lastKnownFileType = image.png; path = "bg-top-header.png"; sourceTree = "<group>"; };
		DBBE8AA619E83CB600FA218E /* bg-top-header@2x.png */ = {isa = PBXFileReference; lastKnownFileType = image.png; path = "bg-top-header@2x.png"; sourceTree = "<group>"; };
		DBBE8AA819E83CB600FA218E /* ic_menu.png */ = {isa = PBXFileReference; lastKnownFileType = image.png; path = ic_menu.png; sourceTree = "<group>"; };
		DBBE8AA919E83CB600FA218E /* ic_menu@2x.png */ = {isa = PBXFileReference; lastKnownFileType = image.png; path = "ic_menu@2x.png"; sourceTree = "<group>"; };
		DBBE8AAA19E83CB600FA218E /* menu_background.png */ = {isa = PBXFileReference; lastKnownFileType = image.png; path = menu_background.png; sourceTree = "<group>"; };
		DBBE8AAB19E83CB600FA218E /* menu_background@2x.png */ = {isa = PBXFileReference; lastKnownFileType = image.png; path = "menu_background@2x.png"; sourceTree = "<group>"; };
		DBBE8AAD19E83CB600FA218E /* poi_category-1.png */ = {isa = PBXFileReference; lastKnownFileType = image.png; path = "poi_category-1.png"; sourceTree = "<group>"; };
		DBBE8AAE19E83CB600FA218E /* poi_category-1@2x.png */ = {isa = PBXFileReference; lastKnownFileType = image.png; path = "poi_category-1@2x.png"; sourceTree = "<group>"; };
		DBBE8AAF19E83CB600FA218E /* poi_category-2.png */ = {isa = PBXFileReference; lastKnownFileType = image.png; path = "poi_category-2.png"; sourceTree = "<group>"; };
		DBBE8AB019E83CB600FA218E /* poi_category-2@2x.png */ = {isa = PBXFileReference; lastKnownFileType = image.png; path = "poi_category-2@2x.png"; sourceTree = "<group>"; };
		DBBE8AB119E83CB600FA218E /* poi_category-3.png */ = {isa = PBXFileReference; lastKnownFileType = image.png; path = "poi_category-3.png"; sourceTree = "<group>"; };
		DBBE8AB219E83CB600FA218E /* poi_category-3@2x.png */ = {isa = PBXFileReference; lastKnownFileType = image.png; path = "poi_category-3@2x.png"; sourceTree = "<group>"; };
		DBBE8AB319E83CB600FA218E /* poi_category-4.png */ = {isa = PBXFileReference; lastKnownFileType = image.png; path = "poi_category-4.png"; sourceTree = "<group>"; };
		DBBE8AB419E83CB600FA218E /* poi_category-4@2x.png */ = {isa = PBXFileReference; lastKnownFileType = image.png; path = "poi_category-4@2x.png"; sourceTree = "<group>"; };
		DBBE8AB519E83CB600FA218E /* poi_category-5.png */ = {isa = PBXFileReference; lastKnownFileType = image.png; path = "poi_category-5.png"; sourceTree = "<group>"; };
		DBBE8AB619E83CB600FA218E /* poi_category-5@2x.png */ = {isa = PBXFileReference; lastKnownFileType = image.png; path = "poi_category-5@2x.png"; sourceTree = "<group>"; };
		DBBE8AB719E83CB600FA218E /* poi_category-6.png */ = {isa = PBXFileReference; lastKnownFileType = image.png; path = "poi_category-6.png"; sourceTree = "<group>"; };
		DBBE8AB819E83CB600FA218E /* poi_category-6@2x.png */ = {isa = PBXFileReference; lastKnownFileType = image.png; path = "poi_category-6@2x.png"; sourceTree = "<group>"; };
		DBBE8ACC19E857A800FA218E /* OTMenuItem.h */ = {isa = PBXFileReference; fileEncoding = 4; lastKnownFileType = sourcecode.c.h; path = OTMenuItem.h; sourceTree = "<group>"; };
		DBBE8ACD19E857A800FA218E /* OTMenuItem.m */ = {isa = PBXFileReference; fileEncoding = 4; lastKnownFileType = sourcecode.c.objc; path = OTMenuItem.m; sourceTree = "<group>"; };
		DBBE8AD019E8580200FA218E /* OTMenuTableViewCell.h */ = {isa = PBXFileReference; fileEncoding = 4; lastKnownFileType = sourcecode.c.h; path = OTMenuTableViewCell.h; sourceTree = "<group>"; };
		DBBE8AD119E8580200FA218E /* OTMenuTableViewCell.m */ = {isa = PBXFileReference; fileEncoding = 4; lastKnownFileType = sourcecode.c.objc; path = OTMenuTableViewCell.m; sourceTree = "<group>"; };
		DBBE8AD419E85EA400FA218E /* OTMyMeetingsViewController.h */ = {isa = PBXFileReference; fileEncoding = 4; lastKnownFileType = sourcecode.c.h; path = OTMyMeetingsViewController.h; sourceTree = "<group>"; };
		DBBE8AD519E85EA400FA218E /* OTMyMeetingsViewController.m */ = {isa = PBXFileReference; fileEncoding = 4; lastKnownFileType = sourcecode.c.objc; path = OTMyMeetingsViewController.m; sourceTree = "<group>"; };
		DBBE8AD819E8652B00FA218E /* OTMenuItemTests.m */ = {isa = PBXFileReference; fileEncoding = 4; lastKnownFileType = sourcecode.c.objc; path = OTMenuItemTests.m; sourceTree = "<group>"; };
		DBBE8ADF19E8723700FA218E /* OTAppDelegateTests.m */ = {isa = PBXFileReference; fileEncoding = 4; lastKnownFileType = sourcecode.c.objc; path = OTAppDelegateTests.m; sourceTree = "<group>"; };
		DBBE8AE219E873C500FA218E /* OTMapViewControllerTests.m */ = {isa = PBXFileReference; fileEncoding = 4; lastKnownFileType = sourcecode.c.objc; path = OTMapViewControllerTests.m; sourceTree = "<group>"; };
		DBBE8AE319E873C500FA218E /* OTMenuViewControllerTests.m */ = {isa = PBXFileReference; fileEncoding = 4; lastKnownFileType = sourcecode.c.objc; path = OTMenuViewControllerTests.m; sourceTree = "<group>"; };
		DBBE8AE519E873C500FA218E /* OTMenuTableViewCellTests.m */ = {isa = PBXFileReference; fileEncoding = 4; lastKnownFileType = sourcecode.c.objc; path = OTMenuTableViewCellTests.m; sourceTree = "<group>"; };
		DBE9EF2A19E7D73300031144 /* OTMenuViewController.h */ = {isa = PBXFileReference; fileEncoding = 4; lastKnownFileType = sourcecode.c.h; path = OTMenuViewController.h; sourceTree = "<group>"; };
		DBE9EF2B19E7D73300031144 /* OTMenuViewController.m */ = {isa = PBXFileReference; fileEncoding = 4; lastKnownFileType = sourcecode.c.objc; path = OTMenuViewController.m; sourceTree = "<group>"; };
		DBE9EF3519E7DCCA00031144 /* UIViewController+menu.h */ = {isa = PBXFileReference; fileEncoding = 4; lastKnownFileType = sourcecode.c.h; path = "UIViewController+menu.h"; sourceTree = "<group>"; };
		DBE9EF3619E7DCCA00031144 /* UIViewController+menu.m */ = {isa = PBXFileReference; fileEncoding = 4; lastKnownFileType = sourcecode.c.objc; path = "UIViewController+menu.m"; sourceTree = "<group>"; };
		DBE9EF4919E7EE5700031144 /* Sofia-Regular.otf */ = {isa = PBXFileReference; lastKnownFileType = file; path = "Sofia-Regular.otf"; sourceTree = "<group>"; };
		DBE9EF4F19E7EFA200031144 /* UIFont+entourage.h */ = {isa = PBXFileReference; fileEncoding = 4; lastKnownFileType = sourcecode.c.h; path = "UIFont+entourage.h"; sourceTree = "<group>"; };
		DBE9EF5019E7EFA200031144 /* UIFont+entourage.m */ = {isa = PBXFileReference; fileEncoding = 4; lastKnownFileType = sourcecode.c.objc; path = "UIFont+entourage.m"; sourceTree = "<group>"; };
		DBE9EF5219E7F2A800031144 /* Calibri-Bold-Italic.ttf */ = {isa = PBXFileReference; lastKnownFileType = file; path = "Calibri-Bold-Italic.ttf"; sourceTree = "<group>"; };
		DBE9EF5319E7F2A800031144 /* Calibri-Bold.ttf */ = {isa = PBXFileReference; lastKnownFileType = file; path = "Calibri-Bold.ttf"; sourceTree = "<group>"; };
		DBE9EF5419E7F2A800031144 /* Calibri-Italic.ttf */ = {isa = PBXFileReference; lastKnownFileType = file; path = "Calibri-Italic.ttf"; sourceTree = "<group>"; };
		DBE9EF5519E7F2A800031144 /* Calibri.ttf */ = {isa = PBXFileReference; lastKnownFileType = file; path = Calibri.ttf; sourceTree = "<group>"; };
		E54D38E2663076C6388D22C9 /* Pods-entourageTests.release.xcconfig */ = {isa = PBXFileReference; includeInIndex = 1; lastKnownFileType = text.xcconfig; name = "Pods-entourageTests.release.xcconfig"; path = "Pods/Target Support Files/Pods-entourageTests/Pods-entourageTests.release.xcconfig"; sourceTree = "<group>"; };
/* End PBXFileReference section */

/* Begin PBXFrameworksBuildPhase section */
		6B92CA9B19A7461C004E8C9B /* Frameworks */ = {
			isa = PBXFrameworksBuildPhase;
			buildActionMask = 2147483647;
			files = (
				6B4930BE19A769EB00DA7EE0 /* MapKit.framework in Frameworks */,
				6B92CAA419A7461C004E8C9B /* CoreGraphics.framework in Frameworks */,
				6B92CAA619A7461C004E8C9B /* UIKit.framework in Frameworks */,
				6B92CAA219A7461C004E8C9B /* Foundation.framework in Frameworks */,
				3CE57D120A12410790CC58F0 /* libPods-entourage.a in Frameworks */,
			);
			runOnlyForDeploymentPostprocessing = 0;
		};
		6B92CABC19A7461C004E8C9B /* Frameworks */ = {
			isa = PBXFrameworksBuildPhase;
			buildActionMask = 2147483647;
			files = (
				6B92CAC119A7461C004E8C9B /* XCTest.framework in Frameworks */,
				6B92CAC319A7461C004E8C9B /* UIKit.framework in Frameworks */,
				6B92CAC219A7461C004E8C9B /* Foundation.framework in Frameworks */,
				5C822C5BF4546B8E89D80939 /* libPods-entourageTests.a in Frameworks */,
			);
			runOnlyForDeploymentPostprocessing = 0;
		};
/* End PBXFrameworksBuildPhase section */

/* Begin PBXGroup section */
		191FE91A19E93B4A00C56BCA /* Forum */ = {
			isa = PBXGroup;
			children = (
				191FE91B19E93B8C00C56BCA /* OTForumViewController.h */,
				191FE91C19E93B8C00C56BCA /* OTForumViewController.m */,
			);
			path = Forum;
			sourceTree = "<group>";
		};
		1D962C7219E9280800547687 /* Login */ = {
			isa = PBXGroup;
			children = (
				1DA682C719E7D097007BD4BC /* OTLoginViewController.h */,
				1DA682C819E7D097007BD4BC /* OTLoginViewController.m */,
			);
			name = Login;
			sourceTree = "<group>";
		};
		1DA682D519E7F130007BD4BC /* Helper */ = {
			isa = PBXGroup;
			children = (
				1D55D8D619E8514E006A2184 /* NSDictionary+Parsing.h */,
				1D55D8D719E8514E006A2184 /* NSDictionary+Parsing.m */,
				1DA682EA19E81483007BD4BC /* NSString+Validators.h */,
				1DA682EB19E81483007BD4BC /* NSString+Validators.m */,
				1DA682E619E80BE7007BD4BC /* NSUserDefaults+OT.h */,
				1DA682E719E80BE7007BD4BC /* NSUserDefaults+OT.m */,
			);
			name = Helper;
			sourceTree = "<group>";
		};
		3D6ACAA7335664BE2C3F900F /* Pods */ = {
			isa = PBXGroup;
			children = (
				611EAAEE6FD7C40D2D6901E0 /* Pods-entourage.debug.xcconfig */,
				C73A9D64DE47F808E1B2C0F4 /* Pods-entourage.release.xcconfig */,
				96211180E938D7D9F5B23AC5 /* Pods-entourageTests.debug.xcconfig */,
				E54D38E2663076C6388D22C9 /* Pods-entourageTests.release.xcconfig */,
			);
			name = Pods;
			sourceTree = "<group>";
		};
		6B1A846E19E8110B0020FB93 /* Service */ = {
			isa = PBXGroup;
			children = (
				1D962C6F19E9277D00547687 /* OTAuthService.h */,
				1D962C7019E9277D00547687 /* OTAuthService.m */,
				6B1A846F19E811210020FB93 /* OTPoiService.h */,
				6B1A847019E811210020FB93 /* OTPoiService.m */,
			);
			path = Service;
			sourceTree = "<group>";
		};
		6B1A847519E81F770020FB93 /* Service */ = {
			isa = PBXGroup;
			children = (
				6B1A847619E81F8E0020FB93 /* OTPoiServiceTest.m */,
			);
			path = Service;
			sourceTree = "<group>";
		};
		6B4930C319A773C500DA7EE0 /* Assets */ = {
			isa = PBXGroup;
			children = (
				DBBE8AA319E83CB600FA218E /* Design */,
				DBE9EF4419E7EE5700031144 /* Fonts */,
				A816F83519E80D3C003EEF86 /* Localizable.strings */,
			);
			path = Assets;
			sourceTree = "<group>";
		};
		6B4930C419A773C500DA7EE0 /* Classes */ = {
			isa = PBXGroup;
			children = (
				6B4930E019A77DFE00DA7EE0 /* Model */,
				6B4930C719A773C500DA7EE0 /* Controller */,
				A8E10FAB19E82A1500DF4A01 /* View */,
				6B1A846E19E8110B0020FB93 /* Service */,
				6B4930DC19A77C2F00DA7EE0 /* Manager */,
				6BFE639519E7E85D00C661AB /* Utils */,
				1DA682D519E7F130007BD4BC /* Helper */,
				6B4930CA19A773C500DA7EE0 /* OTAppDelegate.h */,
				6B4930CB19A773C500DA7EE0 /* OTAppDelegate.m */,
				1D55D8CF19E82B6C006A2184 /* Main.storyboard */,
			);
			path = Classes;
			sourceTree = "<group>";
		};
		6B4930C719A773C500DA7EE0 /* Controller */ = {
			isa = PBXGroup;
			children = (
				1D962C7219E9280800547687 /* Login */,
				DBBE8AD319E85E9000FA218E /* MyMeetings */,
				DBBE8ACB19E83CCE00FA218E /* Map */,
				191FE91A19E93B4A00C56BCA /* Forum */,
				DBE9EF2919E7D71C00031144 /* Menu */,
				191FE91719E935F000C56BCA /* OTNotImplementedViewController.h */,
				191FE91819E935F000C56BCA /* OTNotImplementedViewController.m */,
			);
			path = Controller;
			sourceTree = "<group>";
		};
		6B4930CF19A773EC00DA7EE0 /* Assets */ = {
			isa = PBXGroup;
			children = (
				6B4930DA19A779F200DA7EE0 /* poi_mock.json */,
				6B89EF9E19E7E8B6008F2600 /* poi_category_mock.json */,
				6B1A847819E822150020FB93 /* pois_categories_mock.json */,
			);
			path = Assets;
			sourceTree = "<group>";
		};
		6B4930D019A773EC00DA7EE0 /* Classes */ = {
			isa = PBXGroup;
			children = (
				DBBE8ADF19E8723700FA218E /* OTAppDelegateTests.m */,
				6B4930D119A773EC00DA7EE0 /* Helper */,
				6B4930D219A773EC00DA7EE0 /* Model */,
				DBBE8AE119E873C500FA218E /* Controller */,
				DBBE8AE419E873C500FA218E /* View */,
				6B1A847519E81F770020FB93 /* Service */,
			);
			path = Classes;
			sourceTree = "<group>";
		};
		6B4930D119A773EC00DA7EE0 /* Helper */ = {
			isa = PBXGroup;
			children = (
				6B4930D719A7793200DA7EE0 /* OTTestHelper.h */,
				6B4930D819A7793200DA7EE0 /* OTTestHelper.m */,
			);
			path = Helper;
			sourceTree = "<group>";
		};
		6B4930D219A773EC00DA7EE0 /* Model */ = {
			isa = PBXGroup;
			children = (
				DBBE8AD719E8651C00FA218E /* Menu */,
				6B4930D319A773EC00DA7EE0 /* OTPoiTest.m */,
				6B89EFA019E7E8BE008F2600 /* OTPoiCategoryTest.m */,
			);
			path = Model;
			sourceTree = "<group>";
		};
		6B4930DC19A77C2F00DA7EE0 /* Manager */ = {
			isa = PBXGroup;
			children = (
				6B4930DD19A77C2F00DA7EE0 /* OTHTTPRequestManager.h */,
				6B4930DE19A77C2F00DA7EE0 /* OTHTTPRequestManager.m */,
			);
			path = Manager;
			sourceTree = "<group>";
		};
		6B4930E019A77DFE00DA7EE0 /* Model */ = {
			isa = PBXGroup;
			children = (
				DBBE8ADA19E8655B00FA218E /* Menu */,
				6B4930E119A77E1D00DA7EE0 /* OTPoi.h */,
				6B4930E219A77E1D00DA7EE0 /* OTPoi.m */,
				6BFE639219E7E85400C661AB /* OTPoiCategory.h */,
				6BFE639319E7E85400C661AB /* OTPoiCategory.m */,
				1D55D8D219E84E9B006A2184 /* OTUser.h */,
				1D55D8D319E84E9B006A2184 /* OTUser.m */,
			);
			path = Model;
			sourceTree = "<group>";
		};
		6B92CA9519A7461C004E8C9B = {
			isa = PBXGroup;
			children = (
				6B92CAA719A7461C004E8C9B /* entourage */,
				6B92CAC619A7461C004E8C9B /* entourageTests */,
				6B92CAA019A7461C004E8C9B /* Frameworks */,
				6B92CA9F19A7461C004E8C9B /* Products */,
				3D6ACAA7335664BE2C3F900F /* Pods */,
			);
			sourceTree = "<group>";
		};
		6B92CA9F19A7461C004E8C9B /* Products */ = {
			isa = PBXGroup;
			children = (
				6B92CA9E19A7461C004E8C9B /* entourage.app */,
				6B92CABF19A7461C004E8C9B /* entourageTests.xctest */,
			);
			name = Products;
			sourceTree = "<group>";
		};
		6B92CAA019A7461C004E8C9B /* Frameworks */ = {
			isa = PBXGroup;
			children = (
				6B4930BD19A769EB00DA7EE0 /* MapKit.framework */,
				6B92CAA119A7461C004E8C9B /* Foundation.framework */,
				6B92CAA319A7461C004E8C9B /* CoreGraphics.framework */,
				6B92CAA519A7461C004E8C9B /* UIKit.framework */,
				6B92CAC019A7461C004E8C9B /* XCTest.framework */,
				7B26FE3EE0C7470099733881 /* libPods-entourage.a */,
				2E118F5FD1F403E5EE48B2C6 /* libPods-entourageTests.a */,
			);
			name = Frameworks;
			sourceTree = "<group>";
		};
		6B92CAA719A7461C004E8C9B /* entourage */ = {
			isa = PBXGroup;
			children = (
				6B4930C319A773C500DA7EE0 /* Assets */,
				6B4930C419A773C500DA7EE0 /* Classes */,
				6B92CAB919A7461C004E8C9B /* Images.xcassets */,
				6B92CAA819A7461C004E8C9B /* Supporting Files */,
			);
			path = entourage;
			sourceTree = "<group>";
		};
		6B92CAA819A7461C004E8C9B /* Supporting Files */ = {
			isa = PBXGroup;
			children = (
				6B92CAA919A7461C004E8C9B /* entourage-Info.plist */,
				6B92CAAA19A7461C004E8C9B /* InfoPlist.strings */,
				6B92CAAD19A7461C004E8C9B /* main.m */,
				6B92CAAF19A7461C004E8C9B /* entourage-Prefix.pch */,
			);
			name = "Supporting Files";
			sourceTree = "<group>";
		};
		6B92CAC619A7461C004E8C9B /* entourageTests */ = {
			isa = PBXGroup;
			children = (
				6B4930CF19A773EC00DA7EE0 /* Assets */,
				6B4930D019A773EC00DA7EE0 /* Classes */,
				6B92CAC719A7461C004E8C9B /* Supporting Files */,
			);
			path = entourageTests;
			sourceTree = "<group>";
		};
		6B92CAC719A7461C004E8C9B /* Supporting Files */ = {
			isa = PBXGroup;
			children = (
				6B92CAC819A7461C004E8C9B /* entourageTests-Info.plist */,
				6B92CAC919A7461C004E8C9B /* InfoPlist.strings */,
			);
			name = "Supporting Files";
			sourceTree = "<group>";
		};
		6BFE639519E7E85D00C661AB /* Utils */ = {
			isa = PBXGroup;
			children = (
				DBE9EF4F19E7EFA200031144 /* UIFont+entourage.h */,
				DBE9EF5019E7EFA200031144 /* UIFont+entourage.m */,
				6B1A847219E8143F0020FB93 /* NSDictionary+Parsing.h */,
				6B1A847319E814460020FB93 /* NSDictionary+Parsing.m */,
			);
			path = Utils;
			sourceTree = "<group>";
		};
		A8E10FAB19E82A1500DF4A01 /* View */ = {
			isa = PBXGroup;
			children = (
				DBBE8ACF19E857F000FA218E /* Menu */,
				A8E10FAC19E82A4800DF4A01 /* OTCustomAnnotation.h */,
				A8E10FAD19E82A4800DF4A01 /* OTCustomAnnotation.m */,
			);
			path = View;
			sourceTree = "<group>";
		};
		DBBE8AA319E83CB600FA218E /* Design */ = {
			isa = PBXGroup;
			children = (
				DBBE8AA419E83CB600FA218E /* Common */,
				DBBE8AA719E83CB600FA218E /* Menu */,
				DBBE8AAC19E83CB600FA218E /* picto category */,
			);
			path = Design;
			sourceTree = "<group>";
		};
		DBBE8AA419E83CB600FA218E /* Common */ = {
			isa = PBXGroup;
			children = (
				1DA2911419E937760098C01E /* background-button.png */,
				1DA2911219E92F260098C01E /* logo.png */,
				DBBE8AA519E83CB600FA218E /* bg-top-header.png */,
				DBBE8AA619E83CB600FA218E /* bg-top-header@2x.png */,
			);
			path = Common;
			sourceTree = "<group>";
		};
		DBBE8AA719E83CB600FA218E /* Menu */ = {
			isa = PBXGroup;
			children = (
				DBBE8AA819E83CB600FA218E /* ic_menu.png */,
				DBBE8AA919E83CB600FA218E /* ic_menu@2x.png */,
				DBBE8AAA19E83CB600FA218E /* menu_background.png */,
				DBBE8AAB19E83CB600FA218E /* menu_background@2x.png */,
			);
			path = Menu;
			sourceTree = "<group>";
		};
		DBBE8AAC19E83CB600FA218E /* picto category */ = {
			isa = PBXGroup;
			children = (
				DBBE8AAD19E83CB600FA218E /* poi_category-1.png */,
				DBBE8AAE19E83CB600FA218E /* poi_category-1@2x.png */,
				DBBE8AAF19E83CB600FA218E /* poi_category-2.png */,
				DBBE8AB019E83CB600FA218E /* poi_category-2@2x.png */,
				DBBE8AB119E83CB600FA218E /* poi_category-3.png */,
				DBBE8AB219E83CB600FA218E /* poi_category-3@2x.png */,
				DBBE8AB319E83CB600FA218E /* poi_category-4.png */,
				DBBE8AB419E83CB600FA218E /* poi_category-4@2x.png */,
				DBBE8AB519E83CB600FA218E /* poi_category-5.png */,
				DBBE8AB619E83CB600FA218E /* poi_category-5@2x.png */,
				DBBE8AB719E83CB600FA218E /* poi_category-6.png */,
				DBBE8AB819E83CB600FA218E /* poi_category-6@2x.png */,
			);
			path = "picto category";
			sourceTree = "<group>";
		};
		DBBE8ACB19E83CCE00FA218E /* Map */ = {
			isa = PBXGroup;
			children = (
				6B4930C819A773C500DA7EE0 /* OTMapViewController.h */,
				6B4930C919A773C500DA7EE0 /* OTMapViewController.m */,
				A87D6AF419E8740E007ACA29 /* OTCalloutViewController.h */,
				A87D6AF519E8740E007ACA29 /* OTCalloutViewController.m */,
			);
			name = Map;
			sourceTree = "<group>";
		};
		DBBE8ACF19E857F000FA218E /* Menu */ = {
			isa = PBXGroup;
			children = (
				DBBE8AD019E8580200FA218E /* OTMenuTableViewCell.h */,
				DBBE8AD119E8580200FA218E /* OTMenuTableViewCell.m */,
			);
			name = Menu;
			sourceTree = "<group>";
		};
		DBBE8AD319E85E9000FA218E /* MyMeetings */ = {
			isa = PBXGroup;
			children = (
				DBBE8AD419E85EA400FA218E /* OTMyMeetingsViewController.h */,
				DBBE8AD519E85EA400FA218E /* OTMyMeetingsViewController.m */,
			);
			name = MyMeetings;
			sourceTree = "<group>";
		};
		DBBE8AD719E8651C00FA218E /* Menu */ = {
			isa = PBXGroup;
			children = (
				DBBE8AD819E8652B00FA218E /* OTMenuItemTests.m */,
			);
			name = Menu;
			sourceTree = "<group>";
		};
		DBBE8ADA19E8655B00FA218E /* Menu */ = {
			isa = PBXGroup;
			children = (
				DBBE8ACC19E857A800FA218E /* OTMenuItem.h */,
				DBBE8ACD19E857A800FA218E /* OTMenuItem.m */,
			);
			name = Menu;
			sourceTree = "<group>";
		};
		DBBE8AE119E873C500FA218E /* Controller */ = {
			isa = PBXGroup;
			children = (
				DBBE8AE919E873CA00FA218E /* Menu */,
				DBBE8AE219E873C500FA218E /* OTMapViewControllerTests.m */,
			);
			path = Controller;
			sourceTree = "<group>";
		};
		DBBE8AE419E873C500FA218E /* View */ = {
			isa = PBXGroup;
			children = (
				DBBE8AEA19E873D100FA218E /* Menu */,
			);
			path = View;
			sourceTree = "<group>";
		};
		DBBE8AE919E873CA00FA218E /* Menu */ = {
			isa = PBXGroup;
			children = (
				DBBE8AE319E873C500FA218E /* OTMenuViewControllerTests.m */,
			);
			name = Menu;
			sourceTree = "<group>";
		};
		DBBE8AEA19E873D100FA218E /* Menu */ = {
			isa = PBXGroup;
			children = (
				DBBE8AE519E873C500FA218E /* OTMenuTableViewCellTests.m */,
			);
			name = Menu;
			sourceTree = "<group>";
		};
		DBE9EF2919E7D71C00031144 /* Menu */ = {
			isa = PBXGroup;
			children = (
				1DA682EF19E823C3007BD4BC /* OTSWRevealViewController.h */,
				1DA682F019E823C3007BD4BC /* OTSWRevealViewController.m */,
				DBE9EF3519E7DCCA00031144 /* UIViewController+menu.h */,
				DBE9EF3619E7DCCA00031144 /* UIViewController+menu.m */,
				DBE9EF2A19E7D73300031144 /* OTMenuViewController.h */,
				DBE9EF2B19E7D73300031144 /* OTMenuViewController.m */,
			);
			name = Menu;
			sourceTree = "<group>";
		};
		DBE9EF4419E7EE5700031144 /* Fonts */ = {
			isa = PBXGroup;
			children = (
				DBE9EF5219E7F2A800031144 /* Calibri-Bold-Italic.ttf */,
				DBE9EF5319E7F2A800031144 /* Calibri-Bold.ttf */,
				DBE9EF5419E7F2A800031144 /* Calibri-Italic.ttf */,
				DBE9EF5519E7F2A800031144 /* Calibri.ttf */,
				DBE9EF4919E7EE5700031144 /* Sofia-Regular.otf */,
			);
			path = Fonts;
			sourceTree = "<group>";
		};
/* End PBXGroup section */

/* Begin PBXNativeTarget section */
		6B92CA9D19A7461C004E8C9B /* entourage */ = {
			isa = PBXNativeTarget;
			buildConfigurationList = 6B92CAD019A7461C004E8C9B /* Build configuration list for PBXNativeTarget "entourage" */;
			buildPhases = (
				8447845D58724A5CA61AABA4 /* Check Pods Manifest.lock */,
				6B92CA9A19A7461C004E8C9B /* Sources */,
				6B92CA9B19A7461C004E8C9B /* Frameworks */,
				6B92CA9C19A7461C004E8C9B /* Resources */,
				9893A6C3CA40422E81C17B55 /* Copy Pods Resources */,
			);
			buildRules = (
			);
			dependencies = (
			);
			name = entourage;
			productName = entourage;
			productReference = 6B92CA9E19A7461C004E8C9B /* entourage.app */;
			productType = "com.apple.product-type.application";
		};
		6B92CABE19A7461C004E8C9B /* entourageTests */ = {
			isa = PBXNativeTarget;
			buildConfigurationList = 6B92CAD319A7461C004E8C9B /* Build configuration list for PBXNativeTarget "entourageTests" */;
			buildPhases = (
				EA2C8874247C3400CC05B210 /* Check Pods Manifest.lock */,
				6B92CABB19A7461C004E8C9B /* Sources */,
				6B92CABC19A7461C004E8C9B /* Frameworks */,
				6B92CABD19A7461C004E8C9B /* Resources */,
				F31EA7ACC34E7ECD786F016A /* Copy Pods Resources */,
			);
			buildRules = (
			);
			dependencies = (
				6B92CAC519A7461C004E8C9B /* PBXTargetDependency */,
			);
			name = entourageTests;
			productName = entourageTests;
			productReference = 6B92CABF19A7461C004E8C9B /* entourageTests.xctest */;
			productType = "com.apple.product-type.bundle.unit-test";
		};
/* End PBXNativeTarget section */

/* Begin PBXProject section */
		6B92CA9619A7461C004E8C9B /* Project object */ = {
			isa = PBXProject;
			attributes = {
				CLASSPREFIX = OT;
				LastUpgradeCheck = 0600;
				ORGANIZATIONNAME = "OCTO Technology";
				TargetAttributes = {
					6B92CA9D19A7461C004E8C9B = {
						DevelopmentTeam = 7MA98J2NRQ;
					};
					6B92CABE19A7461C004E8C9B = {
						TestTargetID = 6B92CA9D19A7461C004E8C9B;
					};
				};
			};
			buildConfigurationList = 6B92CA9919A7461C004E8C9B /* Build configuration list for PBXProject "entourage" */;
			compatibilityVersion = "Xcode 3.2";
			developmentRegion = English;
			hasScannedForEncodings = 0;
			knownRegions = (
				en,
				Base,
			);
			mainGroup = 6B92CA9519A7461C004E8C9B;
			productRefGroup = 6B92CA9F19A7461C004E8C9B /* Products */;
			projectDirPath = "";
			projectRoot = "";
			targets = (
				6B92CA9D19A7461C004E8C9B /* entourage */,
				6B92CABE19A7461C004E8C9B /* entourageTests */,
			);
		};
/* End PBXProject section */

/* Begin PBXResourcesBuildPhase section */
		6B92CA9C19A7461C004E8C9B /* Resources */ = {
			isa = PBXResourcesBuildPhase;
			buildActionMask = 2147483647;
			files = (
				DBBE8AC619E83CB600FA218E /* poi_category-4@2x.png in Resources */,
				DBBE8ABA19E83CB600FA218E /* bg-top-header@2x.png in Resources */,
				DBBE8ABB19E83CB600FA218E /* ic_menu.png in Resources */,
				DBBE8ABF19E83CB600FA218E /* poi_category-1.png in Resources */,
				DBBE8AC519E83CB600FA218E /* poi_category-4.png in Resources */,
				1DA2911519E937760098C01E /* background-button.png in Resources */,
				DBBE8ACA19E83CB600FA218E /* poi_category-6@2x.png in Resources */,
				DBE9EF4E19E7EE5700031144 /* Sofia-Regular.otf in Resources */,
				DBBE8A9719E81AF600FA218E /* Calibri-Bold.ttf in Resources */,
				DBBE8ABC19E83CB600FA218E /* ic_menu@2x.png in Resources */,
				DBBE8AC819E83CB600FA218E /* poi_category-5@2x.png in Resources */,
				DBBE8AC419E83CB600FA218E /* poi_category-3@2x.png in Resources */,
				DBBE8AC919E83CB600FA218E /* poi_category-6.png in Resources */,
				DBBE8A9619E81AF600FA218E /* Calibri-Bold-Italic.ttf in Resources */,
				DBBE8AC319E83CB600FA218E /* poi_category-3.png in Resources */,
				DBBE8ABE19E83CB600FA218E /* menu_background@2x.png in Resources */,
				6B92CABA19A7461C004E8C9B /* Images.xcassets in Resources */,
				DBBE8AC219E83CB600FA218E /* poi_category-2@2x.png in Resources */,
				DBBE8AB919E83CB600FA218E /* bg-top-header.png in Resources */,
				DBBE8A9819E81AF600FA218E /* Calibri-Italic.ttf in Resources */,
				191FE91619E9285800C56BCA /* InfoPlist.strings in Resources */,
				DBBE8AC019E83CB600FA218E /* poi_category-1@2x.png in Resources */,
				DBBE8AC719E83CB600FA218E /* poi_category-5.png in Resources */,
				DBBE8AC119E83CB600FA218E /* poi_category-2.png in Resources */,
				DBBE8ABD19E83CB600FA218E /* menu_background.png in Resources */,
				A816F83619E80D3C003EEF86 /* Localizable.strings in Resources */,
				DBBE8A9919E81AF600FA218E /* Calibri.ttf in Resources */,
				1DA2911319E92F260098C01E /* logo.png in Resources */,
				1DA682EE19E81C65007BD4BC /* InfoPlist.strings in Resources */,
				A816F83619E80D3C003EEF86 /* Localizable.strings in Resources */,
				1D55D8D119E82B6C006A2184 /* Main.storyboard in Resources */,
			);
			runOnlyForDeploymentPostprocessing = 0;
		};
		6B92CABD19A7461C004E8C9B /* Resources */ = {
			isa = PBXResourcesBuildPhase;
			buildActionMask = 2147483647;
			files = (
				6B4930DB19A779F200DA7EE0 /* poi_mock.json in Resources */,
				6B89EF9F19E7E8B6008F2600 /* poi_category_mock.json in Resources */,
				6B1A847919E822150020FB93 /* pois_categories_mock.json in Resources */,
				6B92CACB19A7461C004E8C9B /* InfoPlist.strings in Resources */,
			);
			runOnlyForDeploymentPostprocessing = 0;
		};
/* End PBXResourcesBuildPhase section */

/* Begin PBXShellScriptBuildPhase section */
		8447845D58724A5CA61AABA4 /* Check Pods Manifest.lock */ = {
			isa = PBXShellScriptBuildPhase;
			buildActionMask = 2147483647;
			files = (
			);
			inputPaths = (
			);
			name = "Check Pods Manifest.lock";
			outputPaths = (
			);
			runOnlyForDeploymentPostprocessing = 0;
			shellPath = /bin/sh;
			shellScript = "diff \"${PODS_ROOT}/../Podfile.lock\" \"${PODS_ROOT}/Manifest.lock\" > /dev/null\nif [[ $? != 0 ]] ; then\n    cat << EOM\nerror: The sandbox is not in sync with the Podfile.lock. Run 'pod install' or update your CocoaPods installation.\nEOM\n    exit 1\nfi\n";
			showEnvVarsInLog = 0;
		};
		9893A6C3CA40422E81C17B55 /* Copy Pods Resources */ = {
			isa = PBXShellScriptBuildPhase;
			buildActionMask = 2147483647;
			files = (
			);
			inputPaths = (
			);
			name = "Copy Pods Resources";
			outputPaths = (
			);
			runOnlyForDeploymentPostprocessing = 0;
			shellPath = /bin/sh;
			shellScript = "\"${SRCROOT}/Pods/Target Support Files/Pods-entourage/Pods-entourage-resources.sh\"\n";
			showEnvVarsInLog = 0;
		};
		EA2C8874247C3400CC05B210 /* Check Pods Manifest.lock */ = {
			isa = PBXShellScriptBuildPhase;
			buildActionMask = 2147483647;
			files = (
			);
			inputPaths = (
			);
			name = "Check Pods Manifest.lock";
			outputPaths = (
			);
			runOnlyForDeploymentPostprocessing = 0;
			shellPath = /bin/sh;
			shellScript = "diff \"${PODS_ROOT}/../Podfile.lock\" \"${PODS_ROOT}/Manifest.lock\" > /dev/null\nif [[ $? != 0 ]] ; then\n    cat << EOM\nerror: The sandbox is not in sync with the Podfile.lock. Run 'pod install' or update your CocoaPods installation.\nEOM\n    exit 1\nfi\n";
			showEnvVarsInLog = 0;
		};
		F31EA7ACC34E7ECD786F016A /* Copy Pods Resources */ = {
			isa = PBXShellScriptBuildPhase;
			buildActionMask = 2147483647;
			files = (
			);
			inputPaths = (
			);
			name = "Copy Pods Resources";
			outputPaths = (
			);
			runOnlyForDeploymentPostprocessing = 0;
			shellPath = /bin/sh;
			shellScript = "\"${SRCROOT}/Pods/Target Support Files/Pods-entourageTests/Pods-entourageTests-resources.sh\"\n";
			showEnvVarsInLog = 0;
		};
/* End PBXShellScriptBuildPhase section */

/* Begin PBXSourcesBuildPhase section */
		6B92CA9A19A7461C004E8C9B /* Sources */ = {
			isa = PBXSourcesBuildPhase;
			buildActionMask = 2147483647;
			files = (
				A87D6AF319E84683007ACA29 /* OTCustomAnnotation.m in Sources */,
				6B4930DF19A77C2F00DA7EE0 /* OTHTTPRequestManager.m in Sources */,
				6B1A847119E811210020FB93 /* OTPoiService.m in Sources */,
				DBBE8AD619E85EA400FA218E /* OTMyMeetingsViewController.m in Sources */,
				DBBE8AD219E8580200FA218E /* OTMenuTableViewCell.m in Sources */,
				191FE91D19E93B8C00C56BCA /* OTForumViewController.m in Sources */,
				A8B3825819E9466700CF7184 /* OTLoginViewController.m in Sources */,
				6B4930CD19A773C500DA7EE0 /* OTMapViewController.m in Sources */,
				DBE9EF2C19E7D73300031144 /* OTMenuViewController.m in Sources */,
				6BFE639419E7E85400C661AB /* OTPoiCategory.m in Sources */,
				1D962C7119E9277D00547687 /* OTAuthService.m in Sources */,
				6B4930E319A77E1D00DA7EE0 /* OTPoi.m in Sources */,
				1D55D8D419E84E9B006A2184 /* OTUser.m in Sources */,
				191FE91919E935F000C56BCA /* OTNotImplementedViewController.m in Sources */,
				DBE9EF5119E7EFA200031144 /* UIFont+entourage.m in Sources */,
				6B1A847419E814460020FB93 /* NSDictionary+Parsing.m in Sources */,
				1DA682F119E823C3007BD4BC /* OTSWRevealViewController.m in Sources */,
				DBE9EF3719E7DCCA00031144 /* UIViewController+menu.m in Sources */,
				1D55D8D819E8514E006A2184 /* NSDictionary+Parsing.m in Sources */,
				1DA682E819E80BE7007BD4BC /* NSUserDefaults+OT.m in Sources */,
				1DA682EC19E81483007BD4BC /* NSString+Validators.m in Sources */,
				A87D6AF619E8740E007ACA29 /* OTCalloutViewController.m in Sources */,
				6B4930CE19A773C500DA7EE0 /* OTAppDelegate.m in Sources */,
				6B92CAAE19A7461C004E8C9B /* main.m in Sources */,
				DBBE8ACE19E857A800FA218E /* OTMenuItem.m in Sources */,
			);
			runOnlyForDeploymentPostprocessing = 0;
		};
		6B92CABB19A7461C004E8C9B /* Sources */ = {
			isa = PBXSourcesBuildPhase;
			buildActionMask = 2147483647;
			files = (
				DBBE8AE719E873C500FA218E /* OTMenuViewControllerTests.m in Sources */,
				6B4930D919A7793200DA7EE0 /* OTTestHelper.m in Sources */,
				6B1A847719E81F8E0020FB93 /* OTPoiServiceTest.m in Sources */,
				DBBE8AE819E873C500FA218E /* OTMenuTableViewCellTests.m in Sources */,
				6B4930D419A773EC00DA7EE0 /* OTPoiTest.m in Sources */,
				DBBE8AE019E8723700FA218E /* OTAppDelegateTests.m in Sources */,
				6B89EFA119E7E8BE008F2600 /* OTPoiCategoryTest.m in Sources */,
				DBBE8AD919E8652B00FA218E /* OTMenuItemTests.m in Sources */,
				DBBE8AE619E873C500FA218E /* OTMapViewControllerTests.m in Sources */,
				6B89EFA119E7E8BE008F2600 /* OTPoiCategoryTest.m in Sources */,
				1DA682ED19E81483007BD4BC /* NSString+Validators.m in Sources */,
				1DA682F219E823C3007BD4BC /* OTSWRevealViewController.m in Sources */,
				1DA682E119E7F1F4007BD4BC /* OTAuthService.m in Sources */,
				6B4930D919A7793200DA7EE0 /* OTTestHelper.m in Sources */,
				1DA682E919E80BE7007BD4BC /* NSUserDefaults+OT.m in Sources */,
				1D55D8D519E84E9B006A2184 /* OTUser.m in Sources */,
				6B4930D419A773EC00DA7EE0 /* OTPoiTest.m in Sources */,
				1D55D8D919E8514E006A2184 /* NSDictionary+Parsing.m in Sources */,
			);
			runOnlyForDeploymentPostprocessing = 0;
		};
/* End PBXSourcesBuildPhase section */

/* Begin PBXTargetDependency section */
		6B92CAC519A7461C004E8C9B /* PBXTargetDependency */ = {
			isa = PBXTargetDependency;
			target = 6B92CA9D19A7461C004E8C9B /* entourage */;
			targetProxy = 6B92CAC419A7461C004E8C9B /* PBXContainerItemProxy */;
		};
/* End PBXTargetDependency section */

/* Begin PBXVariantGroup section */
		1D55D8CF19E82B6C006A2184 /* Main.storyboard */ = {
			isa = PBXVariantGroup;
			children = (
				1D55D8D019E82B6C006A2184 /* Base */,
			);
			name = Main.storyboard;
			sourceTree = "<group>";
		};
		6B92CAAA19A7461C004E8C9B /* InfoPlist.strings */ = {
			isa = PBXVariantGroup;
			children = (
				6B92CAAB19A7461C004E8C9B /* en */,
			);
			name = InfoPlist.strings;
			sourceTree = "<group>";
		};
		6B92CAC919A7461C004E8C9B /* InfoPlist.strings */ = {
			isa = PBXVariantGroup;
			children = (
				6B92CACA19A7461C004E8C9B /* en */,
			);
			name = InfoPlist.strings;
			sourceTree = "<group>";
		};
/* End PBXVariantGroup section */

/* Begin XCBuildConfiguration section */
		6B92CACE19A7461C004E8C9B /* Debug */ = {
			isa = XCBuildConfiguration;
			buildSettings = {
				ALWAYS_SEARCH_USER_PATHS = NO;
				CLANG_CXX_LANGUAGE_STANDARD = "gnu++0x";
				CLANG_CXX_LIBRARY = "libc++";
				CLANG_ENABLE_MODULES = YES;
				CLANG_ENABLE_OBJC_ARC = YES;
				CLANG_WARN_BOOL_CONVERSION = YES;
				CLANG_WARN_CONSTANT_CONVERSION = YES;
				CLANG_WARN_DIRECT_OBJC_ISA_USAGE = YES_ERROR;
				CLANG_WARN_EMPTY_BODY = YES;
				CLANG_WARN_ENUM_CONVERSION = YES;
				CLANG_WARN_INT_CONVERSION = YES;
				CLANG_WARN_OBJC_ROOT_CLASS = YES_ERROR;
				CLANG_WARN__DUPLICATE_METHOD_MATCH = YES;
				"CODE_SIGN_IDENTITY[sdk=iphoneos*]" = "iPhone Developer";
				COPY_PHASE_STRIP = NO;
				GCC_C_LANGUAGE_STANDARD = gnu99;
				GCC_DYNAMIC_NO_PIC = NO;
				GCC_OPTIMIZATION_LEVEL = 0;
				GCC_PREPROCESSOR_DEFINITIONS = (
					"DEBUG=1",
					"$(inherited)",
				);
				GCC_SYMBOLS_PRIVATE_EXTERN = NO;
				GCC_WARN_64_TO_32_BIT_CONVERSION = YES;
				GCC_WARN_ABOUT_RETURN_TYPE = YES_ERROR;
				GCC_WARN_UNDECLARED_SELECTOR = YES;
				GCC_WARN_UNINITIALIZED_AUTOS = YES_AGGRESSIVE;
				GCC_WARN_UNUSED_FUNCTION = YES;
				GCC_WARN_UNUSED_VARIABLE = YES;
				IPHONEOS_DEPLOYMENT_TARGET = 7.1;
				ONLY_ACTIVE_ARCH = YES;
				SDKROOT = iphoneos;
			};
			name = Debug;
		};
		6B92CACF19A7461C004E8C9B /* Release */ = {
			isa = XCBuildConfiguration;
			buildSettings = {
				ALWAYS_SEARCH_USER_PATHS = NO;
				CLANG_CXX_LANGUAGE_STANDARD = "gnu++0x";
				CLANG_CXX_LIBRARY = "libc++";
				CLANG_ENABLE_MODULES = YES;
				CLANG_ENABLE_OBJC_ARC = YES;
				CLANG_WARN_BOOL_CONVERSION = YES;
				CLANG_WARN_CONSTANT_CONVERSION = YES;
				CLANG_WARN_DIRECT_OBJC_ISA_USAGE = YES_ERROR;
				CLANG_WARN_EMPTY_BODY = YES;
				CLANG_WARN_ENUM_CONVERSION = YES;
				CLANG_WARN_INT_CONVERSION = YES;
				CLANG_WARN_OBJC_ROOT_CLASS = YES_ERROR;
				CLANG_WARN__DUPLICATE_METHOD_MATCH = YES;
				"CODE_SIGN_IDENTITY[sdk=iphoneos*]" = "iPhone Developer";
				COPY_PHASE_STRIP = YES;
				ENABLE_NS_ASSERTIONS = NO;
				GCC_C_LANGUAGE_STANDARD = gnu99;
				GCC_WARN_64_TO_32_BIT_CONVERSION = YES;
				GCC_WARN_ABOUT_RETURN_TYPE = YES_ERROR;
				GCC_WARN_UNDECLARED_SELECTOR = YES;
				GCC_WARN_UNINITIALIZED_AUTOS = YES_AGGRESSIVE;
				GCC_WARN_UNUSED_FUNCTION = YES;
				GCC_WARN_UNUSED_VARIABLE = YES;
				IPHONEOS_DEPLOYMENT_TARGET = 7.1;
				SDKROOT = iphoneos;
				VALIDATE_PRODUCT = YES;
			};
			name = Release;
		};
		6B92CAD119A7461C004E8C9B /* Debug */ = {
			isa = XCBuildConfiguration;
			baseConfigurationReference = 611EAAEE6FD7C40D2D6901E0 /* Pods-entourage.debug.xcconfig */;
			buildSettings = {
				ASSETCATALOG_COMPILER_APPICON_NAME = AppIcon;
				ASSETCATALOG_COMPILER_LAUNCHIMAGE_NAME = LaunchImage;
				CODE_SIGN_IDENTITY = "iPhone Developer";
				GCC_PRECOMPILE_PREFIX_HEADER = YES;
				GCC_PREFIX_HEADER = "entourage/entourage-Prefix.pch";
				INFOPLIST_FILE = "entourage/entourage-Info.plist";
				IPHONEOS_DEPLOYMENT_TARGET = 7.0;
				PRODUCT_NAME = "$(TARGET_NAME)";
				PROVISIONING_PROFILE = "";
				WRAPPER_EXTENSION = app;
			};
			name = Debug;
		};
		6B92CAD219A7461C004E8C9B /* Release */ = {
			isa = XCBuildConfiguration;
			baseConfigurationReference = C73A9D64DE47F808E1B2C0F4 /* Pods-entourage.release.xcconfig */;
			buildSettings = {
				ASSETCATALOG_COMPILER_APPICON_NAME = AppIcon;
				ASSETCATALOG_COMPILER_LAUNCHIMAGE_NAME = LaunchImage;
				CODE_SIGN_IDENTITY = "iPhone Distribution";
				GCC_PRECOMPILE_PREFIX_HEADER = YES;
				GCC_PREFIX_HEADER = "entourage/entourage-Prefix.pch";
				INFOPLIST_FILE = "entourage/entourage-Info.plist";
				IPHONEOS_DEPLOYMENT_TARGET = 7.0;
				PRODUCT_NAME = "$(TARGET_NAME)";
				PROVISIONING_PROFILE = "";
				WRAPPER_EXTENSION = app;
			};
			name = Release;
		};
		6B92CAD419A7461C004E8C9B /* Debug */ = {
			isa = XCBuildConfiguration;
			baseConfigurationReference = 96211180E938D7D9F5B23AC5 /* Pods-entourageTests.debug.xcconfig */;
			buildSettings = {
				BUNDLE_LOADER = "$(BUILT_PRODUCTS_DIR)/entourage.app/entourage";
				FRAMEWORK_SEARCH_PATHS = (
					"$(SDKROOT)/Developer/Library/Frameworks",
					"$(inherited)",
					"$(DEVELOPER_FRAMEWORKS_DIR)",
				);
				GCC_PRECOMPILE_PREFIX_HEADER = YES;
				GCC_PREFIX_HEADER = "entourage/entourage-Prefix.pch";
				GCC_PREPROCESSOR_DEFINITIONS = (
					"DEBUG=1",
					"$(inherited)",
				);
				INFOPLIST_FILE = "entourageTests/entourageTests-Info.plist";
				PRODUCT_NAME = "$(TARGET_NAME)";
				TEST_HOST = "$(BUNDLE_LOADER)";
				WRAPPER_EXTENSION = xctest;
			};
			name = Debug;
		};
		6B92CAD519A7461C004E8C9B /* Release */ = {
			isa = XCBuildConfiguration;
			baseConfigurationReference = E54D38E2663076C6388D22C9 /* Pods-entourageTests.release.xcconfig */;
			buildSettings = {
				BUNDLE_LOADER = "$(BUILT_PRODUCTS_DIR)/entourage.app/entourage";
				FRAMEWORK_SEARCH_PATHS = (
					"$(SDKROOT)/Developer/Library/Frameworks",
					"$(inherited)",
					"$(DEVELOPER_FRAMEWORKS_DIR)",
				);
				GCC_PRECOMPILE_PREFIX_HEADER = YES;
				GCC_PREFIX_HEADER = "entourage/entourage-Prefix.pch";
				INFOPLIST_FILE = "entourageTests/entourageTests-Info.plist";
				PRODUCT_NAME = "$(TARGET_NAME)";
				TEST_HOST = "$(BUNDLE_LOADER)";
				WRAPPER_EXTENSION = xctest;
			};
			name = Release;
		};
/* End XCBuildConfiguration section */

/* Begin XCConfigurationList section */
		6B92CA9919A7461C004E8C9B /* Build configuration list for PBXProject "entourage" */ = {
			isa = XCConfigurationList;
			buildConfigurations = (
				6B92CACE19A7461C004E8C9B /* Debug */,
				6B92CACF19A7461C004E8C9B /* Release */,
			);
			defaultConfigurationIsVisible = 0;
			defaultConfigurationName = Release;
		};
		6B92CAD019A7461C004E8C9B /* Build configuration list for PBXNativeTarget "entourage" */ = {
			isa = XCConfigurationList;
			buildConfigurations = (
				6B92CAD119A7461C004E8C9B /* Debug */,
				6B92CAD219A7461C004E8C9B /* Release */,
			);
			defaultConfigurationIsVisible = 0;
			defaultConfigurationName = Release;
		};
		6B92CAD319A7461C004E8C9B /* Build configuration list for PBXNativeTarget "entourageTests" */ = {
			isa = XCConfigurationList;
			buildConfigurations = (
				6B92CAD419A7461C004E8C9B /* Debug */,
				6B92CAD519A7461C004E8C9B /* Release */,
			);
			defaultConfigurationIsVisible = 0;
			defaultConfigurationName = Release;
		};
/* End XCConfigurationList section */
	};
	rootObject = 6B92CA9619A7461C004E8C9B /* Project object */;
}
